{
  "version": 4,
  "terraform_version": "0.12.29",
  "serial": 65,
  "lineage": "811afd43-a044-30a7-fb32-13f328ef5424",
  "outputs": {
    "DB_hostname": {
      "value": "drdb",
      "type": "string"
    },
    "InstancePrivateIP": {
      "value": "10.0.0.3",
      "type": "string"
    },
    "InstancePublicIP": {
      "value": "132.145.16.236",
      "type": "string"
    },
    "URL_for_Apex": {
      "value": "http://132.145.16.236:8443/ords/drpdb.db.drx1.oraclevcn.com",
      "type": "string"
    },
    "db_domain": {
      "value": "db.drx1.oraclevcn.com",
      "type": "string"
    },
    "db_ip": {
      "value": "10.0.4.2",
      "type": "string"
    },
    "dr_bastion": {
      "value": "130.61.77.103",
      "type": "string"
    },
    "dr_load_balancer": {
      "value": "158.101.179.65",
      "type": "string"
    },
    "primary_app_server_1": {
      "value": "10.0.3.2",
      "type": "string"
    },
    "primary_app_server_2": {
      "value": "10.0.3.3",
      "type": "string"
    },
    "primary_bastion": {
      "value": "132.145.68.149",
      "type": "string"
    },
    "primary_load_balancer": {
      "value": "132.145.65.236",
      "type": "string"
    }
  },
  "resources": [
    {
      "mode": "data",
      "type": "oci_core_images",
      "name": "DR_oraclelinux",
      "provider": "provider.oci.dr",
      "instances": [
        {
          "schema_version": 0,
          "attributes": {
            "compartment_id": "ocid1.compartment.oc1..aaaaaaaafofzhn5ni45serz4yqmweruxmxtkbhe2ie7b234u5hvfiwq6htnq",
            "display_name": null,
            "filter": [
              {
                "name": "display_name",
                "regex": true,
                "values": [
                  "^Oracle-Linux-7.8-([\\.0-9]+)-([\\.0-9-]+)$"
                ]
              }
            ],
            "id": "2020-09-02 16:08:02.015741284 +0000 UTC",
            "images": [
              {
                "agent_features": [],
                "base_image_id": "",
                "compartment_id": "",
                "create_image_allowed": true,
                "defined_tags": {},
                "display_name": "Oracle-Linux-7.8-2020.07.28-0",
                "freeform_tags": {},
                "id": "ocid1.image.oc1.eu-frankfurt-1.aaaaaaaahxue6crkdeevk75bzw63cmhh3c4uyqddcwov7mwlv7na4lkz7zla",
                "image_source_details": [],
                "instance_id": "",
                "launch_mode": "NATIVE",
                "launch_options": [
                  {
                    "boot_volume_type": "PARAVIRTUALIZED",
                    "firmware": "UEFI_64",
                    "is_consistent_volume_naming_enabled": true,
                    "is_pv_encryption_in_transit_enabled": true,
                    "network_type": "PARAVIRTUALIZED",
                    "remote_data_volume_type": "PARAVIRTUALIZED"
                  }
                ],
                "operating_system": "Oracle Linux",
                "operating_system_version": "7.8",
                "size_in_mbs": "47694",
                "state": "AVAILABLE",
                "time_created": "2020-07-29 18:00:18.164 +0000 UTC"
              },
              {
                "agent_features": [],
                "base_image_id": "",
                "compartment_id": "",
                "create_image_allowed": true,
                "defined_tags": {},
                "display_name": "Oracle-Linux-7.8-2020.06.30-0",
                "freeform_tags": {},
                "id": "ocid1.image.oc1.eu-frankfurt-1.aaaaaaaaulz7xiht632iidvdm4iezy33fofulmerq2nkllwnkjy335qkswza",
                "image_source_details": [],
                "instance_id": "",
                "launch_mode": "NATIVE",
                "launch_options": [
                  {
                    "boot_volume_type": "PARAVIRTUALIZED",
                    "firmware": "UEFI_64",
                    "is_consistent_volume_naming_enabled": true,
                    "is_pv_encryption_in_transit_enabled": true,
                    "network_type": "PARAVIRTUALIZED",
                    "remote_data_volume_type": "PARAVIRTUALIZED"
                  }
                ],
                "operating_system": "Oracle Linux",
                "operating_system_version": "7.8",
                "size_in_mbs": "47694",
                "state": "AVAILABLE",
                "time_created": "2020-06-30 23:36:10.299 +0000 UTC"
              },
              {
                "agent_features": [],
                "base_image_id": "",
                "compartment_id": "",
                "create_image_allowed": true,
                "defined_tags": {},
                "display_name": "Oracle-Linux-7.8-2020.06.09-0",
                "freeform_tags": {},
                "id": "ocid1.image.oc1.eu-frankfurt-1.aaaaaaaaoqvlhn5rykcekppqb4rddvkoz6667rho62q2teavlqemlcqvodca",
                "image_source_details": [],
                "instance_id": "",
                "launch_mode": "NATIVE",
                "launch_options": [
                  {
                    "boot_volume_type": "PARAVIRTUALIZED",
                    "firmware": "UEFI_64",
                    "is_consistent_volume_naming_enabled": true,
                    "is_pv_encryption_in_transit_enabled": true,
                    "network_type": "PARAVIRTUALIZED",
                    "remote_data_volume_type": "PARAVIRTUALIZED"
                  }
                ],
                "operating_system": "Oracle Linux",
                "operating_system_version": "7.8",
                "size_in_mbs": "47694",
                "state": "AVAILABLE",
                "time_created": "2020-06-05 23:12:52.768 +0000 UTC"
              },
              {
                "agent_features": [],
                "base_image_id": "",
                "compartment_id": "",
                "create_image_allowed": true,
                "defined_tags": {},
                "display_name": "Oracle-Linux-7.8-2020.05.26-0",
                "freeform_tags": {},
                "id": "ocid1.image.oc1.eu-frankfurt-1.aaaaaaaafjcegvwbd3qgin4unmtr5jm5gjhtcfxgnhjwodzewlja5zqm6eaq",
                "image_source_details": [],
                "instance_id": "",
                "launch_mode": "NATIVE",
                "launch_options": [
                  {
                    "boot_volume_type": "PARAVIRTUALIZED",
                    "firmware": "UEFI_64",
                    "is_consistent_volume_naming_enabled": true,
                    "is_pv_encryption_in_transit_enabled": true,
                    "network_type": "PARAVIRTUALIZED",
                    "remote_data_volume_type": "PARAVIRTUALIZED"
                  }
                ],
                "operating_system": "Oracle Linux",
                "operating_system_version": "7.8",
                "size_in_mbs": "47694",
                "state": "AVAILABLE",
                "time_created": "2020-05-28 22:56:53.846 +0000 UTC"
              },
              {
                "agent_features": [],
                "base_image_id": "",
                "compartment_id": "",
                "create_image_allowed": true,
                "defined_tags": {},
                "display_name": "Oracle-Linux-7.8-2020.04.17-0",
                "freeform_tags": {},
                "id": "ocid1.image.oc1.eu-frankfurt-1.aaaaaaaavz6p7tyrczcwd5uvq6x2wqkbwcrjjbuohbjomtzv32k5bq24rsha",
                "image_source_details": [],
                "instance_id": "",
                "launch_mode": "NATIVE",
                "launch_options": [
                  {
                    "boot_volume_type": "PARAVIRTUALIZED",
                    "firmware": "UEFI_64",
                    "is_consistent_volume_naming_enabled": true,
                    "is_pv_encryption_in_transit_enabled": true,
                    "network_type": "PARAVIRTUALIZED",
                    "remote_data_volume_type": "PARAVIRTUALIZED"
                  }
                ],
                "operating_system": "Oracle Linux",
                "operating_system_version": "7.8",
                "size_in_mbs": "47694",
                "state": "AVAILABLE",
                "time_created": "2020-04-20 23:58:59.687 +0000 UTC"
              }
            ],
            "operating_system": "Oracle Linux",
            "operating_system_version": "7.8",
            "shape": null,
            "sort_by": null,
            "sort_order": null,
            "state": null
          }
        }
      ]
    },
    {
      "mode": "data",
      "type": "oci_core_images",
      "name": "oraclelinux",
      "provider": "provider.oci",
      "instances": [
        {
          "schema_version": 0,
          "attributes": {
            "compartment_id": "ocid1.compartment.oc1..aaaaaaaafofzhn5ni45serz4yqmweruxmxtkbhe2ie7b234u5hvfiwq6htnq",
            "display_name": null,
            "filter": [
              {
                "name": "display_name",
                "regex": true,
                "values": [
                  "^Oracle-Linux-7.8-([\\.0-9]+)-([\\.0-9-]+)$"
                ]
              }
            ],
            "id": "2020-09-02 16:08:01.695452819 +0000 UTC",
            "images": [
              {
                "agent_features": [],
                "base_image_id": "",
                "compartment_id": "",
                "create_image_allowed": true,
                "defined_tags": {},
                "display_name": "Oracle-Linux-7.8-2020.07.28-0",
                "freeform_tags": {},
                "id": "ocid1.image.oc1.uk-london-1.aaaaaaaad3ykcml7uxbkl7oqxbnydtqslgg6oyz35ju5szz4lwttjxi36yua",
                "image_source_details": [],
                "instance_id": "",
                "launch_mode": "NATIVE",
                "launch_options": [
                  {
                    "boot_volume_type": "PARAVIRTUALIZED",
                    "firmware": "UEFI_64",
                    "is_consistent_volume_naming_enabled": true,
                    "is_pv_encryption_in_transit_enabled": true,
                    "network_type": "PARAVIRTUALIZED",
                    "remote_data_volume_type": "PARAVIRTUALIZED"
                  }
                ],
                "operating_system": "Oracle Linux",
                "operating_system_version": "7.8",
                "size_in_mbs": "47694",
                "state": "AVAILABLE",
                "time_created": "2020-07-29 17:55:45.174 +0000 UTC"
              },
              {
                "agent_features": [],
                "base_image_id": "",
                "compartment_id": "",
                "create_image_allowed": true,
                "defined_tags": {},
                "display_name": "Oracle-Linux-7.8-2020.06.30-0",
                "freeform_tags": {},
                "id": "ocid1.image.oc1.uk-london-1.aaaaaaaayt6ppuyj6q4dwb4pkkyy3llrhxntywewfk4ssd365d4cn22i6yxa",
                "image_source_details": [],
                "instance_id": "",
                "launch_mode": "NATIVE",
                "launch_options": [
                  {
                    "boot_volume_type": "PARAVIRTUALIZED",
                    "firmware": "UEFI_64",
                    "is_consistent_volume_naming_enabled": true,
                    "is_pv_encryption_in_transit_enabled": true,
                    "network_type": "PARAVIRTUALIZED",
                    "remote_data_volume_type": "PARAVIRTUALIZED"
                  }
                ],
                "operating_system": "Oracle Linux",
                "operating_system_version": "7.8",
                "size_in_mbs": "47694",
                "state": "AVAILABLE",
                "time_created": "2020-06-30 23:36:08.49 +0000 UTC"
              },
              {
                "agent_features": [],
                "base_image_id": "",
                "compartment_id": "",
                "create_image_allowed": true,
                "defined_tags": {},
                "display_name": "Oracle-Linux-7.8-2020.06.09-0",
                "freeform_tags": {},
                "id": "ocid1.image.oc1.uk-london-1.aaaaaaaa5aurvcnkb62nbtypjpudp5a33uwxfv7e2ixn7qfeczgrlz2itkla",
                "image_source_details": [],
                "instance_id": "",
                "launch_mode": "NATIVE",
                "launch_options": [
                  {
                    "boot_volume_type": "PARAVIRTUALIZED",
                    "firmware": "UEFI_64",
                    "is_consistent_volume_naming_enabled": true,
                    "is_pv_encryption_in_transit_enabled": true,
                    "network_type": "PARAVIRTUALIZED",
                    "remote_data_volume_type": "PARAVIRTUALIZED"
                  }
                ],
                "operating_system": "Oracle Linux",
                "operating_system_version": "7.8",
                "size_in_mbs": "47694",
                "state": "AVAILABLE",
                "time_created": "2020-06-05 23:12:56.405 +0000 UTC"
              },
              {
                "agent_features": [],
                "base_image_id": "",
                "compartment_id": "",
                "create_image_allowed": true,
                "defined_tags": {},
                "display_name": "Oracle-Linux-7.8-2020.05.26-0",
                "freeform_tags": {},
                "id": "ocid1.image.oc1.uk-london-1.aaaaaaaa4srleqj6rpvdtzvlrkz4bf6dnpunm732edde6bo6ve5ym2v43qwa",
                "image_source_details": [],
                "instance_id": "",
                "launch_mode": "NATIVE",
                "launch_options": [
                  {
                    "boot_volume_type": "PARAVIRTUALIZED",
                    "firmware": "UEFI_64",
                    "is_consistent_volume_naming_enabled": true,
                    "is_pv_encryption_in_transit_enabled": true,
                    "network_type": "PARAVIRTUALIZED",
                    "remote_data_volume_type": "PARAVIRTUALIZED"
                  }
                ],
                "operating_system": "Oracle Linux",
                "operating_system_version": "7.8",
                "size_in_mbs": "47694",
                "state": "AVAILABLE",
                "time_created": "2020-05-28 22:54:19.258 +0000 UTC"
              },
              {
                "agent_features": [],
                "base_image_id": "",
                "compartment_id": "",
                "create_image_allowed": true,
                "defined_tags": {},
                "display_name": "Oracle-Linux-7.8-2020.04.17-0",
                "freeform_tags": {},
                "id": "ocid1.image.oc1.uk-london-1.aaaaaaaaz57okycdlykwzwegouf6p4fl6leo3mf7zs2setxxbls26hctpkgq",
                "image_source_details": [],
                "instance_id": "",
                "launch_mode": "NATIVE",
                "launch_options": [
                  {
                    "boot_volume_type": "PARAVIRTUALIZED",
                    "firmware": "UEFI_64",
                    "is_consistent_volume_naming_enabled": true,
                    "is_pv_encryption_in_transit_enabled": true,
                    "network_type": "PARAVIRTUALIZED",
                    "remote_data_volume_type": "PARAVIRTUALIZED"
                  }
                ],
                "operating_system": "Oracle Linux",
                "operating_system_version": "7.8",
                "size_in_mbs": "47694",
                "state": "AVAILABLE",
                "time_created": "2020-04-20 23:58:58.715 +0000 UTC"
              }
            ],
            "operating_system": "Oracle Linux",
            "operating_system_version": "7.8",
            "shape": null,
            "sort_by": null,
            "sort_order": null,
            "state": null
          }
        }
      ]
    },
    {
      "module": "module.dr_network",
      "mode": "data",
      "type": "oci_core_services",
      "name": "dr_services",
      "provider": "provider.oci.dr",
      "instances": [
        {
          "schema_version": 0,
          "attributes": {
            "filter": [
              {
                "name": "name",
                "regex": true,
                "values": [
                  "All .* Services In Oracle Services Network"
                ]
              }
            ],
            "id": "2020-09-02 16:08:01.997041295 +0000 UTC",
            "services": [
              {
                "cidr_block": "all-fra-services-in-oracle-services-network",
                "description": "All FRA Services In Oracle Services Network",
                "id": "ocid1.service.oc1.eu-frankfurt-1.aaaaaaaa7ncsqkj6lkz36dehifizupyn6qjqsmtepsegs23yyntnsy7qrvea",
                "name": "All FRA Services In Oracle Services Network"
              }
            ]
          }
        }
      ]
    },
    {
      "module": "module.network",
      "mode": "data",
      "type": "oci_core_services",
      "name": "dr_services",
      "provider": "provider.oci",
      "instances": [
        {
          "schema_version": 0,
          "attributes": {
            "filter": [
              {
                "name": "name",
                "regex": true,
                "values": [
                  "All .* Services In Oracle Services Network"
                ]
              }
            ],
            "id": "2020-09-02 16:08:01.795234696 +0000 UTC",
            "services": [
              {
                "cidr_block": "all-lhr-services-in-oracle-services-network",
                "description": "All LHR Services In Oracle Services Network",
                "id": "ocid1.service.oc1.uk-london-1.aaaaaaaatwg7f5mnzoapfunl66n2qkp4ormiykqk3hiwksum63gcyjk7ysla",
                "name": "All LHR Services In Oracle Services Network"
              }
            ]
          }
        }
      ]
    },
    {
      "module": "module.database",
      "mode": "data",
      "type": "oci_core_vnic",
      "name": "node_ip",
      "provider": "provider.oci",
      "instances": [
        {
          "schema_version": 0,
          "attributes": {
            "availability_domain": "Zwzz:UK-LONDON-1-AD-1",
            "compartment_id": "ocid1.compartment.oc1..aaaaaaaafofzhn5ni45serz4yqmweruxmxtkbhe2ie7b234u5hvfiwq6htnq",
            "defined_tags": {
              "SantaMonicaTagging.Createdby": "oracleidentitycloudservice/saul.chavez@oracle.com"
            },
            "display_name": "ocid1.dbnode.oc1.uk-london-1.abwgiljrj7lm3odggbvpqhthembpxk7qgkqbdhdtmux7g57fd75jijkcauhq",
            "freeform_tags": {},
            "hostname_label": "drdb",
            "id": "ocid1.vnic.oc1.uk-london-1.abwgiljr2lidx7asvuv5sk35bhvy6rksvtd7i4uhoo63l7nstrr2ezqepwtq",
            "is_primary": true,
            "mac_address": "02:00:17:00:EE:5B",
            "nsg_ids": [
              "ocid1.networksecuritygroup.oc1.uk-london-1.aaaaaaaamkieg5vzo7icmrhuacadfn6zh3fcg4lpzn6usgjzjii2l6ysw5la"
            ],
            "private_ip_address": "10.0.4.2",
            "public_ip_address": null,
            "skip_source_dest_check": false,
            "state": "AVAILABLE",
            "subnet_id": "ocid1.subnet.oc1.uk-london-1.aaaaaaaaiiyxulneou54xukgjmeluu6upl3x7ras66ezfl6udageb2qygfoa",
            "time_created": "2020-09-02 16:08:53.791 +0000 UTC",
            "vlan_id": null,
            "vnic_id": "ocid1.vnic.oc1.uk-london-1.abwgiljr2lidx7asvuv5sk35bhvy6rksvtd7i4uhoo63l7nstrr2ezqepwtq"
          }
        }
      ]
    },
    {
      "module": "module.database",
      "mode": "data",
      "type": "oci_database_databases",
      "name": "db",
      "provider": "provider.oci",
      "instances": [
        {
          "schema_version": 0,
          "attributes": {
            "compartment_id": "ocid1.compartment.oc1..aaaaaaaafofzhn5ni45serz4yqmweruxmxtkbhe2ie7b234u5hvfiwq6htnq",
            "databases": [
              {
                "character_set": "AL32UTF8",
                "compartment_id": "ocid1.compartment.oc1..aaaaaaaafofzhn5ni45serz4yqmweruxmxtkbhe2ie7b234u5hvfiwq6htnq",
                "connection_strings": [
                  {
                    "all_connection_strings": {
                      "cdbDefault": "drdb.db.drx1.oraclevcn.com:1521/drdb_lhr12w.db.drx1.oraclevcn.com",
                      "cdbIpDefault": "(DESCRIPTION=(CONNECT_TIMEOUT=5)(TRANSPORT_CONNECT_TIMEOUT=3)(RETRY_COUNT=3)(ADDRESS_LIST=(LOAD_BALANCE=on)(ADDRESS=(PROTOCOL=TCP)(HOST=10.0.4.2)(PORT=1521)))(CONNECT_DATA=(SERVICE_NAME=drdb_lhr12w.db.drx1.oraclevcn.com)))"
                    },
                    "cdb_default": "drdb.db.drx1.oraclevcn.com:1521/drdb_lhr12w.db.drx1.oraclevcn.com",
                    "cdb_ip_default": "(DESCRIPTION=(CONNECT_TIMEOUT=5)(TRANSPORT_CONNECT_TIMEOUT=3)(RETRY_COUNT=3)(ADDRESS_LIST=(LOAD_BALANCE=on)(ADDRESS=(PROTOCOL=TCP)(HOST=10.0.4.2)(PORT=1521)))(CONNECT_DATA=(SERVICE_NAME=drdb_lhr12w.db.drx1.oraclevcn.com)))"
                  }
                ],
                "database": [],
                "db_backup_config": [
                  {
                    "auto_backup_enabled": false,
                    "auto_backup_window": "",
                    "backup_destination_details": [],
                    "recovery_window_in_days": 0
                  }
                ],
                "db_home_id": "ocid1.dbhome.oc1.uk-london-1.abwgiljrsttppqy7e7azjrk4khhbtcnhcklowwl35gi36cfauntzcqmwvfva",
                "db_name": "drdb",
                "db_system_id": "ocid1.dbsystem.oc1.uk-london-1.abwgiljrebo2jbroj5zdinpfupunea2r4m3bivuznfxad57kwwerjqyq5foq",
                "db_unique_name": "drdb_lhr12w",
                "db_version": "",
                "db_workload": "OLTP",
                "defined_tags": {
                  "SantaMonicaTagging.Createdby": "oracleidentitycloudservice/saul.chavez@oracle.com"
                },
                "freeform_tags": {},
                "id": "ocid1.database.oc1.uk-london-1.abwgiljrnetndri4vtbywumau5smvwsluqp4x6neokm52gjghy2tg6p3xbcq",
                "last_backup_timestamp": "",
                "lifecycle_details": "",
                "ncharacter_set": "AL16UTF16",
                "pdb_name": "drpdb",
                "source": "",
                "state": "AVAILABLE",
                "time_created": "2020-09-02 16:08:32.973 +0000 UTC",
                "vm_cluster_id": ""
              }
            ],
            "db_home_id": "ocid1.dbhome.oc1.uk-london-1.abwgiljrsttppqy7e7azjrk4khhbtcnhcklowwl35gi36cfauntzcqmwvfva",
            "db_name": null,
            "filter": null,
            "id": "2020-09-02 16:22:52.94319891 +0000 UTC",
            "state": null,
            "system_id": null
          }
        }
      ]
    },
    {
      "module": "module.database",
      "mode": "data",
      "type": "oci_database_db_homes",
      "name": "t",
      "provider": "provider.oci",
      "instances": [
        {
          "schema_version": 0,
          "attributes": {
            "backup_id": null,
            "compartment_id": "ocid1.compartment.oc1..aaaaaaaafofzhn5ni45serz4yqmweruxmxtkbhe2ie7b234u5hvfiwq6htnq",
            "db_homes": [
              {
                "compartment_id": "ocid1.compartment.oc1..aaaaaaaafofzhn5ni45serz4yqmweruxmxtkbhe2ie7b234u5hvfiwq6htnq",
                "database": [],
                "db_home_id": "ocid1.dbhome.oc1.uk-london-1.abwgiljrsttppqy7e7azjrk4khhbtcnhcklowwl35gi36cfauntzcqmwvfva",
                "db_home_location": "",
                "db_system_id": "ocid1.dbsystem.oc1.uk-london-1.abwgiljrebo2jbroj5zdinpfupunea2r4m3bivuznfxad57kwwerjqyq5foq",
                "db_version": "19.8.0.0.0",
                "defined_tags": {},
                "display_name": "DRDBHome",
                "freeform_tags": {},
                "id": "ocid1.dbhome.oc1.uk-london-1.abwgiljrsttppqy7e7azjrk4khhbtcnhcklowwl35gi36cfauntzcqmwvfva",
                "last_patch_history_entry_id": "",
                "lifecycle_details": "",
                "source": "",
                "state": "AVAILABLE",
                "time_created": "2020-09-02 16:08:32.972 +0000 UTC",
                "vm_cluster_id": ""
              }
            ],
            "db_system_id": "ocid1.dbsystem.oc1.uk-london-1.abwgiljrebo2jbroj5zdinpfupunea2r4m3bivuznfxad57kwwerjqyq5foq",
            "display_name": null,
            "filter": [
              {
                "name": "display_name",
                "regex": false,
                "values": [
                  "DRDBHome"
                ]
              }
            ],
            "id": "2020-09-02 16:22:52.562175495 +0000 UTC",
            "state": null,
            "vm_cluster_id": null
          }
        }
      ]
    },
    {
      "module": "module.database",
      "mode": "data",
      "type": "oci_database_db_node",
      "name": "node_info",
      "provider": "provider.oci",
      "instances": [
        {
          "schema_version": 0,
          "attributes": {
            "additional_details": null,
            "backup_vnic_id": null,
            "db_node_id": "ocid1.dbnode.oc1.uk-london-1.abwgiljrj7lm3odggbvpqhthembpxk7qgkqbdhdtmux7g57fd75jijkcauhq",
            "db_system_id": "ocid1.dbsystem.oc1.uk-london-1.abwgiljrebo2jbroj5zdinpfupunea2r4m3bivuznfxad57kwwerjqyq5foq",
            "fault_domain": "FAULT-DOMAIN-1",
            "hostname": "drdb",
            "id": "ocid1.dbnode.oc1.uk-london-1.abwgiljrj7lm3odggbvpqhthembpxk7qgkqbdhdtmux7g57fd75jijkcauhq",
            "maintenance_type": "",
            "software_storage_size_in_gb": 200,
            "state": "AVAILABLE",
            "time_created": "2020-09-02 16:08:32.971 +0000 UTC",
            "time_maintenance_window_end": null,
            "time_maintenance_window_start": null,
            "vnic_id": "ocid1.vnic.oc1.uk-london-1.abwgiljr2lidx7asvuv5sk35bhvy6rksvtd7i4uhoo63l7nstrr2ezqepwtq"
          }
        }
      ]
    },
    {
      "module": "module.database",
      "mode": "data",
      "type": "oci_database_db_nodes",
      "name": "nodes",
      "provider": "provider.oci",
      "instances": [
        {
          "schema_version": 0,
          "attributes": {
            "compartment_id": "ocid1.compartment.oc1..aaaaaaaafofzhn5ni45serz4yqmweruxmxtkbhe2ie7b234u5hvfiwq6htnq",
            "db_nodes": [
              {
                "additional_details": "",
                "backup_vnic_id": "",
                "db_node_id": "ocid1.dbnode.oc1.uk-london-1.abwgiljrj7lm3odggbvpqhthembpxk7qgkqbdhdtmux7g57fd75jijkcauhq",
                "db_system_id": "ocid1.dbsystem.oc1.uk-london-1.abwgiljrebo2jbroj5zdinpfupunea2r4m3bivuznfxad57kwwerjqyq5foq",
                "fault_domain": "FAULT-DOMAIN-1",
                "hostname": "drdb",
                "id": "ocid1.dbnode.oc1.uk-london-1.abwgiljrj7lm3odggbvpqhthembpxk7qgkqbdhdtmux7g57fd75jijkcauhq",
                "maintenance_type": "",
                "software_storage_size_in_gb": 200,
                "state": "AVAILABLE",
                "time_created": "2020-09-02 16:08:32.971 +0000 UTC",
                "time_maintenance_window_end": "",
                "time_maintenance_window_start": "",
                "vnic_id": "ocid1.vnic.oc1.uk-london-1.abwgiljr2lidx7asvuv5sk35bhvy6rksvtd7i4uhoo63l7nstrr2ezqepwtq"
              }
            ],
            "db_system_id": "ocid1.dbsystem.oc1.uk-london-1.abwgiljrebo2jbroj5zdinpfupunea2r4m3bivuznfxad57kwwerjqyq5foq",
            "filter": [
              {
                "name": "hostname",
                "regex": false,
                "values": [
                  "drdb"
                ]
              }
            ],
            "id": "2020-09-02 16:22:52.382031741 +0000 UTC",
            "state": null,
            "vm_cluster_id": null
          }
        }
      ]
    },
    {
      "module": "module.dr_network",
      "mode": "data",
      "type": "oci_identity_availability_domains",
      "name": "AD",
      "provider": "provider.oci.dr",
      "instances": [
        {
          "schema_version": 0,
          "attributes": {
            "availability_domains": [
              {
                "compartment_id": "ocid1.tenancy.oc1..aaaaaaaampajwjptkttmi3cv6xt5eiwkqbkiqxuwb7kom4lomsbjfpvjuteq",
                "id": "ocid1.availabilitydomain.oc1..aaaaaaaaiifj24st3w4j7cowuo3pmqcuqwjapjv435vtjmgh5j7q3flguwna",
                "name": "Zwzz:EU-FRANKFURT-1-AD-1"
              },
              {
                "compartment_id": "ocid1.tenancy.oc1..aaaaaaaampajwjptkttmi3cv6xt5eiwkqbkiqxuwb7kom4lomsbjfpvjuteq",
                "id": "ocid1.availabilitydomain.oc1..aaaaaaaaa2artt5wizbqvwl3rgptylx2l7jqbnyv4dygcfvlrd3dphvi3mdq",
                "name": "Zwzz:EU-FRANKFURT-1-AD-2"
              },
              {
                "compartment_id": "ocid1.tenancy.oc1..aaaaaaaampajwjptkttmi3cv6xt5eiwkqbkiqxuwb7kom4lomsbjfpvjuteq",
                "id": "ocid1.availabilitydomain.oc1..aaaaaaaalcdcbl7u6akbmkojxhrozpj2v7yavqqydkj3ytyjbt47lnoqnm2q",
                "name": "Zwzz:EU-FRANKFURT-1-AD-3"
              }
            ],
            "compartment_id": "ocid1.tenancy.oc1..aaaaaaaampajwjptkttmi3cv6xt5eiwkqbkiqxuwb7kom4lomsbjfpvjuteq",
            "filter": null,
            "id": "2020-09-02 16:08:02.053870779 +0000 UTC"
          }
        }
      ]
    },
    {
      "module": "module.network",
      "mode": "data",
      "type": "oci_identity_availability_domains",
      "name": "AD",
      "provider": "provider.oci",
      "instances": [
        {
          "schema_version": 0,
          "attributes": {
            "availability_domains": [
              {
                "compartment_id": "ocid1.tenancy.oc1..aaaaaaaampajwjptkttmi3cv6xt5eiwkqbkiqxuwb7kom4lomsbjfpvjuteq",
                "id": "ocid1.availabilitydomain.oc1..aaaaaaaaw2i3i53quioaywmhx56ss5plwk7bmmeg2266lo7inilhbizeroua",
                "name": "Zwzz:UK-LONDON-1-AD-1"
              },
              {
                "compartment_id": "ocid1.tenancy.oc1..aaaaaaaampajwjptkttmi3cv6xt5eiwkqbkiqxuwb7kom4lomsbjfpvjuteq",
                "id": "ocid1.availabilitydomain.oc1..aaaaaaaapjv4p3qtly2fesrig77q4tlmi3wvakeet6fskc7do2fmawz3xctq",
                "name": "Zwzz:UK-LONDON-1-AD-2"
              },
              {
                "compartment_id": "ocid1.tenancy.oc1..aaaaaaaampajwjptkttmi3cv6xt5eiwkqbkiqxuwb7kom4lomsbjfpvjuteq",
                "id": "ocid1.availabilitydomain.oc1..aaaaaaaac6kgqnl5eberztbdm2ufhpxohk7cuelajmafpqa3m6rpri4tc2yq",
                "name": "Zwzz:UK-LONDON-1-AD-3"
              }
            ],
            "compartment_id": "ocid1.tenancy.oc1..aaaaaaaampajwjptkttmi3cv6xt5eiwkqbkiqxuwb7kom4lomsbjfpvjuteq",
            "filter": null,
            "id": "2020-09-02 16:08:01.871598131 +0000 UTC"
          }
        }
      ]
    },
    {
      "mode": "data",
      "type": "oci_identity_availability_domains",
      "name": "ADs",
      "provider": "provider.oci",
      "instances": [
        {
          "schema_version": 0,
          "attributes": {
            "availability_domains": [
              {
                "compartment_id": "ocid1.tenancy.oc1..aaaaaaaampajwjptkttmi3cv6xt5eiwkqbkiqxuwb7kom4lomsbjfpvjuteq",
                "id": "ocid1.availabilitydomain.oc1..aaaaaaaaw2i3i53quioaywmhx56ss5plwk7bmmeg2266lo7inilhbizeroua",
                "name": "Zwzz:UK-LONDON-1-AD-1"
              },
              {
                "compartment_id": "ocid1.tenancy.oc1..aaaaaaaampajwjptkttmi3cv6xt5eiwkqbkiqxuwb7kom4lomsbjfpvjuteq",
                "id": "ocid1.availabilitydomain.oc1..aaaaaaaapjv4p3qtly2fesrig77q4tlmi3wvakeet6fskc7do2fmawz3xctq",
                "name": "Zwzz:UK-LONDON-1-AD-2"
              },
              {
                "compartment_id": "ocid1.tenancy.oc1..aaaaaaaampajwjptkttmi3cv6xt5eiwkqbkiqxuwb7kom4lomsbjfpvjuteq",
                "id": "ocid1.availabilitydomain.oc1..aaaaaaaac6kgqnl5eberztbdm2ufhpxohk7cuelajmafpqa3m6rpri4tc2yq",
                "name": "Zwzz:UK-LONDON-1-AD-3"
              }
            ],
            "compartment_id": "ocid1.tenancy.oc1..aaaaaaaampajwjptkttmi3cv6xt5eiwkqbkiqxuwb7kom4lomsbjfpvjuteq",
            "filter": null,
            "id": "2020-09-02 16:08:01.865942407 +0000 UTC"
          }
        }
      ]
    },
    {
      "mode": "data",
      "type": "oci_identity_availability_domains",
      "name": "DR_ADs",
      "provider": "provider.oci.dr",
      "instances": [
        {
          "schema_version": 0,
          "attributes": {
            "availability_domains": [
              {
                "compartment_id": "ocid1.tenancy.oc1..aaaaaaaampajwjptkttmi3cv6xt5eiwkqbkiqxuwb7kom4lomsbjfpvjuteq",
                "id": "ocid1.availabilitydomain.oc1..aaaaaaaaiifj24st3w4j7cowuo3pmqcuqwjapjv435vtjmgh5j7q3flguwna",
                "name": "Zwzz:EU-FRANKFURT-1-AD-1"
              },
              {
                "compartment_id": "ocid1.tenancy.oc1..aaaaaaaampajwjptkttmi3cv6xt5eiwkqbkiqxuwb7kom4lomsbjfpvjuteq",
                "id": "ocid1.availabilitydomain.oc1..aaaaaaaaa2artt5wizbqvwl3rgptylx2l7jqbnyv4dygcfvlrd3dphvi3mdq",
                "name": "Zwzz:EU-FRANKFURT-1-AD-2"
              },
              {
                "compartment_id": "ocid1.tenancy.oc1..aaaaaaaampajwjptkttmi3cv6xt5eiwkqbkiqxuwb7kom4lomsbjfpvjuteq",
                "id": "ocid1.availabilitydomain.oc1..aaaaaaaalcdcbl7u6akbmkojxhrozpj2v7yavqqydkj3ytyjbt47lnoqnm2q",
                "name": "Zwzz:EU-FRANKFURT-1-AD-3"
              }
            ],
            "compartment_id": "ocid1.tenancy.oc1..aaaaaaaampajwjptkttmi3cv6xt5eiwkqbkiqxuwb7kom4lomsbjfpvjuteq",
            "filter": null,
            "id": "2020-09-02 16:08:02.0613553 +0000 UTC"
          }
        }
      ]
    },
    {
      "mode": "data",
      "type": "oci_identity_regions",
      "name": "home-region",
      "provider": "provider.oci",
      "instances": [
        {
          "schema_version": 0,
          "attributes": {
            "filter": [
              {
                "name": "key",
                "regex": false,
                "values": [
                  "IAD"
                ]
              }
            ],
            "id": "2020-09-02 16:08:02.243422364 +0000 UTC",
            "regions": [
              {
                "key": "IAD",
                "name": "us-ashburn-1"
              }
            ]
          }
        }
      ]
    },
    {
      "mode": "data",
      "type": "oci_identity_tenancy",
      "name": "tenancy",
      "provider": "provider.oci",
      "instances": [
        {
          "schema_version": 0,
          "attributes": {
            "defined_tags": {},
            "description": "orasenatdecanational01",
            "freeform_tags": {},
            "home_region_key": "IAD",
            "id": "ocid1.tenancy.oc1..aaaaaaaampajwjptkttmi3cv6xt5eiwkqbkiqxuwb7kom4lomsbjfpvjuteq",
            "name": "orasenatdecanational01",
            "tenancy_id": "ocid1.tenancy.oc1..aaaaaaaampajwjptkttmi3cv6xt5eiwkqbkiqxuwb7kom4lomsbjfpvjuteq",
            "upi_idcs_compatibility_layer_endpoint": null
          }
        }
      ]
    },
    {
      "module": "module.ords",
      "mode": "managed",
      "type": "null_resource",
      "name": "remote-exec_init",
      "provider": "provider.null",
      "instances": [
        {
          "schema_version": 0,
          "attributes": {
            "id": "615869610142852052",
            "triggers": null
          },
          "private": "bnVsbA==",
          "dependencies": [
            "module.network.oci_core_internet_gateway.dr_igw",
            "module.network.oci_core_route_table.public_route_table",
            "module.network.oci_core_security_list.access_security_list",
            "module.network.oci_core_subnet.access_subnet",
            "module.network.oci_core_vcn.dr_vcn",
            "module.ords.oci_core_instance.ORDS-Comp-Instance"
          ]
        }
      ]
    },
    {
      "module": "module.ords",
      "mode": "managed",
      "type": "null_resource",
      "name": "remote-exec_jetty-1",
      "each": "list",
      "provider": "provider.null",
      "instances": [
        {
          "index_key": 0,
          "schema_version": 0,
          "attributes": {
            "id": "6746045917033819890",
            "triggers": null
          },
          "private": "bnVsbA==",
          "dependencies": [
            "module.network.oci_core_internet_gateway.dr_igw",
            "module.network.oci_core_route_table.public_route_table",
            "module.network.oci_core_security_list.access_security_list",
            "module.network.oci_core_subnet.access_subnet",
            "module.network.oci_core_vcn.dr_vcn",
            "module.ords.null_resource.remote-exec_init",
            "module.ords.oci_core_instance.ORDS-Comp-Instance"
          ]
        }
      ]
    },
    {
      "module": "module.ords",
      "mode": "managed",
      "type": "null_resource",
      "name": "remote-exec_jetty-2",
      "each": "list",
      "provider": "provider.null",
      "instances": [
        {
          "index_key": 0,
          "schema_version": 0,
          "attributes": {
            "id": "6380882744349544633",
            "triggers": null
          },
          "private": "bnVsbA==",
          "dependencies": [
            "module.database.oci_database_db_system.db_system",
            "module.network.oci_core_drg.dr_drg",
            "module.network.oci_core_internet_gateway.dr_igw",
            "module.network.oci_core_nat_gateway.dr_nat",
            "module.network.oci_core_network_security_group.ping_all",
            "module.network.oci_core_route_table.private_route_table",
            "module.network.oci_core_route_table.public_route_table",
            "module.network.oci_core_security_list.access_security_list",
            "module.network.oci_core_security_list.dr_database_sec_list",
            "module.network.oci_core_service_gateway.dr_service_gateway",
            "module.network.oci_core_subnet.access_subnet",
            "module.network.oci_core_subnet.db_subnet",
            "module.network.oci_core_vcn.dr_vcn",
            "module.ords.null_resource.remote-exec_init",
            "module.ords.null_resource.remote-exec_jetty-1",
            "module.ords.oci_core_instance.ORDS-Comp-Instance"
          ]
        }
      ]
    },
    {
      "module": "module.ords",
      "mode": "managed",
      "type": "null_resource",
      "name": "remote-exec_jetty-Secure-FQDN-Access",
      "each": "list",
      "provider": "provider.null",
      "instances": []
    },
    {
      "module": "module.ords",
      "mode": "managed",
      "type": "null_resource",
      "name": "remote-exec_jetty-apex",
      "each": "list",
      "provider": "provider.null",
      "instances": [
        {
          "index_key": 0,
          "schema_version": 0,
          "attributes": {
            "id": "2741258708672415055",
            "triggers": null
          },
          "private": "bnVsbA==",
          "dependencies": [
            "module.database.oci_database_db_system.db_system",
            "module.network.oci_core_drg.dr_drg",
            "module.network.oci_core_internet_gateway.dr_igw",
            "module.network.oci_core_nat_gateway.dr_nat",
            "module.network.oci_core_network_security_group.ping_all",
            "module.network.oci_core_route_table.private_route_table",
            "module.network.oci_core_route_table.public_route_table",
            "module.network.oci_core_security_list.access_security_list",
            "module.network.oci_core_security_list.dr_database_sec_list",
            "module.network.oci_core_service_gateway.dr_service_gateway",
            "module.network.oci_core_subnet.access_subnet",
            "module.network.oci_core_subnet.db_subnet",
            "module.network.oci_core_vcn.dr_vcn",
            "module.ords.null_resource.remote-exec_init",
            "module.ords.null_resource.remote-exec_jetty-1",
            "module.ords.null_resource.remote-exec_jetty-2",
            "module.ords.oci_core_instance.ORDS-Comp-Instance"
          ]
        }
      ]
    },
    {
      "module": "module.ords",
      "mode": "managed",
      "type": "null_resource",
      "name": "remote-exec_tomcat-1",
      "each": "list",
      "provider": "provider.null",
      "instances": []
    },
    {
      "module": "module.ords",
      "mode": "managed",
      "type": "null_resource",
      "name": "remote-exec_tomcat-2",
      "each": "list",
      "provider": "provider.null",
      "instances": []
    },
    {
      "module": "module.ords",
      "mode": "managed",
      "type": "null_resource",
      "name": "remote-exec_tomcat-3",
      "each": "list",
      "provider": "provider.null",
      "instances": []
    },
    {
      "module": "module.ords",
      "mode": "managed",
      "type": "null_resource",
      "name": "remote-exec_tomcat-Secure-FQDN-Access",
      "each": "list",
      "provider": "provider.null",
      "instances": []
    },
    {
      "module": "module.ords",
      "mode": "managed",
      "type": "null_resource",
      "name": "remote-exec_tomcat-apex",
      "each": "list",
      "provider": "provider.null",
      "instances": []
    },
    {
      "module": "module.dr_network",
      "mode": "managed",
      "type": "oci_core_drg",
      "name": "dr_drg",
      "provider": "provider.oci.dr",
      "instances": [
        {
          "schema_version": 0,
          "attributes": {
            "compartment_id": "ocid1.compartment.oc1..aaaaaaaafofzhn5ni45serz4yqmweruxmxtkbhe2ie7b234u5hvfiwq6htnq",
            "defined_tags": {
              "SantaMonicaTagging.Createdby": "oracleidentitycloudservice/saul.chavez@oracle.com"
            },
            "display_name": "drg",
            "freeform_tags": {
              "Environment": "dr"
            },
            "id": "ocid1.drg.oc1.eu-frankfurt-1.aaaaaaaaf756buzjnju3xj4ooruc3u3o5ziydrbek4lahq2obvse7k3clpeq",
            "redundancy_status": "NOT_AVAILABLE",
            "state": "AVAILABLE",
            "time_created": "2020-09-02 16:08:14.196 +0000 UTC",
            "timeouts": null
          },
          "private": "eyJlMmJmYjczMC1lY2FhLTExZTYtOGY4OC0zNDM2M2JjN2M0YzAiOnsiY3JlYXRlIjo5MDAwMDAwMDAwMDAsImRlbGV0ZSI6OTAwMDAwMDAwMDAwLCJ1cGRhdGUiOjkwMDAwMDAwMDAwMH19",
          "dependencies": [
            "module.dr_network.oci_core_vcn.dr_vcn"
          ]
        }
      ]
    },
    {
      "module": "module.network",
      "mode": "managed",
      "type": "oci_core_drg",
      "name": "dr_drg",
      "provider": "provider.oci",
      "instances": [
        {
          "schema_version": 0,
          "attributes": {
            "compartment_id": "ocid1.compartment.oc1..aaaaaaaafofzhn5ni45serz4yqmweruxmxtkbhe2ie7b234u5hvfiwq6htnq",
            "defined_tags": {
              "SantaMonicaTagging.Createdby": "oracleidentitycloudservice/saul.chavez@oracle.com"
            },
            "display_name": "drg",
            "freeform_tags": {
              "Environment": "dr"
            },
            "id": "ocid1.drg.oc1.uk-london-1.aaaaaaaazsbtesizwr4ds6jhcltpvysfto7jxgpmiscjbijik5dos4lalooa",
            "redundancy_status": "NOT_AVAILABLE",
            "state": "AVAILABLE",
            "time_created": "2020-09-02 16:08:15.273 +0000 UTC",
            "timeouts": null
          },
          "private": "eyJlMmJmYjczMC1lY2FhLTExZTYtOGY4OC0zNDM2M2JjN2M0YzAiOnsiY3JlYXRlIjo5MDAwMDAwMDAwMDAsImRlbGV0ZSI6OTAwMDAwMDAwMDAwLCJ1cGRhdGUiOjkwMDAwMDAwMDAwMH19",
          "dependencies": [
            "module.network.oci_core_vcn.dr_vcn"
          ]
        }
      ]
    },
    {
      "module": "module.dr_network",
      "mode": "managed",
      "type": "oci_core_drg_attachment",
      "name": "dr_drg_attachment",
      "provider": "provider.oci.dr",
      "instances": [
        {
          "schema_version": 0,
          "attributes": {
            "compartment_id": "ocid1.compartment.oc1..aaaaaaaafofzhn5ni45serz4yqmweruxmxtkbhe2ie7b234u5hvfiwq6htnq",
            "display_name": "drg_attachment",
            "drg_id": "ocid1.drg.oc1.eu-frankfurt-1.aaaaaaaaf756buzjnju3xj4ooruc3u3o5ziydrbek4lahq2obvse7k3clpeq",
            "id": "ocid1.drgattachment.oc1.eu-frankfurt-1.aaaaaaaaacsx7ajhn2qfj7l7nbzeydlsdfdc6cx36pv3q5kakizyhlrqu2bq",
            "route_table_id": null,
            "state": "ATTACHED",
            "time_created": "2020-09-02 16:08:29.102 +0000 UTC",
            "timeouts": null,
            "vcn_id": "ocid1.vcn.oc1.eu-frankfurt-1.amaaaaaalbfmicqa2tqfueek64h32c3blw253syh3cxr4mt4m36fig52flxq"
          },
          "private": "eyJlMmJmYjczMC1lY2FhLTExZTYtOGY4OC0zNDM2M2JjN2M0YzAiOnsiY3JlYXRlIjo5MDAwMDAwMDAwMDAsImRlbGV0ZSI6OTAwMDAwMDAwMDAwLCJ1cGRhdGUiOjkwMDAwMDAwMDAwMH19",
          "dependencies": [
            "module.dr_network.oci_core_drg.dr_drg",
            "module.dr_network.oci_core_vcn.dr_vcn"
          ]
        }
      ]
    },
    {
      "module": "module.network",
      "mode": "managed",
      "type": "oci_core_drg_attachment",
      "name": "dr_drg_attachment",
      "provider": "provider.oci",
      "instances": [
        {
          "schema_version": 0,
          "attributes": {
            "compartment_id": "ocid1.compartment.oc1..aaaaaaaafofzhn5ni45serz4yqmweruxmxtkbhe2ie7b234u5hvfiwq6htnq",
            "display_name": "drg_attachment",
            "drg_id": "ocid1.drg.oc1.uk-london-1.aaaaaaaazsbtesizwr4ds6jhcltpvysfto7jxgpmiscjbijik5dos4lalooa",
            "id": "ocid1.drgattachment.oc1.uk-london-1.aaaaaaaaehvdbhwqynwvsfl3lkcj34a6bdmxof5c7knc3yqpnamgaavgc7ta",
            "route_table_id": null,
            "state": "ATTACHED",
            "time_created": "2020-09-02 16:08:29.805 +0000 UTC",
            "timeouts": null,
            "vcn_id": "ocid1.vcn.oc1.uk-london-1.amaaaaaalbfmicqamonlsmv4feu7zbq54vp4oqj55repoifyjzyqe2vji66q"
          },
          "private": "eyJlMmJmYjczMC1lY2FhLTExZTYtOGY4OC0zNDM2M2JjN2M0YzAiOnsiY3JlYXRlIjo5MDAwMDAwMDAwMDAsImRlbGV0ZSI6OTAwMDAwMDAwMDAwLCJ1cGRhdGUiOjkwMDAwMDAwMDAwMH19",
          "dependencies": [
            "module.network.oci_core_drg.dr_drg",
            "module.network.oci_core_vcn.dr_vcn"
          ]
        }
      ]
    },
    {
      "module": "module.ords",
      "mode": "managed",
      "type": "oci_core_instance",
      "name": "ORDS-Comp-Instance",
      "provider": "provider.oci",
      "instances": [
        {
          "schema_version": 0,
          "attributes": {
            "agent_config": [
              {
                "is_management_disabled": false,
                "is_monitoring_disabled": false
              }
            ],
            "availability_config": [
              {
                "recovery_action": "RESTORE_INSTANCE"
              }
            ],
            "availability_domain": "Zwzz:UK-LONDON-1-AD-1",
            "boot_volume_id": "ocid1.bootvolume.oc1.uk-london-1.abwgiljrwwtohfrf6vuvh3nlbhu6t3sv6pjuawlle3rl5wwv2eu2bnp7ca5q",
            "compartment_id": "ocid1.compartment.oc1..aaaaaaaafofzhn5ni45serz4yqmweruxmxtkbhe2ie7b234u5hvfiwq6htnq",
            "create_vnic_details": [
              {
                "assign_public_ip": "true",
                "defined_tags": {
                  "SantaMonicaTagging.Createdby": "oracleidentitycloudservice/saul.chavez@oracle.com"
                },
                "display_name": "ORDS-Comp",
                "freeform_tags": {},
                "hostname_label": "ords-comp",
                "nsg_ids": null,
                "private_ip": "10.0.0.3",
                "skip_source_dest_check": false,
                "subnet_id": "ocid1.subnet.oc1.uk-london-1.aaaaaaaa66ffr53woppucinrb33ojebjywzgkewztjgfwmrchc7ym3irbkpq",
                "vlan_id": ""
              }
            ],
            "dedicated_vm_host_id": null,
            "defined_tags": {
              "SantaMonicaTagging.Createdby": "oracleidentitycloudservice/saul.chavez@oracle.com"
            },
            "display_name": "ORDS-Comp",
            "extended_metadata": null,
            "fault_domain": "FAULT-DOMAIN-2",
            "freeform_tags": {},
            "hostname_label": "ords-comp",
            "id": "ocid1.instance.oc1.uk-london-1.anwgiljrlbfmicqclkweycg6quaykrbuz3edkpsca4pnsakhln2c7x52xuzq",
            "image": "ocid1.image.oc1.uk-london-1.aaaaaaaad3ykcml7uxbkl7oqxbnydtqslgg6oyz35ju5szz4lwttjxi36yua",
            "ipxe_script": null,
            "is_pv_encryption_in_transit_enabled": null,
            "launch_mode": "NATIVE",
            "launch_options": [
              {
                "boot_volume_type": "PARAVIRTUALIZED",
                "firmware": "UEFI_64",
                "is_consistent_volume_naming_enabled": true,
                "is_pv_encryption_in_transit_enabled": false,
                "network_type": "PARAVIRTUALIZED",
                "remote_data_volume_type": "PARAVIRTUALIZED"
              }
            ],
            "metadata": {
              "ssh_authorized_keys": "ssh-rsa AAAAB3NzaC1yc2EAAAADAQABAAABAQCdweEfM+0HqPP6g29wBXQdpJCPLpdI9N9P7GWTNCH2heJ6PlYA/zazMv4xSpkr4N8p0706Rs2kHPS9E7KQQiBVw5CA+UiHCZ4V4JhgMShfbWy+qi4tkJC6HXlR8bfyqUEUtF7trUWEOR7QKc2XAMbgbUmm5DDqrD0CjlyXOBl7zRxNw3e4k3bCRvkKOMS04bm0Dsv7IrpsjrMS+Snmgn1toYPQuU68F9OffucaIcWfi7oAsLw1f0tMxrvOwwRwVr7jARBM2VSbjmzMpg/ZNYicnk9zoEqi2rMCR8HxyHVXagjw5JCf5zXZ1UJ5flMnYwNO9ggq9/t/hXLxg1iI2H6f opc@aurora\n",
              "user_data": "IyEvYmluL2Jhc2gKZWNobyAiTGF1bmNoIERhdGUgOiBgZGF0ZWAiID4gL2hvbWUvb3BjL2xhdW5jaC50eHQKZWNobyAiTGF1bmNoZWQgd2l0aCBUZXJyYWZvcm0iID4+IC9ob21lL29wYy9sYXVuY2gudHh0Cgo="
            },
            "preserve_boot_volume": null,
            "private_ip": "10.0.0.3",
            "public_ip": "132.145.16.236",
            "region": "uk-london-1",
            "shape": "VM.Standard2.2",
            "shape_config": [
              {
                "gpu_description": "",
                "gpus": 0,
                "local_disk_description": "",
                "local_disks": 0,
                "local_disks_total_size_in_gbs": 0,
                "max_vnic_attachments": 2,
                "memory_in_gbs": 30,
                "networking_bandwidth_in_gbps": 2,
                "ocpus": 2,
                "processor_description": "2.0 GHz Intel® Xeon® Platinum 8167M (Skylake)"
              }
            ],
            "source_details": [
              {
                "boot_volume_size_in_gbs": "47",
                "kms_key_id": "",
                "source_id": "ocid1.image.oc1.uk-london-1.aaaaaaaad3ykcml7uxbkl7oqxbnydtqslgg6oyz35ju5szz4lwttjxi36yua",
                "source_type": "image"
              }
            ],
            "state": "RUNNING",
            "subnet_id": "ocid1.subnet.oc1.uk-london-1.aaaaaaaa66ffr53woppucinrb33ojebjywzgkewztjgfwmrchc7ym3irbkpq",
            "system_tags": {},
            "time_created": "2020-09-02 16:08:17.8 +0000 UTC",
            "time_maintenance_reboot_due": "",
            "timeouts": {
              "create": "60m",
              "delete": null,
              "update": null
            }
          },
          "private": "eyJlMmJmYjczMC1lY2FhLTExZTYtOGY4OC0zNDM2M2JjN2M0YzAiOnsiY3JlYXRlIjozNjAwMDAwMDAwMDAwLCJkZWxldGUiOjcyMDAwMDAwMDAwMDAsInVwZGF0ZSI6NzIwMDAwMDAwMDAwMH19",
          "dependencies": [
            "module.network.oci_core_internet_gateway.dr_igw",
            "module.network.oci_core_route_table.public_route_table",
            "module.network.oci_core_security_list.access_security_list",
            "module.network.oci_core_subnet.access_subnet",
            "module.network.oci_core_vcn.dr_vcn"
          ]
        }
      ]
    },
    {
      "module": "module.bastion_instance",
      "mode": "managed",
      "type": "oci_core_instance",
      "name": "bastion_server",
      "provider": "provider.oci",
      "instances": [
        {
          "schema_version": 0,
          "attributes": {
            "agent_config": [
              {
                "is_management_disabled": false,
                "is_monitoring_disabled": false
              }
            ],
            "availability_config": [
              {
                "recovery_action": "RESTORE_INSTANCE"
              }
            ],
            "availability_domain": "Zwzz:UK-LONDON-1-AD-1",
            "boot_volume_id": "ocid1.bootvolume.oc1.uk-london-1.abwgiljr7wylj2ztpi5fd6pyeinzbcncyuqfb2rinkrbgq7v4yipbs6ba5pa",
            "compartment_id": "ocid1.compartment.oc1..aaaaaaaafofzhn5ni45serz4yqmweruxmxtkbhe2ie7b234u5hvfiwq6htnq",
            "create_vnic_details": [
              {
                "assign_public_ip": "true",
                "defined_tags": {
                  "SantaMonicaTagging.Createdby": "oracleidentitycloudservice/saul.chavez@oracle.com"
                },
                "display_name": "bastion",
                "freeform_tags": {
                  "Environment": "dr"
                },
                "hostname_label": "bastion",
                "nsg_ids": [
                  "ocid1.networksecuritygroup.oc1.uk-london-1.aaaaaaaamkieg5vzo7icmrhuacadfn6zh3fcg4lpzn6usgjzjii2l6ysw5la"
                ],
                "private_ip": "10.0.0.2",
                "skip_source_dest_check": false,
                "subnet_id": "ocid1.subnet.oc1.uk-london-1.aaaaaaaa66ffr53woppucinrb33ojebjywzgkewztjgfwmrchc7ym3irbkpq",
                "vlan_id": ""
              }
            ],
            "dedicated_vm_host_id": null,
            "defined_tags": {
              "SantaMonicaTagging.Createdby": "oracleidentitycloudservice/saul.chavez@oracle.com"
            },
            "display_name": "bastion",
            "extended_metadata": null,
            "fault_domain": "FAULT-DOMAIN-2",
            "freeform_tags": {
              "Environment": "dr"
            },
            "hostname_label": "bastion",
            "id": "ocid1.instance.oc1.uk-london-1.anwgiljrlbfmicqcc74ie4daxjf7oghe3dkn4sc6agtav6hriikbpox5tyxq",
            "image": "ocid1.image.oc1.uk-london-1.aaaaaaaad3ykcml7uxbkl7oqxbnydtqslgg6oyz35ju5szz4lwttjxi36yua",
            "ipxe_script": null,
            "is_pv_encryption_in_transit_enabled": null,
            "launch_mode": "NATIVE",
            "launch_options": [
              {
                "boot_volume_type": "PARAVIRTUALIZED",
                "firmware": "UEFI_64",
                "is_consistent_volume_naming_enabled": true,
                "is_pv_encryption_in_transit_enabled": false,
                "network_type": "PARAVIRTUALIZED",
                "remote_data_volume_type": "PARAVIRTUALIZED"
              }
            ],
            "metadata": {
              "ssh_authorized_keys": "ssh-rsa AAAAB3NzaC1yc2EAAAADAQABAAABAQCdweEfM+0HqPP6g29wBXQdpJCPLpdI9N9P7GWTNCH2heJ6PlYA/zazMv4xSpkr4N8p0706Rs2kHPS9E7KQQiBVw5CA+UiHCZ4V4JhgMShfbWy+qi4tkJC6HXlR8bfyqUEUtF7trUWEOR7QKc2XAMbgbUmm5DDqrD0CjlyXOBl7zRxNw3e4k3bCRvkKOMS04bm0Dsv7IrpsjrMS+Snmgn1toYPQuU68F9OffucaIcWfi7oAsLw1f0tMxrvOwwRwVr7jARBM2VSbjmzMpg/ZNYicnk9zoEqi2rMCR8HxyHVXagjw5JCf5zXZ1UJ5flMnYwNO9ggq9/t/hXLxg1iI2H6f opc@aurora\n"
            },
            "preserve_boot_volume": null,
            "private_ip": "10.0.0.2",
            "public_ip": "132.145.68.149",
            "region": "uk-london-1",
            "shape": "VM.Standard2.1",
            "shape_config": [
              {
                "gpu_description": "",
                "gpus": 0,
                "local_disk_description": "",
                "local_disks": 0,
                "local_disks_total_size_in_gbs": 0,
                "max_vnic_attachments": 2,
                "memory_in_gbs": 15,
                "networking_bandwidth_in_gbps": 1,
                "ocpus": 1,
                "processor_description": "2.0 GHz Intel® Xeon® Platinum 8167M (Skylake)"
              }
            ],
            "source_details": [
              {
                "boot_volume_size_in_gbs": "47",
                "kms_key_id": "",
                "source_id": "ocid1.image.oc1.uk-london-1.aaaaaaaad3ykcml7uxbkl7oqxbnydtqslgg6oyz35ju5szz4lwttjxi36yua",
                "source_type": "image"
              }
            ],
            "state": "RUNNING",
            "subnet_id": "ocid1.subnet.oc1.uk-london-1.aaaaaaaa66ffr53woppucinrb33ojebjywzgkewztjgfwmrchc7ym3irbkpq",
            "system_tags": {},
            "time_created": "2020-09-02 16:08:17.927 +0000 UTC",
            "time_maintenance_reboot_due": "",
            "timeouts": null
          },
          "private": "eyJlMmJmYjczMC1lY2FhLTExZTYtOGY4OC0zNDM2M2JjN2M0YzAiOnsiY3JlYXRlIjo3MjAwMDAwMDAwMDAwLCJkZWxldGUiOjcyMDAwMDAwMDAwMDAsInVwZGF0ZSI6NzIwMDAwMDAwMDAwMH19",
          "dependencies": [
            "module.network.oci_core_internet_gateway.dr_igw",
            "module.network.oci_core_network_security_group.ping_all",
            "module.network.oci_core_route_table.public_route_table",
            "module.network.oci_core_security_list.access_security_list",
            "module.network.oci_core_subnet.access_subnet",
            "module.network.oci_core_vcn.dr_vcn"
          ]
        }
      ]
    },
    {
      "module": "module.dr_bastion_instance",
      "mode": "managed",
      "type": "oci_core_instance",
      "name": "bastion_server",
      "provider": "provider.oci.dr",
      "instances": [
        {
          "schema_version": 0,
          "attributes": {
            "agent_config": [
              {
                "is_management_disabled": false,
                "is_monitoring_disabled": false
              }
            ],
            "availability_config": [
              {
                "recovery_action": "RESTORE_INSTANCE"
              }
            ],
            "availability_domain": "Zwzz:EU-FRANKFURT-1-AD-1",
            "boot_volume_id": "ocid1.bootvolume.oc1.eu-frankfurt-1.abtheljropoxcjbzglusw6b4cxaluivfe4rd5tcemxisxzolfbkkn5nweaxa",
            "compartment_id": "ocid1.compartment.oc1..aaaaaaaafofzhn5ni45serz4yqmweruxmxtkbhe2ie7b234u5hvfiwq6htnq",
            "create_vnic_details": [
              {
                "assign_public_ip": "true",
                "defined_tags": {
                  "SantaMonicaTagging.Createdby": "oracleidentitycloudservice/saul.chavez@oracle.com"
                },
                "display_name": "bastion",
                "freeform_tags": {
                  "Environment": "dr"
                },
                "hostname_label": "bastion",
                "nsg_ids": [
                  "ocid1.networksecuritygroup.oc1.eu-frankfurt-1.aaaaaaaa6qhyxe7dilzu525m7hht3ejol7ijqpspd7qomkiswpfjithx7uhq"
                ],
                "private_ip": "192.168.0.2",
                "skip_source_dest_check": false,
                "subnet_id": "ocid1.subnet.oc1.eu-frankfurt-1.aaaaaaaakvrquzh6dzrgns56dhyvxy6vy5eym2dvfpzofhblz4w6rokytsga",
                "vlan_id": ""
              }
            ],
            "dedicated_vm_host_id": null,
            "defined_tags": {
              "SantaMonicaTagging.Createdby": "oracleidentitycloudservice/saul.chavez@oracle.com"
            },
            "display_name": "bastion",
            "extended_metadata": null,
            "fault_domain": "FAULT-DOMAIN-2",
            "freeform_tags": {
              "Environment": "dr"
            },
            "hostname_label": "bastion",
            "id": "ocid1.instance.oc1.eu-frankfurt-1.antheljrlbfmicqc65ceoa7ezj2dwitr53pgpqfg55wo2f6reezbznsuzbga",
            "image": "ocid1.image.oc1.eu-frankfurt-1.aaaaaaaahxue6crkdeevk75bzw63cmhh3c4uyqddcwov7mwlv7na4lkz7zla",
            "ipxe_script": null,
            "is_pv_encryption_in_transit_enabled": null,
            "launch_mode": "NATIVE",
            "launch_options": [
              {
                "boot_volume_type": "PARAVIRTUALIZED",
                "firmware": "UEFI_64",
                "is_consistent_volume_naming_enabled": true,
                "is_pv_encryption_in_transit_enabled": false,
                "network_type": "PARAVIRTUALIZED",
                "remote_data_volume_type": "PARAVIRTUALIZED"
              }
            ],
            "metadata": {
              "ssh_authorized_keys": "ssh-rsa AAAAB3NzaC1yc2EAAAADAQABAAABAQCdweEfM+0HqPP6g29wBXQdpJCPLpdI9N9P7GWTNCH2heJ6PlYA/zazMv4xSpkr4N8p0706Rs2kHPS9E7KQQiBVw5CA+UiHCZ4V4JhgMShfbWy+qi4tkJC6HXlR8bfyqUEUtF7trUWEOR7QKc2XAMbgbUmm5DDqrD0CjlyXOBl7zRxNw3e4k3bCRvkKOMS04bm0Dsv7IrpsjrMS+Snmgn1toYPQuU68F9OffucaIcWfi7oAsLw1f0tMxrvOwwRwVr7jARBM2VSbjmzMpg/ZNYicnk9zoEqi2rMCR8HxyHVXagjw5JCf5zXZ1UJ5flMnYwNO9ggq9/t/hXLxg1iI2H6f opc@aurora\n"
            },
            "preserve_boot_volume": null,
            "private_ip": "192.168.0.2",
            "public_ip": "130.61.77.103",
            "region": "eu-frankfurt-1",
            "shape": "VM.Standard2.1",
            "shape_config": [
              {
                "gpu_description": "",
                "gpus": 0,
                "local_disk_description": "",
                "local_disks": 0,
                "local_disks_total_size_in_gbs": 0,
                "max_vnic_attachments": 2,
                "memory_in_gbs": 15,
                "networking_bandwidth_in_gbps": 1,
                "ocpus": 1,
                "processor_description": "2.0 GHz Intel® Xeon® Platinum 8167M (Skylake)"
              }
            ],
            "source_details": [
              {
                "boot_volume_size_in_gbs": "47",
                "kms_key_id": "",
                "source_id": "ocid1.image.oc1.eu-frankfurt-1.aaaaaaaahxue6crkdeevk75bzw63cmhh3c4uyqddcwov7mwlv7na4lkz7zla",
                "source_type": "image"
              }
            ],
            "state": "RUNNING",
            "subnet_id": "ocid1.subnet.oc1.eu-frankfurt-1.aaaaaaaakvrquzh6dzrgns56dhyvxy6vy5eym2dvfpzofhblz4w6rokytsga",
            "system_tags": {},
            "time_created": "2020-09-02 16:08:17.725 +0000 UTC",
            "time_maintenance_reboot_due": "",
            "timeouts": null
          },
          "private": "eyJlMmJmYjczMC1lY2FhLTExZTYtOGY4OC0zNDM2M2JjN2M0YzAiOnsiY3JlYXRlIjo3MjAwMDAwMDAwMDAwLCJkZWxldGUiOjcyMDAwMDAwMDAwMDAsInVwZGF0ZSI6NzIwMDAwMDAwMDAwMH19",
          "dependencies": [
            "module.dr_network.oci_core_internet_gateway.dr_igw",
            "module.dr_network.oci_core_network_security_group.ping_all",
            "module.dr_network.oci_core_route_table.public_route_table",
            "module.dr_network.oci_core_security_list.access_security_list",
            "module.dr_network.oci_core_subnet.access_subnet",
            "module.dr_network.oci_core_vcn.dr_vcn"
          ]
        }
      ]
    },
    {
      "module": "module.app_server_1",
      "mode": "managed",
      "type": "oci_core_instance",
      "name": "private_server",
      "provider": "provider.oci",
      "instances": [
        {
          "schema_version": 0,
          "attributes": {
            "agent_config": [
              {
                "is_management_disabled": true,
                "is_monitoring_disabled": true
              }
            ],
            "availability_config": [
              {
                "recovery_action": "RESTORE_INSTANCE"
              }
            ],
            "availability_domain": "Zwzz:UK-LONDON-1-AD-1",
            "boot_volume_id": "ocid1.bootvolume.oc1.uk-london-1.abwgiljrx2hiqe7cpdk45dbcjrlkexzn6oqqvj6od6wamesmwzvsp7by45ea",
            "compartment_id": "ocid1.compartment.oc1..aaaaaaaafofzhn5ni45serz4yqmweruxmxtkbhe2ie7b234u5hvfiwq6htnq",
            "create_vnic_details": [
              {
                "assign_public_ip": "false",
                "defined_tags": {
                  "SantaMonicaTagging.Createdby": "oracleidentitycloudservice/saul.chavez@oracle.com"
                },
                "display_name": "app1",
                "freeform_tags": {},
                "hostname_label": "app1",
                "nsg_ids": [
                  "ocid1.networksecuritygroup.oc1.uk-london-1.aaaaaaaamkieg5vzo7icmrhuacadfn6zh3fcg4lpzn6usgjzjii2l6ysw5la"
                ],
                "private_ip": "10.0.3.2",
                "skip_source_dest_check": false,
                "subnet_id": "ocid1.subnet.oc1.uk-london-1.aaaaaaaalpxspo6v3ddqo3zn2jahgk47lsjxaklvdnbliyyc5djbprwa7oaa",
                "vlan_id": ""
              }
            ],
            "dedicated_vm_host_id": null,
            "defined_tags": {
              "SantaMonicaTagging.Createdby": "oracleidentitycloudservice/saul.chavez@oracle.com"
            },
            "display_name": "app1",
            "extended_metadata": null,
            "fault_domain": "FAULT-DOMAIN-3",
            "freeform_tags": {},
            "hostname_label": "app1",
            "id": "ocid1.instance.oc1.uk-london-1.anwgiljrlbfmicqcpge4og5clh6pyfxnhvkcpfdq4g3t3hc7scnajlgbuiaq",
            "image": "ocid1.image.oc1.uk-london-1.aaaaaaaad3ykcml7uxbkl7oqxbnydtqslgg6oyz35ju5szz4lwttjxi36yua",
            "ipxe_script": null,
            "is_pv_encryption_in_transit_enabled": null,
            "launch_mode": "NATIVE",
            "launch_options": [
              {
                "boot_volume_type": "PARAVIRTUALIZED",
                "firmware": "UEFI_64",
                "is_consistent_volume_naming_enabled": true,
                "is_pv_encryption_in_transit_enabled": false,
                "network_type": "PARAVIRTUALIZED",
                "remote_data_volume_type": "PARAVIRTUALIZED"
              }
            ],
            "metadata": {
              "ssh_authorized_keys": "ssh-rsa AAAAB3NzaC1yc2EAAAADAQABAAABAQCdweEfM+0HqPP6g29wBXQdpJCPLpdI9N9P7GWTNCH2heJ6PlYA/zazMv4xSpkr4N8p0706Rs2kHPS9E7KQQiBVw5CA+UiHCZ4V4JhgMShfbWy+qi4tkJC6HXlR8bfyqUEUtF7trUWEOR7QKc2XAMbgbUmm5DDqrD0CjlyXOBl7zRxNw3e4k3bCRvkKOMS04bm0Dsv7IrpsjrMS+Snmgn1toYPQuU68F9OffucaIcWfi7oAsLw1f0tMxrvOwwRwVr7jARBM2VSbjmzMpg/ZNYicnk9zoEqi2rMCR8HxyHVXagjw5JCf5zXZ1UJ5flMnYwNO9ggq9/t/hXLxg1iI2H6f opc@aurora\n"
            },
            "preserve_boot_volume": null,
            "private_ip": "10.0.3.2",
            "public_ip": "",
            "region": "uk-london-1",
            "shape": "VM.Standard2.1",
            "shape_config": [
              {
                "gpu_description": "",
                "gpus": 0,
                "local_disk_description": "",
                "local_disks": 0,
                "local_disks_total_size_in_gbs": 0,
                "max_vnic_attachments": 2,
                "memory_in_gbs": 15,
                "networking_bandwidth_in_gbps": 1,
                "ocpus": 1,
                "processor_description": "2.0 GHz Intel® Xeon® Platinum 8167M (Skylake)"
              }
            ],
            "source_details": [
              {
                "boot_volume_size_in_gbs": "47",
                "kms_key_id": "",
                "source_id": "ocid1.image.oc1.uk-london-1.aaaaaaaad3ykcml7uxbkl7oqxbnydtqslgg6oyz35ju5szz4lwttjxi36yua",
                "source_type": "image"
              }
            ],
            "state": "RUNNING",
            "subnet_id": "ocid1.subnet.oc1.uk-london-1.aaaaaaaalpxspo6v3ddqo3zn2jahgk47lsjxaklvdnbliyyc5djbprwa7oaa",
            "system_tags": {},
            "time_created": "2020-09-02 16:11:13.121 +0000 UTC",
            "time_maintenance_reboot_due": "",
            "timeouts": null
          },
          "private": "eyJlMmJmYjczMC1lY2FhLTExZTYtOGY4OC0zNDM2M2JjN2M0YzAiOnsiY3JlYXRlIjo3MjAwMDAwMDAwMDAwLCJkZWxldGUiOjcyMDAwMDAwMDAwMDAsInVwZGF0ZSI6NzIwMDAwMDAwMDAwMH19",
          "dependencies": [
            "module.bastion_instance.oci_core_instance.bastion_server",
            "module.network.oci_core_drg.dr_drg",
            "module.network.oci_core_internet_gateway.dr_igw",
            "module.network.oci_core_nat_gateway.dr_nat",
            "module.network.oci_core_network_security_group.ping_all",
            "module.network.oci_core_route_table.private_route_table",
            "module.network.oci_core_route_table.public_route_table",
            "module.network.oci_core_security_list.access_security_list",
            "module.network.oci_core_security_list.dr_app_list",
            "module.network.oci_core_security_list.dr_fss_list",
            "module.network.oci_core_service_gateway.dr_service_gateway",
            "module.network.oci_core_subnet.access_subnet",
            "module.network.oci_core_subnet.app_subnet",
            "module.network.oci_core_vcn.dr_vcn"
          ]
        }
      ]
    },
    {
      "module": "module.app_server_2",
      "mode": "managed",
      "type": "oci_core_instance",
      "name": "private_server",
      "provider": "provider.oci",
      "instances": [
        {
          "schema_version": 0,
          "attributes": {
            "agent_config": [
              {
                "is_management_disabled": true,
                "is_monitoring_disabled": true
              }
            ],
            "availability_config": [
              {
                "recovery_action": "RESTORE_INSTANCE"
              }
            ],
            "availability_domain": "Zwzz:UK-LONDON-1-AD-1",
            "boot_volume_id": "ocid1.bootvolume.oc1.uk-london-1.abwgiljrfmwfbvhcq2nopfpmg4l52vsrkbl2vhsh6x4w5rksuqgmmjgz4bra",
            "compartment_id": "ocid1.compartment.oc1..aaaaaaaafofzhn5ni45serz4yqmweruxmxtkbhe2ie7b234u5hvfiwq6htnq",
            "create_vnic_details": [
              {
                "assign_public_ip": "false",
                "defined_tags": {
                  "SantaMonicaTagging.Createdby": "oracleidentitycloudservice/saul.chavez@oracle.com"
                },
                "display_name": "app2",
                "freeform_tags": {},
                "hostname_label": "app2",
                "nsg_ids": [
                  "ocid1.networksecuritygroup.oc1.uk-london-1.aaaaaaaamkieg5vzo7icmrhuacadfn6zh3fcg4lpzn6usgjzjii2l6ysw5la"
                ],
                "private_ip": "10.0.3.3",
                "skip_source_dest_check": false,
                "subnet_id": "ocid1.subnet.oc1.uk-london-1.aaaaaaaalpxspo6v3ddqo3zn2jahgk47lsjxaklvdnbliyyc5djbprwa7oaa",
                "vlan_id": ""
              }
            ],
            "dedicated_vm_host_id": null,
            "defined_tags": {
              "SantaMonicaTagging.Createdby": "oracleidentitycloudservice/saul.chavez@oracle.com"
            },
            "display_name": "app2",
            "extended_metadata": null,
            "fault_domain": "FAULT-DOMAIN-3",
            "freeform_tags": {},
            "hostname_label": "app2",
            "id": "ocid1.instance.oc1.uk-london-1.anwgiljrlbfmicqcghaecr6z4ofihspaezi6cpn5ogaopgdabhqsvi23yyia",
            "image": "ocid1.image.oc1.uk-london-1.aaaaaaaad3ykcml7uxbkl7oqxbnydtqslgg6oyz35ju5szz4lwttjxi36yua",
            "ipxe_script": null,
            "is_pv_encryption_in_transit_enabled": null,
            "launch_mode": "NATIVE",
            "launch_options": [
              {
                "boot_volume_type": "PARAVIRTUALIZED",
                "firmware": "UEFI_64",
                "is_consistent_volume_naming_enabled": true,
                "is_pv_encryption_in_transit_enabled": false,
                "network_type": "PARAVIRTUALIZED",
                "remote_data_volume_type": "PARAVIRTUALIZED"
              }
            ],
            "metadata": {
              "ssh_authorized_keys": "ssh-rsa AAAAB3NzaC1yc2EAAAADAQABAAABAQCdweEfM+0HqPP6g29wBXQdpJCPLpdI9N9P7GWTNCH2heJ6PlYA/zazMv4xSpkr4N8p0706Rs2kHPS9E7KQQiBVw5CA+UiHCZ4V4JhgMShfbWy+qi4tkJC6HXlR8bfyqUEUtF7trUWEOR7QKc2XAMbgbUmm5DDqrD0CjlyXOBl7zRxNw3e4k3bCRvkKOMS04bm0Dsv7IrpsjrMS+Snmgn1toYPQuU68F9OffucaIcWfi7oAsLw1f0tMxrvOwwRwVr7jARBM2VSbjmzMpg/ZNYicnk9zoEqi2rMCR8HxyHVXagjw5JCf5zXZ1UJ5flMnYwNO9ggq9/t/hXLxg1iI2H6f opc@aurora\n"
            },
            "preserve_boot_volume": null,
            "private_ip": "10.0.3.3",
            "public_ip": "",
            "region": "uk-london-1",
            "shape": "VM.Standard2.1",
            "shape_config": [
              {
                "gpu_description": "",
                "gpus": 0,
                "local_disk_description": "",
                "local_disks": 0,
                "local_disks_total_size_in_gbs": 0,
                "max_vnic_attachments": 2,
                "memory_in_gbs": 15,
                "networking_bandwidth_in_gbps": 1,
                "ocpus": 1,
                "processor_description": "2.0 GHz Intel® Xeon® Platinum 8167M (Skylake)"
              }
            ],
            "source_details": [
              {
                "boot_volume_size_in_gbs": "47",
                "kms_key_id": "",
                "source_id": "ocid1.image.oc1.uk-london-1.aaaaaaaad3ykcml7uxbkl7oqxbnydtqslgg6oyz35ju5szz4lwttjxi36yua",
                "source_type": "image"
              }
            ],
            "state": "RUNNING",
            "subnet_id": "ocid1.subnet.oc1.uk-london-1.aaaaaaaalpxspo6v3ddqo3zn2jahgk47lsjxaklvdnbliyyc5djbprwa7oaa",
            "system_tags": {},
            "time_created": "2020-09-02 16:11:13.214 +0000 UTC",
            "time_maintenance_reboot_due": "",
            "timeouts": null
          },
          "private": "eyJlMmJmYjczMC1lY2FhLTExZTYtOGY4OC0zNDM2M2JjN2M0YzAiOnsiY3JlYXRlIjo3MjAwMDAwMDAwMDAwLCJkZWxldGUiOjcyMDAwMDAwMDAwMDAsInVwZGF0ZSI6NzIwMDAwMDAwMDAwMH19",
          "dependencies": [
            "module.bastion_instance.oci_core_instance.bastion_server",
            "module.network.oci_core_drg.dr_drg",
            "module.network.oci_core_internet_gateway.dr_igw",
            "module.network.oci_core_nat_gateway.dr_nat",
            "module.network.oci_core_network_security_group.ping_all",
            "module.network.oci_core_route_table.private_route_table",
            "module.network.oci_core_route_table.public_route_table",
            "module.network.oci_core_security_list.access_security_list",
            "module.network.oci_core_security_list.dr_app_list",
            "module.network.oci_core_security_list.dr_fss_list",
            "module.network.oci_core_service_gateway.dr_service_gateway",
            "module.network.oci_core_subnet.access_subnet",
            "module.network.oci_core_subnet.app_subnet",
            "module.network.oci_core_vcn.dr_vcn"
          ]
        }
      ]
    },
    {
      "module": "module.dr_network",
      "mode": "managed",
      "type": "oci_core_internet_gateway",
      "name": "dr_igw",
      "provider": "provider.oci.dr",
      "instances": [
        {
          "schema_version": 0,
          "attributes": {
            "compartment_id": "ocid1.compartment.oc1..aaaaaaaafofzhn5ni45serz4yqmweruxmxtkbhe2ie7b234u5hvfiwq6htnq",
            "defined_tags": {
              "SantaMonicaTagging.Createdby": "oracleidentitycloudservice/saul.chavez@oracle.com"
            },
            "display_name": "igw",
            "enabled": true,
            "freeform_tags": {
              "Environment": "dr"
            },
            "id": "ocid1.internetgateway.oc1.eu-frankfurt-1.aaaaaaaawq6gfijlpb2h6ac2k7ak47phbmnokfsrjz265ilrma7amyekqx6a",
            "state": "AVAILABLE",
            "time_created": "2020-09-02 16:08:14.267 +0000 UTC",
            "timeouts": null,
            "vcn_id": "ocid1.vcn.oc1.eu-frankfurt-1.amaaaaaalbfmicqa2tqfueek64h32c3blw253syh3cxr4mt4m36fig52flxq"
          },
          "private": "eyJlMmJmYjczMC1lY2FhLTExZTYtOGY4OC0zNDM2M2JjN2M0YzAiOnsiY3JlYXRlIjo5MDAwMDAwMDAwMDAsImRlbGV0ZSI6OTAwMDAwMDAwMDAwLCJ1cGRhdGUiOjkwMDAwMDAwMDAwMH19",
          "dependencies": [
            "module.dr_network.oci_core_vcn.dr_vcn"
          ]
        }
      ]
    },
    {
      "module": "module.network",
      "mode": "managed",
      "type": "oci_core_internet_gateway",
      "name": "dr_igw",
      "provider": "provider.oci",
      "instances": [
        {
          "schema_version": 0,
          "attributes": {
            "compartment_id": "ocid1.compartment.oc1..aaaaaaaafofzhn5ni45serz4yqmweruxmxtkbhe2ie7b234u5hvfiwq6htnq",
            "defined_tags": {
              "SantaMonicaTagging.Createdby": "oracleidentitycloudservice/saul.chavez@oracle.com"
            },
            "display_name": "igw",
            "enabled": true,
            "freeform_tags": {
              "Environment": "dr"
            },
            "id": "ocid1.internetgateway.oc1.uk-london-1.aaaaaaaaksxemniqekrft2dmxgc55w5md54t2ekqsmlycwdnkv6szrvswzhq",
            "state": "AVAILABLE",
            "time_created": "2020-09-02 16:08:15.484 +0000 UTC",
            "timeouts": null,
            "vcn_id": "ocid1.vcn.oc1.uk-london-1.amaaaaaalbfmicqamonlsmv4feu7zbq54vp4oqj55repoifyjzyqe2vji66q"
          },
          "private": "eyJlMmJmYjczMC1lY2FhLTExZTYtOGY4OC0zNDM2M2JjN2M0YzAiOnsiY3JlYXRlIjo5MDAwMDAwMDAwMDAsImRlbGV0ZSI6OTAwMDAwMDAwMDAwLCJ1cGRhdGUiOjkwMDAwMDAwMDAwMH19",
          "dependencies": [
            "module.network.oci_core_vcn.dr_vcn"
          ]
        }
      ]
    },
    {
      "module": "module.dr_network",
      "mode": "managed",
      "type": "oci_core_nat_gateway",
      "name": "dr_nat",
      "provider": "provider.oci.dr",
      "instances": [
        {
          "schema_version": 0,
          "attributes": {
            "block_traffic": false,
            "compartment_id": "ocid1.compartment.oc1..aaaaaaaafofzhn5ni45serz4yqmweruxmxtkbhe2ie7b234u5hvfiwq6htnq",
            "defined_tags": {
              "SantaMonicaTagging.Createdby": "oracleidentitycloudservice/saul.chavez@oracle.com"
            },
            "display_name": "nat",
            "freeform_tags": {
              "Environment": "dr"
            },
            "id": "ocid1.natgateway.oc1.eu-frankfurt-1.aaaaaaaalmyd6tejwkwk4yf4kqfx6spdow2mxjjjatzuorfjgox5wgwdxenq",
            "nat_ip": "193.122.57.37",
            "state": "AVAILABLE",
            "time_created": "2020-09-02 16:08:14.736 +0000 UTC",
            "timeouts": null,
            "vcn_id": "ocid1.vcn.oc1.eu-frankfurt-1.amaaaaaalbfmicqa2tqfueek64h32c3blw253syh3cxr4mt4m36fig52flxq"
          },
          "private": "eyJlMmJmYjczMC1lY2FhLTExZTYtOGY4OC0zNDM2M2JjN2M0YzAiOnsiY3JlYXRlIjo5MDAwMDAwMDAwMDAsImRlbGV0ZSI6OTAwMDAwMDAwMDAwLCJ1cGRhdGUiOjkwMDAwMDAwMDAwMH19",
          "dependencies": [
            "module.dr_network.oci_core_vcn.dr_vcn"
          ]
        }
      ]
    },
    {
      "module": "module.network",
      "mode": "managed",
      "type": "oci_core_nat_gateway",
      "name": "dr_nat",
      "provider": "provider.oci",
      "instances": [
        {
          "schema_version": 0,
          "attributes": {
            "block_traffic": false,
            "compartment_id": "ocid1.compartment.oc1..aaaaaaaafofzhn5ni45serz4yqmweruxmxtkbhe2ie7b234u5hvfiwq6htnq",
            "defined_tags": {
              "SantaMonicaTagging.Createdby": "oracleidentitycloudservice/saul.chavez@oracle.com"
            },
            "display_name": "nat",
            "freeform_tags": {
              "Environment": "dr"
            },
            "id": "ocid1.natgateway.oc1.uk-london-1.aaaaaaaaggu3x6voxqr2zoxpxnlq4dnt2njchws675wfxywpuoiezu4p5wsa",
            "nat_ip": "152.67.139.137",
            "state": "AVAILABLE",
            "time_created": "2020-09-02 16:08:15.448 +0000 UTC",
            "timeouts": null,
            "vcn_id": "ocid1.vcn.oc1.uk-london-1.amaaaaaalbfmicqamonlsmv4feu7zbq54vp4oqj55repoifyjzyqe2vji66q"
          },
          "private": "eyJlMmJmYjczMC1lY2FhLTExZTYtOGY4OC0zNDM2M2JjN2M0YzAiOnsiY3JlYXRlIjo5MDAwMDAwMDAwMDAsImRlbGV0ZSI6OTAwMDAwMDAwMDAwLCJ1cGRhdGUiOjkwMDAwMDAwMDAwMH19",
          "dependencies": [
            "module.network.oci_core_vcn.dr_vcn"
          ]
        }
      ]
    },
    {
      "module": "module.dr_network",
      "mode": "managed",
      "type": "oci_core_network_security_group",
      "name": "ping_all",
      "provider": "provider.oci.dr",
      "instances": [
        {
          "schema_version": 0,
          "attributes": {
            "compartment_id": "ocid1.compartment.oc1..aaaaaaaafofzhn5ni45serz4yqmweruxmxtkbhe2ie7b234u5hvfiwq6htnq",
            "defined_tags": {
              "SantaMonicaTagging.Createdby": "oracleidentitycloudservice/saul.chavez@oracle.com"
            },
            "display_name": "ping_all",
            "freeform_tags": {},
            "id": "ocid1.networksecuritygroup.oc1.eu-frankfurt-1.aaaaaaaa6qhyxe7dilzu525m7hht3ejol7ijqpspd7qomkiswpfjithx7uhq",
            "state": "AVAILABLE",
            "time_created": "2020-09-02 16:08:14.274 +0000 UTC",
            "timeouts": null,
            "vcn_id": "ocid1.vcn.oc1.eu-frankfurt-1.amaaaaaalbfmicqa2tqfueek64h32c3blw253syh3cxr4mt4m36fig52flxq"
          },
          "private": "eyJlMmJmYjczMC1lY2FhLTExZTYtOGY4OC0zNDM2M2JjN2M0YzAiOnsiY3JlYXRlIjo5MDAwMDAwMDAwMDAsImRlbGV0ZSI6OTAwMDAwMDAwMDAwLCJ1cGRhdGUiOjkwMDAwMDAwMDAwMH19",
          "dependencies": [
            "module.dr_network.oci_core_vcn.dr_vcn"
          ]
        }
      ]
    },
    {
      "module": "module.network",
      "mode": "managed",
      "type": "oci_core_network_security_group",
      "name": "ping_all",
      "provider": "provider.oci",
      "instances": [
        {
          "schema_version": 0,
          "attributes": {
            "compartment_id": "ocid1.compartment.oc1..aaaaaaaafofzhn5ni45serz4yqmweruxmxtkbhe2ie7b234u5hvfiwq6htnq",
            "defined_tags": {
              "SantaMonicaTagging.Createdby": "oracleidentitycloudservice/saul.chavez@oracle.com"
            },
            "display_name": "ping_all",
            "freeform_tags": {},
            "id": "ocid1.networksecuritygroup.oc1.uk-london-1.aaaaaaaamkieg5vzo7icmrhuacadfn6zh3fcg4lpzn6usgjzjii2l6ysw5la",
            "state": "AVAILABLE",
            "time_created": "2020-09-02 16:08:15.092 +0000 UTC",
            "timeouts": null,
            "vcn_id": "ocid1.vcn.oc1.uk-london-1.amaaaaaalbfmicqamonlsmv4feu7zbq54vp4oqj55repoifyjzyqe2vji66q"
          },
          "private": "eyJlMmJmYjczMC1lY2FhLTExZTYtOGY4OC0zNDM2M2JjN2M0YzAiOnsiY3JlYXRlIjo5MDAwMDAwMDAwMDAsImRlbGV0ZSI6OTAwMDAwMDAwMDAwLCJ1cGRhdGUiOjkwMDAwMDAwMDAwMH19",
          "dependencies": [
            "module.network.oci_core_vcn.dr_vcn"
          ]
        }
      ]
    },
    {
      "module": "module.dr_network",
      "mode": "managed",
      "type": "oci_core_network_security_group_security_rule",
      "name": "ping_all",
      "provider": "provider.oci.dr",
      "instances": [
        {
          "schema_version": 0,
          "attributes": {
            "description": "Ping across all instances",
            "destination": null,
            "destination_type": "",
            "direction": "INGRESS",
            "icmp_options": [],
            "id": "18A00A",
            "is_valid": true,
            "network_security_group_id": "ocid1.networksecuritygroup.oc1.eu-frankfurt-1.aaaaaaaa6qhyxe7dilzu525m7hht3ejol7ijqpspd7qomkiswpfjithx7uhq",
            "protocol": "1",
            "source": "0.0.0.0/0",
            "source_type": "CIDR_BLOCK",
            "stateless": null,
            "tcp_options": [],
            "time_created": "2020-09-02 16:08:15.772 +0000 UTC",
            "timeouts": null,
            "udp_options": []
          },
          "private": "eyJlMmJmYjczMC1lY2FhLTExZTYtOGY4OC0zNDM2M2JjN2M0YzAiOnsiY3JlYXRlIjo5MDAwMDAwMDAwMDAsImRlbGV0ZSI6OTAwMDAwMDAwMDAwLCJ1cGRhdGUiOjkwMDAwMDAwMDAwMH19",
          "dependencies": [
            "module.dr_network.oci_core_network_security_group.ping_all",
            "module.dr_network.oci_core_vcn.dr_vcn"
          ]
        }
      ]
    },
    {
      "module": "module.network",
      "mode": "managed",
      "type": "oci_core_network_security_group_security_rule",
      "name": "ping_all",
      "provider": "provider.oci",
      "instances": [
        {
          "schema_version": 0,
          "attributes": {
            "description": "Ping across all instances",
            "destination": null,
            "destination_type": "",
            "direction": "INGRESS",
            "icmp_options": [],
            "id": "B0826C",
            "is_valid": true,
            "network_security_group_id": "ocid1.networksecuritygroup.oc1.uk-london-1.aaaaaaaamkieg5vzo7icmrhuacadfn6zh3fcg4lpzn6usgjzjii2l6ysw5la",
            "protocol": "1",
            "source": "0.0.0.0/0",
            "source_type": "CIDR_BLOCK",
            "stateless": null,
            "tcp_options": [],
            "time_created": "2020-09-02 16:08:15.753 +0000 UTC",
            "timeouts": null,
            "udp_options": []
          },
          "private": "eyJlMmJmYjczMC1lY2FhLTExZTYtOGY4OC0zNDM2M2JjN2M0YzAiOnsiY3JlYXRlIjo5MDAwMDAwMDAwMDAsImRlbGV0ZSI6OTAwMDAwMDAwMDAwLCJ1cGRhdGUiOjkwMDAwMDAwMDAwMH19",
          "dependencies": [
            "module.network.oci_core_network_security_group.ping_all",
            "module.network.oci_core_vcn.dr_vcn"
          ]
        }
      ]
    },
    {
      "module": "module.dr_network",
      "mode": "managed",
      "type": "oci_core_remote_peering_connection",
      "name": "dr_remote_peering_connection",
      "each": "list",
      "provider": "provider.oci.dr",
      "instances": [
        {
          "index_key": 0,
          "schema_version": 0,
          "attributes": {
            "compartment_id": "ocid1.compartment.oc1..aaaaaaaafofzhn5ni45serz4yqmweruxmxtkbhe2ie7b234u5hvfiwq6htnq",
            "defined_tags": {
              "SantaMonicaTagging.Createdby": "oracleidentitycloudservice/saul.chavez@oracle.com"
            },
            "display_name": "remotepeeringconnection20200902160830",
            "drg_id": "ocid1.drg.oc1.eu-frankfurt-1.aaaaaaaaf756buzjnju3xj4ooruc3u3o5ziydrbek4lahq2obvse7k3clpeq",
            "freeform_tags": {},
            "id": "ocid1.remotepeeringconnection.oc1.eu-frankfurt-1.aaaaaaaa7np2enwthmnqelntzfv2p6ge2totracfs2zgajlnbgegz4yfdwcq",
            "is_cross_tenancy_peering": false,
            "peer_id": null,
            "peer_region_name": null,
            "peer_tenancy_id": null,
            "peering_status": "NEW",
            "state": "AVAILABLE",
            "time_created": "2020-09-02 16:08:30.453 +0000 UTC",
            "timeouts": null
          },
          "private": "eyJlMmJmYjczMC1lY2FhLTExZTYtOGY4OC0zNDM2M2JjN2M0YzAiOnsiY3JlYXRlIjo5MDAwMDAwMDAwMDAsImRlbGV0ZSI6OTAwMDAwMDAwMDAwLCJ1cGRhdGUiOjkwMDAwMDAwMDAwMH19",
          "dependencies": [
            "module.dr_network.oci_core_drg.dr_drg",
            "module.dr_network.oci_core_drg_attachment.dr_drg_attachment",
            "module.dr_network.oci_core_vcn.dr_vcn"
          ]
        }
      ]
    },
    {
      "module": "module.network",
      "mode": "managed",
      "type": "oci_core_remote_peering_connection",
      "name": "dr_remote_peering_connection",
      "each": "list",
      "provider": "provider.oci",
      "instances": []
    },
    {
      "module": "module.dr_network",
      "mode": "managed",
      "type": "oci_core_remote_peering_connection",
      "name": "dr_remote_peering_setup",
      "each": "list",
      "provider": "provider.oci.dr",
      "instances": []
    },
    {
      "module": "module.network",
      "mode": "managed",
      "type": "oci_core_remote_peering_connection",
      "name": "dr_remote_peering_setup",
      "each": "list",
      "provider": "provider.oci",
      "instances": [
        {
          "index_key": 0,
          "schema_version": 0,
          "attributes": {
            "compartment_id": "ocid1.compartment.oc1..aaaaaaaafofzhn5ni45serz4yqmweruxmxtkbhe2ie7b234u5hvfiwq6htnq",
            "defined_tags": {
              "SantaMonicaTagging.Createdby": "oracleidentitycloudservice/saul.chavez@oracle.com"
            },
            "display_name": "dr_peering",
            "drg_id": "ocid1.drg.oc1.uk-london-1.aaaaaaaazsbtesizwr4ds6jhcltpvysfto7jxgpmiscjbijik5dos4lalooa",
            "freeform_tags": {},
            "id": "ocid1.remotepeeringconnection.oc1.uk-london-1.aaaaaaaa76yi5ijj4dj3wci7qlqk7w35htcicf6njhqa7xi6rvwt6yb5yhva",
            "is_cross_tenancy_peering": false,
            "peer_id": "ocid1.remotepeeringconnection.oc1.eu-frankfurt-1.aaaaaaaa7np2enwthmnqelntzfv2p6ge2totracfs2zgajlnbgegz4yfdwcq",
            "peer_region_name": "eu-frankfurt-1",
            "peer_tenancy_id": "ocid1.tenancy.oc1..aaaaaaaampajwjptkttmi3cv6xt5eiwkqbkiqxuwb7kom4lomsbjfpvjuteq",
            "peering_status": "PEERED",
            "state": "AVAILABLE",
            "time_created": "2020-09-02 16:08:33.706 +0000 UTC",
            "timeouts": null
          },
          "private": "eyJlMmJmYjczMC1lY2FhLTExZTYtOGY4OC0zNDM2M2JjN2M0YzAiOnsiY3JlYXRlIjo5MDAwMDAwMDAwMDAsImRlbGV0ZSI6OTAwMDAwMDAwMDAwLCJ1cGRhdGUiOjkwMDAwMDAwMDAwMH19",
          "dependencies": [
            "module.dr_network.oci_core_drg.dr_drg",
            "module.dr_network.oci_core_drg_attachment.dr_drg_attachment",
            "module.dr_network.oci_core_remote_peering_connection.dr_remote_peering_connection",
            "module.dr_network.oci_core_vcn.dr_vcn",
            "module.network.oci_core_drg.dr_drg",
            "module.network.oci_core_drg_attachment.dr_drg_attachment",
            "module.network.oci_core_vcn.dr_vcn"
          ]
        }
      ]
    },
    {
      "module": "module.dr_network",
      "mode": "managed",
      "type": "oci_core_route_table",
      "name": "private_route_table",
      "provider": "provider.oci.dr",
      "instances": [
        {
          "schema_version": 0,
          "attributes": {
            "compartment_id": "ocid1.compartment.oc1..aaaaaaaafofzhn5ni45serz4yqmweruxmxtkbhe2ie7b234u5hvfiwq6htnq",
            "defined_tags": {
              "SantaMonicaTagging.Createdby": "oracleidentitycloudservice/saul.chavez@oracle.com"
            },
            "display_name": "private_rte",
            "freeform_tags": {
              "Environment": "dr"
            },
            "id": "ocid1.routetable.oc1.eu-frankfurt-1.aaaaaaaaocsgzmhvlwgch2a3avz5impbvfwmcrgatlnz7rmpkfjpghuwwuya",
            "route_rules": [
              {
                "cidr_block": "",
                "description": "",
                "destination": "0.0.0.0/0",
                "destination_type": "CIDR_BLOCK",
                "network_entity_id": "ocid1.natgateway.oc1.eu-frankfurt-1.aaaaaaaalmyd6tejwkwk4yf4kqfx6spdow2mxjjjatzuorfjgox5wgwdxenq"
              },
              {
                "cidr_block": "",
                "description": "",
                "destination": "10.0.0.0/16",
                "destination_type": "CIDR_BLOCK",
                "network_entity_id": "ocid1.drg.oc1.eu-frankfurt-1.aaaaaaaaf756buzjnju3xj4ooruc3u3o5ziydrbek4lahq2obvse7k3clpeq"
              },
              {
                "cidr_block": "",
                "description": "",
                "destination": "all-fra-services-in-oracle-services-network",
                "destination_type": "SERVICE_CIDR_BLOCK",
                "network_entity_id": "ocid1.servicegateway.oc1.eu-frankfurt-1.aaaaaaaaaw4kl7uhhr2ellplutiivggfomr6hppcjtbbxhw2ntdbrtjcokna"
              }
            ],
            "state": "AVAILABLE",
            "time_created": "2020-09-02 16:08:29.147 +0000 UTC",
            "timeouts": null,
            "vcn_id": "ocid1.vcn.oc1.eu-frankfurt-1.amaaaaaalbfmicqa2tqfueek64h32c3blw253syh3cxr4mt4m36fig52flxq"
          },
          "private": "eyJlMmJmYjczMC1lY2FhLTExZTYtOGY4OC0zNDM2M2JjN2M0YzAiOnsiY3JlYXRlIjo5MDAwMDAwMDAwMDAsImRlbGV0ZSI6OTAwMDAwMDAwMDAwLCJ1cGRhdGUiOjkwMDAwMDAwMDAwMH19",
          "dependencies": [
            "module.dr_network.oci_core_drg.dr_drg",
            "module.dr_network.oci_core_nat_gateway.dr_nat",
            "module.dr_network.oci_core_service_gateway.dr_service_gateway",
            "module.dr_network.oci_core_vcn.dr_vcn"
          ]
        }
      ]
    },
    {
      "module": "module.network",
      "mode": "managed",
      "type": "oci_core_route_table",
      "name": "private_route_table",
      "provider": "provider.oci",
      "instances": [
        {
          "schema_version": 0,
          "attributes": {
            "compartment_id": "ocid1.compartment.oc1..aaaaaaaafofzhn5ni45serz4yqmweruxmxtkbhe2ie7b234u5hvfiwq6htnq",
            "defined_tags": {
              "SantaMonicaTagging.Createdby": "oracleidentitycloudservice/saul.chavez@oracle.com"
            },
            "display_name": "private_rte",
            "freeform_tags": {
              "Environment": "dr"
            },
            "id": "ocid1.routetable.oc1.uk-london-1.aaaaaaaazvq5r5pktl4h42nhccoaoqp45u777f3hjvsymfwhdfi4wbwtjnfa",
            "route_rules": [
              {
                "cidr_block": "",
                "description": "",
                "destination": "0.0.0.0/0",
                "destination_type": "CIDR_BLOCK",
                "network_entity_id": "ocid1.natgateway.oc1.uk-london-1.aaaaaaaaggu3x6voxqr2zoxpxnlq4dnt2njchws675wfxywpuoiezu4p5wsa"
              },
              {
                "cidr_block": "",
                "description": "",
                "destination": "192.168.0.0/16",
                "destination_type": "CIDR_BLOCK",
                "network_entity_id": "ocid1.drg.oc1.uk-london-1.aaaaaaaazsbtesizwr4ds6jhcltpvysfto7jxgpmiscjbijik5dos4lalooa"
              },
              {
                "cidr_block": "",
                "description": "",
                "destination": "all-lhr-services-in-oracle-services-network",
                "destination_type": "SERVICE_CIDR_BLOCK",
                "network_entity_id": "ocid1.servicegateway.oc1.uk-london-1.aaaaaaaa7qdha2htlutx7rfzol4es5ctaxzh2mndzlpbw67d6l4qfxsa3qgq"
              }
            ],
            "state": "AVAILABLE",
            "time_created": "2020-09-02 16:08:29.869 +0000 UTC",
            "timeouts": null,
            "vcn_id": "ocid1.vcn.oc1.uk-london-1.amaaaaaalbfmicqamonlsmv4feu7zbq54vp4oqj55repoifyjzyqe2vji66q"
          },
          "private": "eyJlMmJmYjczMC1lY2FhLTExZTYtOGY4OC0zNDM2M2JjN2M0YzAiOnsiY3JlYXRlIjo5MDAwMDAwMDAwMDAsImRlbGV0ZSI6OTAwMDAwMDAwMDAwLCJ1cGRhdGUiOjkwMDAwMDAwMDAwMH19",
          "dependencies": [
            "module.network.oci_core_drg.dr_drg",
            "module.network.oci_core_nat_gateway.dr_nat",
            "module.network.oci_core_service_gateway.dr_service_gateway",
            "module.network.oci_core_vcn.dr_vcn"
          ]
        }
      ]
    },
    {
      "module": "module.dr_network",
      "mode": "managed",
      "type": "oci_core_route_table",
      "name": "public_route_table",
      "provider": "provider.oci.dr",
      "instances": [
        {
          "schema_version": 0,
          "attributes": {
            "compartment_id": "ocid1.compartment.oc1..aaaaaaaafofzhn5ni45serz4yqmweruxmxtkbhe2ie7b234u5hvfiwq6htnq",
            "defined_tags": {
              "SantaMonicaTagging.Createdby": "oracleidentitycloudservice/saul.chavez@oracle.com"
            },
            "display_name": "public_rte",
            "freeform_tags": {
              "Environment": "dr"
            },
            "id": "ocid1.routetable.oc1.eu-frankfurt-1.aaaaaaaaekhzkdzjuuwhsk7gevgd3jalqhjo67vhkr2me4tntgmqmopmwa7q",
            "route_rules": [
              {
                "cidr_block": "",
                "description": "",
                "destination": "0.0.0.0/0",
                "destination_type": "CIDR_BLOCK",
                "network_entity_id": "ocid1.internetgateway.oc1.eu-frankfurt-1.aaaaaaaawq6gfijlpb2h6ac2k7ak47phbmnokfsrjz265ilrma7amyekqx6a"
              }
            ],
            "state": "AVAILABLE",
            "time_created": "2020-09-02 16:08:15.496 +0000 UTC",
            "timeouts": null,
            "vcn_id": "ocid1.vcn.oc1.eu-frankfurt-1.amaaaaaalbfmicqa2tqfueek64h32c3blw253syh3cxr4mt4m36fig52flxq"
          },
          "private": "eyJlMmJmYjczMC1lY2FhLTExZTYtOGY4OC0zNDM2M2JjN2M0YzAiOnsiY3JlYXRlIjo5MDAwMDAwMDAwMDAsImRlbGV0ZSI6OTAwMDAwMDAwMDAwLCJ1cGRhdGUiOjkwMDAwMDAwMDAwMH19",
          "dependencies": [
            "module.dr_network.oci_core_internet_gateway.dr_igw",
            "module.dr_network.oci_core_vcn.dr_vcn"
          ]
        }
      ]
    },
    {
      "module": "module.network",
      "mode": "managed",
      "type": "oci_core_route_table",
      "name": "public_route_table",
      "provider": "provider.oci",
      "instances": [
        {
          "schema_version": 0,
          "attributes": {
            "compartment_id": "ocid1.compartment.oc1..aaaaaaaafofzhn5ni45serz4yqmweruxmxtkbhe2ie7b234u5hvfiwq6htnq",
            "defined_tags": {
              "SantaMonicaTagging.Createdby": "oracleidentitycloudservice/saul.chavez@oracle.com"
            },
            "display_name": "public_rte",
            "freeform_tags": {
              "Environment": "dr"
            },
            "id": "ocid1.routetable.oc1.uk-london-1.aaaaaaaax3lnvwcbasrb45qygfjbtot7w5kkifzqyum65fuvzd5erxm46jna",
            "route_rules": [
              {
                "cidr_block": "",
                "description": "",
                "destination": "0.0.0.0/0",
                "destination_type": "CIDR_BLOCK",
                "network_entity_id": "ocid1.internetgateway.oc1.uk-london-1.aaaaaaaaksxemniqekrft2dmxgc55w5md54t2ekqsmlycwdnkv6szrvswzhq"
              }
            ],
            "state": "AVAILABLE",
            "time_created": "2020-09-02 16:08:15.867 +0000 UTC",
            "timeouts": null,
            "vcn_id": "ocid1.vcn.oc1.uk-london-1.amaaaaaalbfmicqamonlsmv4feu7zbq54vp4oqj55repoifyjzyqe2vji66q"
          },
          "private": "eyJlMmJmYjczMC1lY2FhLTExZTYtOGY4OC0zNDM2M2JjN2M0YzAiOnsiY3JlYXRlIjo5MDAwMDAwMDAwMDAsImRlbGV0ZSI6OTAwMDAwMDAwMDAwLCJ1cGRhdGUiOjkwMDAwMDAwMDAwMH19",
          "dependencies": [
            "module.network.oci_core_internet_gateway.dr_igw",
            "module.network.oci_core_vcn.dr_vcn"
          ]
        }
      ]
    },
    {
      "module": "module.dr_network",
      "mode": "managed",
      "type": "oci_core_security_list",
      "name": "access_security_list",
      "provider": "provider.oci.dr",
      "instances": [
        {
          "schema_version": 0,
          "attributes": {
            "compartment_id": "ocid1.compartment.oc1..aaaaaaaafofzhn5ni45serz4yqmweruxmxtkbhe2ie7b234u5hvfiwq6htnq",
            "defined_tags": {
              "SantaMonicaTagging.Createdby": "oracleidentitycloudservice/saul.chavez@oracle.com"
            },
            "display_name": "access_security_list",
            "egress_security_rules": [
              {
                "description": "",
                "destination": "0.0.0.0/0",
                "destination_type": "CIDR_BLOCK",
                "icmp_options": [],
                "protocol": "6",
                "stateless": false,
                "tcp_options": [],
                "udp_options": []
              }
            ],
            "freeform_tags": {
              "Environment": "dr"
            },
            "id": "ocid1.securitylist.oc1.eu-frankfurt-1.aaaaaaaawqz2tfjgd6ubtfwo2a4nc5cxbm6ehzh2tof27yre762mpnab3akq",
            "ingress_security_rules": [
              {
                "description": "",
                "icmp_options": [],
                "protocol": "1",
                "source": "0.0.0.0/0",
                "source_type": "CIDR_BLOCK",
                "stateless": false,
                "tcp_options": [],
                "udp_options": []
              },
              {
                "description": "",
                "icmp_options": [],
                "protocol": "6",
                "source": "0.0.0.0/0",
                "source_type": "CIDR_BLOCK",
                "stateless": false,
                "tcp_options": [
                  {
                    "max": 443,
                    "min": 443,
                    "source_port_range": []
                  }
                ],
                "udp_options": []
              },
              {
                "description": "",
                "icmp_options": [],
                "protocol": "6",
                "source": "0.0.0.0/0",
                "source_type": "CIDR_BLOCK",
                "stateless": false,
                "tcp_options": [
                  {
                    "max": 80,
                    "min": 80,
                    "source_port_range": []
                  }
                ],
                "udp_options": []
              }
            ],
            "state": "AVAILABLE",
            "time_created": "2020-09-02 16:08:14.235 +0000 UTC",
            "timeouts": null,
            "vcn_id": "ocid1.vcn.oc1.eu-frankfurt-1.amaaaaaalbfmicqa2tqfueek64h32c3blw253syh3cxr4mt4m36fig52flxq"
          },
          "private": "eyJlMmJmYjczMC1lY2FhLTExZTYtOGY4OC0zNDM2M2JjN2M0YzAiOnsiY3JlYXRlIjo5MDAwMDAwMDAwMDAsImRlbGV0ZSI6OTAwMDAwMDAwMDAwLCJ1cGRhdGUiOjkwMDAwMDAwMDAwMH19",
          "dependencies": [
            "module.dr_network.oci_core_vcn.dr_vcn"
          ]
        }
      ]
    },
    {
      "module": "module.network",
      "mode": "managed",
      "type": "oci_core_security_list",
      "name": "access_security_list",
      "provider": "provider.oci",
      "instances": [
        {
          "schema_version": 0,
          "attributes": {
            "compartment_id": "ocid1.compartment.oc1..aaaaaaaafofzhn5ni45serz4yqmweruxmxtkbhe2ie7b234u5hvfiwq6htnq",
            "defined_tags": {
              "SantaMonicaTagging.Createdby": "oracleidentitycloudservice/saul.chavez@oracle.com"
            },
            "display_name": "access_security_list",
            "egress_security_rules": [
              {
                "description": "",
                "destination": "0.0.0.0/0",
                "destination_type": "CIDR_BLOCK",
                "icmp_options": [],
                "protocol": "6",
                "stateless": false,
                "tcp_options": [],
                "udp_options": []
              }
            ],
            "freeform_tags": {
              "Environment": "dr"
            },
            "id": "ocid1.securitylist.oc1.uk-london-1.aaaaaaaantqfnimaxvd5newtkg3n5h3x3wclnjr42msbqckb5igunpjnsela",
            "ingress_security_rules": [
              {
                "description": "",
                "icmp_options": [],
                "protocol": "1",
                "source": "0.0.0.0/0",
                "source_type": "CIDR_BLOCK",
                "stateless": false,
                "tcp_options": [],
                "udp_options": []
              },
              {
                "description": "",
                "icmp_options": [],
                "protocol": "6",
                "source": "0.0.0.0/0",
                "source_type": "CIDR_BLOCK",
                "stateless": false,
                "tcp_options": [
                  {
                    "max": 443,
                    "min": 443,
                    "source_port_range": []
                  }
                ],
                "udp_options": []
              },
              {
                "description": "",
                "icmp_options": [],
                "protocol": "6",
                "source": "0.0.0.0/0",
                "source_type": "CIDR_BLOCK",
                "stateless": false,
                "tcp_options": [
                  {
                    "max": 80,
                    "min": 80,
                    "source_port_range": []
                  }
                ],
                "udp_options": []
              }
            ],
            "state": "AVAILABLE",
            "time_created": "2020-09-02 16:08:15.272 +0000 UTC",
            "timeouts": null,
            "vcn_id": "ocid1.vcn.oc1.uk-london-1.amaaaaaalbfmicqamonlsmv4feu7zbq54vp4oqj55repoifyjzyqe2vji66q"
          },
          "private": "eyJlMmJmYjczMC1lY2FhLTExZTYtOGY4OC0zNDM2M2JjN2M0YzAiOnsiY3JlYXRlIjo5MDAwMDAwMDAwMDAsImRlbGV0ZSI6OTAwMDAwMDAwMDAwLCJ1cGRhdGUiOjkwMDAwMDAwMDAwMH19",
          "dependencies": [
            "module.network.oci_core_vcn.dr_vcn"
          ]
        }
      ]
    },
    {
      "module": "module.dr_network",
      "mode": "managed",
      "type": "oci_core_security_list",
      "name": "dr_app_list",
      "provider": "provider.oci.dr",
      "instances": [
        {
          "schema_version": 0,
          "attributes": {
            "compartment_id": "ocid1.compartment.oc1..aaaaaaaafofzhn5ni45serz4yqmweruxmxtkbhe2ie7b234u5hvfiwq6htnq",
            "defined_tags": {
              "SantaMonicaTagging.Createdby": "oracleidentitycloudservice/saul.chavez@oracle.com"
            },
            "display_name": "dr_app_sec_list",
            "egress_security_rules": [
              {
                "description": "",
                "destination": "0.0.0.0/0",
                "destination_type": "CIDR_BLOCK",
                "icmp_options": [],
                "protocol": "6",
                "stateless": false,
                "tcp_options": [],
                "udp_options": []
              }
            ],
            "freeform_tags": {
              "Environment": "dr"
            },
            "id": "ocid1.securitylist.oc1.eu-frankfurt-1.aaaaaaaai43lu4mt3uaubri2posloore3s7mdqnewrxwndvimth46376u5gq",
            "ingress_security_rules": [
              {
                "description": "",
                "icmp_options": [],
                "protocol": "6",
                "source": "192.168.0.0/16",
                "source_type": "CIDR_BLOCK",
                "stateless": false,
                "tcp_options": [
                  {
                    "max": 7008,
                    "min": 7001,
                    "source_port_range": []
                  }
                ],
                "udp_options": []
              },
              {
                "description": "",
                "icmp_options": [],
                "protocol": "6",
                "source": "192.168.0.0/16",
                "source_type": "CIDR_BLOCK",
                "stateless": false,
                "tcp_options": [
                  {
                    "max": 80,
                    "min": 80,
                    "source_port_range": []
                  }
                ],
                "udp_options": []
              }
            ],
            "state": "AVAILABLE",
            "time_created": "2020-09-02 16:08:14.223 +0000 UTC",
            "timeouts": null,
            "vcn_id": "ocid1.vcn.oc1.eu-frankfurt-1.amaaaaaalbfmicqa2tqfueek64h32c3blw253syh3cxr4mt4m36fig52flxq"
          },
          "private": "eyJlMmJmYjczMC1lY2FhLTExZTYtOGY4OC0zNDM2M2JjN2M0YzAiOnsiY3JlYXRlIjo5MDAwMDAwMDAwMDAsImRlbGV0ZSI6OTAwMDAwMDAwMDAwLCJ1cGRhdGUiOjkwMDAwMDAwMDAwMH19",
          "dependencies": [
            "module.dr_network.oci_core_vcn.dr_vcn"
          ]
        }
      ]
    },
    {
      "module": "module.network",
      "mode": "managed",
      "type": "oci_core_security_list",
      "name": "dr_app_list",
      "provider": "provider.oci",
      "instances": [
        {
          "schema_version": 0,
          "attributes": {
            "compartment_id": "ocid1.compartment.oc1..aaaaaaaafofzhn5ni45serz4yqmweruxmxtkbhe2ie7b234u5hvfiwq6htnq",
            "defined_tags": {
              "SantaMonicaTagging.Createdby": "oracleidentitycloudservice/saul.chavez@oracle.com"
            },
            "display_name": "dr_app_sec_list",
            "egress_security_rules": [
              {
                "description": "",
                "destination": "0.0.0.0/0",
                "destination_type": "CIDR_BLOCK",
                "icmp_options": [],
                "protocol": "6",
                "stateless": false,
                "tcp_options": [],
                "udp_options": []
              }
            ],
            "freeform_tags": {
              "Environment": "dr"
            },
            "id": "ocid1.securitylist.oc1.uk-london-1.aaaaaaaar3izchvbu5qstmqsbka2avyyiftzfcl7zvf5vx7hnyz4vwidknvq",
            "ingress_security_rules": [
              {
                "description": "",
                "icmp_options": [],
                "protocol": "6",
                "source": "10.0.0.0/16",
                "source_type": "CIDR_BLOCK",
                "stateless": false,
                "tcp_options": [
                  {
                    "max": 7008,
                    "min": 7001,
                    "source_port_range": []
                  }
                ],
                "udp_options": []
              },
              {
                "description": "",
                "icmp_options": [],
                "protocol": "6",
                "source": "10.0.0.0/16",
                "source_type": "CIDR_BLOCK",
                "stateless": false,
                "tcp_options": [
                  {
                    "max": 80,
                    "min": 80,
                    "source_port_range": []
                  }
                ],
                "udp_options": []
              }
            ],
            "state": "AVAILABLE",
            "time_created": "2020-09-02 16:08:15.431 +0000 UTC",
            "timeouts": null,
            "vcn_id": "ocid1.vcn.oc1.uk-london-1.amaaaaaalbfmicqamonlsmv4feu7zbq54vp4oqj55repoifyjzyqe2vji66q"
          },
          "private": "eyJlMmJmYjczMC1lY2FhLTExZTYtOGY4OC0zNDM2M2JjN2M0YzAiOnsiY3JlYXRlIjo5MDAwMDAwMDAwMDAsImRlbGV0ZSI6OTAwMDAwMDAwMDAwLCJ1cGRhdGUiOjkwMDAwMDAwMDAwMH19",
          "dependencies": [
            "module.network.oci_core_vcn.dr_vcn"
          ]
        }
      ]
    },
    {
      "module": "module.dr_network",
      "mode": "managed",
      "type": "oci_core_security_list",
      "name": "dr_database_sec_list",
      "provider": "provider.oci.dr",
      "instances": [
        {
          "schema_version": 0,
          "attributes": {
            "compartment_id": "ocid1.compartment.oc1..aaaaaaaafofzhn5ni45serz4yqmweruxmxtkbhe2ie7b234u5hvfiwq6htnq",
            "defined_tags": {
              "SantaMonicaTagging.Createdby": "oracleidentitycloudservice/saul.chavez@oracle.com"
            },
            "display_name": "dr_db_sec_list",
            "egress_security_rules": [
              {
                "description": "",
                "destination": "0.0.0.0/0",
                "destination_type": "CIDR_BLOCK",
                "icmp_options": [],
                "protocol": "6",
                "stateless": false,
                "tcp_options": [],
                "udp_options": []
              }
            ],
            "freeform_tags": {
              "Environment": "dr"
            },
            "id": "ocid1.securitylist.oc1.eu-frankfurt-1.aaaaaaaajow5wagk5prgqcmc2s7odhcl7tmyis6tdbjyoyfklhxqxkuhtc6a",
            "ingress_security_rules": [
              {
                "description": "",
                "icmp_options": [],
                "protocol": "6",
                "source": "10.0.0.0/16",
                "source_type": "CIDR_BLOCK",
                "stateless": false,
                "tcp_options": [
                  {
                    "max": 1522,
                    "min": 1521,
                    "source_port_range": []
                  }
                ],
                "udp_options": []
              },
              {
                "description": "",
                "icmp_options": [],
                "protocol": "6",
                "source": "192.168.0.0/16",
                "source_type": "CIDR_BLOCK",
                "stateless": false,
                "tcp_options": [
                  {
                    "max": 1522,
                    "min": 1521,
                    "source_port_range": []
                  }
                ],
                "udp_options": []
              }
            ],
            "state": "AVAILABLE",
            "time_created": "2020-09-02 16:08:14.231 +0000 UTC",
            "timeouts": null,
            "vcn_id": "ocid1.vcn.oc1.eu-frankfurt-1.amaaaaaalbfmicqa2tqfueek64h32c3blw253syh3cxr4mt4m36fig52flxq"
          },
          "private": "eyJlMmJmYjczMC1lY2FhLTExZTYtOGY4OC0zNDM2M2JjN2M0YzAiOnsiY3JlYXRlIjo5MDAwMDAwMDAwMDAsImRlbGV0ZSI6OTAwMDAwMDAwMDAwLCJ1cGRhdGUiOjkwMDAwMDAwMDAwMH19",
          "dependencies": [
            "module.dr_network.oci_core_vcn.dr_vcn"
          ]
        }
      ]
    },
    {
      "module": "module.network",
      "mode": "managed",
      "type": "oci_core_security_list",
      "name": "dr_database_sec_list",
      "provider": "provider.oci",
      "instances": [
        {
          "schema_version": 0,
          "attributes": {
            "compartment_id": "ocid1.compartment.oc1..aaaaaaaafofzhn5ni45serz4yqmweruxmxtkbhe2ie7b234u5hvfiwq6htnq",
            "defined_tags": {
              "SantaMonicaTagging.Createdby": "oracleidentitycloudservice/saul.chavez@oracle.com"
            },
            "display_name": "dr_db_sec_list",
            "egress_security_rules": [
              {
                "description": "",
                "destination": "0.0.0.0/0",
                "destination_type": "CIDR_BLOCK",
                "icmp_options": [],
                "protocol": "6",
                "stateless": false,
                "tcp_options": [],
                "udp_options": []
              }
            ],
            "freeform_tags": {
              "Environment": "dr"
            },
            "id": "ocid1.securitylist.oc1.uk-london-1.aaaaaaaax2bp5ruolbic3fcbhspi4rbl7axt7qtmnhtwmx422cy7waulnzbq",
            "ingress_security_rules": [
              {
                "description": "",
                "icmp_options": [],
                "protocol": "6",
                "source": "10.0.0.0/16",
                "source_type": "CIDR_BLOCK",
                "stateless": false,
                "tcp_options": [
                  {
                    "max": 1522,
                    "min": 1521,
                    "source_port_range": []
                  }
                ],
                "udp_options": []
              },
              {
                "description": "",
                "icmp_options": [],
                "protocol": "6",
                "source": "192.168.0.0/16",
                "source_type": "CIDR_BLOCK",
                "stateless": false,
                "tcp_options": [
                  {
                    "max": 1522,
                    "min": 1521,
                    "source_port_range": []
                  }
                ],
                "udp_options": []
              }
            ],
            "state": "AVAILABLE",
            "time_created": "2020-09-02 16:08:15.054 +0000 UTC",
            "timeouts": null,
            "vcn_id": "ocid1.vcn.oc1.uk-london-1.amaaaaaalbfmicqamonlsmv4feu7zbq54vp4oqj55repoifyjzyqe2vji66q"
          },
          "private": "eyJlMmJmYjczMC1lY2FhLTExZTYtOGY4OC0zNDM2M2JjN2M0YzAiOnsiY3JlYXRlIjo5MDAwMDAwMDAwMDAsImRlbGV0ZSI6OTAwMDAwMDAwMDAwLCJ1cGRhdGUiOjkwMDAwMDAwMDAwMH19",
          "dependencies": [
            "module.network.oci_core_vcn.dr_vcn"
          ]
        }
      ]
    },
    {
      "module": "module.dr_network",
      "mode": "managed",
      "type": "oci_core_security_list",
      "name": "dr_fss_list",
      "provider": "provider.oci.dr",
      "instances": [
        {
          "schema_version": 0,
          "attributes": {
            "compartment_id": "ocid1.compartment.oc1..aaaaaaaafofzhn5ni45serz4yqmweruxmxtkbhe2ie7b234u5hvfiwq6htnq",
            "defined_tags": {
              "SantaMonicaTagging.Createdby": "oracleidentitycloudservice/saul.chavez@oracle.com"
            },
            "display_name": "dr_fss_sec_list",
            "egress_security_rules": [
              {
                "description": "",
                "destination": "192.168.0.0/16",
                "destination_type": "CIDR_BLOCK",
                "icmp_options": [],
                "protocol": "6",
                "stateless": false,
                "tcp_options": [],
                "udp_options": []
              }
            ],
            "freeform_tags": {
              "Environment": "dr"
            },
            "id": "ocid1.securitylist.oc1.eu-frankfurt-1.aaaaaaaaqdjg7mjjm3rjnsh6avpvh4mfm4bmbbmlkxjqozmq6m64oaaeolka",
            "ingress_security_rules": [
              {
                "description": "",
                "icmp_options": [],
                "protocol": "6",
                "source": "192.168.0.0/16",
                "source_type": "CIDR_BLOCK",
                "stateless": false,
                "tcp_options": [
                  {
                    "max": 111,
                    "min": 111,
                    "source_port_range": []
                  }
                ],
                "udp_options": []
              },
              {
                "description": "",
                "icmp_options": [],
                "protocol": "6",
                "source": "192.168.0.0/16",
                "source_type": "CIDR_BLOCK",
                "stateless": false,
                "tcp_options": [
                  {
                    "max": 2050,
                    "min": 2048,
                    "source_port_range": []
                  }
                ],
                "udp_options": []
              }
            ],
            "state": "AVAILABLE",
            "time_created": "2020-09-02 16:08:14.282 +0000 UTC",
            "timeouts": null,
            "vcn_id": "ocid1.vcn.oc1.eu-frankfurt-1.amaaaaaalbfmicqa2tqfueek64h32c3blw253syh3cxr4mt4m36fig52flxq"
          },
          "private": "eyJlMmJmYjczMC1lY2FhLTExZTYtOGY4OC0zNDM2M2JjN2M0YzAiOnsiY3JlYXRlIjo5MDAwMDAwMDAwMDAsImRlbGV0ZSI6OTAwMDAwMDAwMDAwLCJ1cGRhdGUiOjkwMDAwMDAwMDAwMH19",
          "dependencies": [
            "module.dr_network.oci_core_vcn.dr_vcn"
          ]
        }
      ]
    },
    {
      "module": "module.network",
      "mode": "managed",
      "type": "oci_core_security_list",
      "name": "dr_fss_list",
      "provider": "provider.oci",
      "instances": [
        {
          "schema_version": 0,
          "attributes": {
            "compartment_id": "ocid1.compartment.oc1..aaaaaaaafofzhn5ni45serz4yqmweruxmxtkbhe2ie7b234u5hvfiwq6htnq",
            "defined_tags": {
              "SantaMonicaTagging.Createdby": "oracleidentitycloudservice/saul.chavez@oracle.com"
            },
            "display_name": "dr_fss_sec_list",
            "egress_security_rules": [
              {
                "description": "",
                "destination": "10.0.0.0/16",
                "destination_type": "CIDR_BLOCK",
                "icmp_options": [],
                "protocol": "6",
                "stateless": false,
                "tcp_options": [],
                "udp_options": []
              }
            ],
            "freeform_tags": {
              "Environment": "dr"
            },
            "id": "ocid1.securitylist.oc1.uk-london-1.aaaaaaaab5qk2uwfzrya42yka6lccrxbbcqtlllsktub3kjnantpxuwn6aqq",
            "ingress_security_rules": [
              {
                "description": "",
                "icmp_options": [],
                "protocol": "6",
                "source": "10.0.0.0/16",
                "source_type": "CIDR_BLOCK",
                "stateless": false,
                "tcp_options": [
                  {
                    "max": 111,
                    "min": 111,
                    "source_port_range": []
                  }
                ],
                "udp_options": []
              },
              {
                "description": "",
                "icmp_options": [],
                "protocol": "6",
                "source": "10.0.0.0/16",
                "source_type": "CIDR_BLOCK",
                "stateless": false,
                "tcp_options": [
                  {
                    "max": 2050,
                    "min": 2048,
                    "source_port_range": []
                  }
                ],
                "udp_options": []
              }
            ],
            "state": "AVAILABLE",
            "time_created": "2020-09-02 16:08:15.444 +0000 UTC",
            "timeouts": null,
            "vcn_id": "ocid1.vcn.oc1.uk-london-1.amaaaaaalbfmicqamonlsmv4feu7zbq54vp4oqj55repoifyjzyqe2vji66q"
          },
          "private": "eyJlMmJmYjczMC1lY2FhLTExZTYtOGY4OC0zNDM2M2JjN2M0YzAiOnsiY3JlYXRlIjo5MDAwMDAwMDAwMDAsImRlbGV0ZSI6OTAwMDAwMDAwMDAwLCJ1cGRhdGUiOjkwMDAwMDAwMDAwMH19",
          "dependencies": [
            "module.network.oci_core_vcn.dr_vcn"
          ]
        }
      ]
    },
    {
      "module": "module.dr_network",
      "mode": "managed",
      "type": "oci_core_security_list",
      "name": "dr_lb_security_list",
      "provider": "provider.oci.dr",
      "instances": [
        {
          "schema_version": 0,
          "attributes": {
            "compartment_id": "ocid1.compartment.oc1..aaaaaaaafofzhn5ni45serz4yqmweruxmxtkbhe2ie7b234u5hvfiwq6htnq",
            "defined_tags": {
              "SantaMonicaTagging.Createdby": "oracleidentitycloudservice/saul.chavez@oracle.com"
            },
            "display_name": "lb_sec_list",
            "egress_security_rules": [
              {
                "description": "",
                "destination": "0.0.0.0/0",
                "destination_type": "CIDR_BLOCK",
                "icmp_options": [],
                "protocol": "6",
                "stateless": false,
                "tcp_options": [],
                "udp_options": []
              }
            ],
            "freeform_tags": {
              "Environment": "dr"
            },
            "id": "ocid1.securitylist.oc1.eu-frankfurt-1.aaaaaaaac4r6lovmu3uep4farpbjcr4oyvj6jrppu2lyyijhphg3avvys4pq",
            "ingress_security_rules": [
              {
                "description": "",
                "icmp_options": [],
                "protocol": "1",
                "source": "0.0.0.0/0",
                "source_type": "CIDR_BLOCK",
                "stateless": false,
                "tcp_options": [],
                "udp_options": []
              },
              {
                "description": "",
                "icmp_options": [],
                "protocol": "6",
                "source": "0.0.0.0/0",
                "source_type": "CIDR_BLOCK",
                "stateless": false,
                "tcp_options": [
                  {
                    "max": 443,
                    "min": 443,
                    "source_port_range": []
                  }
                ],
                "udp_options": []
              },
              {
                "description": "",
                "icmp_options": [],
                "protocol": "6",
                "source": "0.0.0.0/0",
                "source_type": "CIDR_BLOCK",
                "stateless": false,
                "tcp_options": [
                  {
                    "max": 80,
                    "min": 80,
                    "source_port_range": []
                  }
                ],
                "udp_options": []
              }
            ],
            "state": "AVAILABLE",
            "time_created": "2020-09-02 16:08:14.316 +0000 UTC",
            "timeouts": null,
            "vcn_id": "ocid1.vcn.oc1.eu-frankfurt-1.amaaaaaalbfmicqa2tqfueek64h32c3blw253syh3cxr4mt4m36fig52flxq"
          },
          "private": "eyJlMmJmYjczMC1lY2FhLTExZTYtOGY4OC0zNDM2M2JjN2M0YzAiOnsiY3JlYXRlIjo5MDAwMDAwMDAwMDAsImRlbGV0ZSI6OTAwMDAwMDAwMDAwLCJ1cGRhdGUiOjkwMDAwMDAwMDAwMH19",
          "dependencies": [
            "module.dr_network.oci_core_vcn.dr_vcn"
          ]
        }
      ]
    },
    {
      "module": "module.network",
      "mode": "managed",
      "type": "oci_core_security_list",
      "name": "dr_lb_security_list",
      "provider": "provider.oci",
      "instances": [
        {
          "schema_version": 0,
          "attributes": {
            "compartment_id": "ocid1.compartment.oc1..aaaaaaaafofzhn5ni45serz4yqmweruxmxtkbhe2ie7b234u5hvfiwq6htnq",
            "defined_tags": {
              "SantaMonicaTagging.Createdby": "oracleidentitycloudservice/saul.chavez@oracle.com"
            },
            "display_name": "lb_sec_list",
            "egress_security_rules": [
              {
                "description": "",
                "destination": "0.0.0.0/0",
                "destination_type": "CIDR_BLOCK",
                "icmp_options": [],
                "protocol": "6",
                "stateless": false,
                "tcp_options": [],
                "udp_options": []
              }
            ],
            "freeform_tags": {
              "Environment": "dr"
            },
            "id": "ocid1.securitylist.oc1.uk-london-1.aaaaaaaanvtnyichgfhzhgz3cbeo7owaui2py5c4ywyy2zsc6ixuxr6wvlua",
            "ingress_security_rules": [
              {
                "description": "",
                "icmp_options": [],
                "protocol": "1",
                "source": "0.0.0.0/0",
                "source_type": "CIDR_BLOCK",
                "stateless": false,
                "tcp_options": [],
                "udp_options": []
              },
              {
                "description": "",
                "icmp_options": [],
                "protocol": "6",
                "source": "0.0.0.0/0",
                "source_type": "CIDR_BLOCK",
                "stateless": false,
                "tcp_options": [
                  {
                    "max": 443,
                    "min": 443,
                    "source_port_range": []
                  }
                ],
                "udp_options": []
              },
              {
                "description": "",
                "icmp_options": [],
                "protocol": "6",
                "source": "0.0.0.0/0",
                "source_type": "CIDR_BLOCK",
                "stateless": false,
                "tcp_options": [
                  {
                    "max": 80,
                    "min": 80,
                    "source_port_range": []
                  }
                ],
                "udp_options": []
              }
            ],
            "state": "AVAILABLE",
            "time_created": "2020-09-02 16:08:14.961 +0000 UTC",
            "timeouts": null,
            "vcn_id": "ocid1.vcn.oc1.uk-london-1.amaaaaaalbfmicqamonlsmv4feu7zbq54vp4oqj55repoifyjzyqe2vji66q"
          },
          "private": "eyJlMmJmYjczMC1lY2FhLTExZTYtOGY4OC0zNDM2M2JjN2M0YzAiOnsiY3JlYXRlIjo5MDAwMDAwMDAwMDAsImRlbGV0ZSI6OTAwMDAwMDAwMDAwLCJ1cGRhdGUiOjkwMDAwMDAwMDAwMH19",
          "dependencies": [
            "module.network.oci_core_vcn.dr_vcn"
          ]
        }
      ]
    },
    {
      "module": "module.dr_network",
      "mode": "managed",
      "type": "oci_core_service_gateway",
      "name": "dr_service_gateway",
      "provider": "provider.oci.dr",
      "instances": [
        {
          "schema_version": 0,
          "attributes": {
            "block_traffic": false,
            "compartment_id": "ocid1.compartment.oc1..aaaaaaaafofzhn5ni45serz4yqmweruxmxtkbhe2ie7b234u5hvfiwq6htnq",
            "defined_tags": {
              "SantaMonicaTagging.Createdby": "oracleidentitycloudservice/saul.chavez@oracle.com"
            },
            "display_name": "sgw",
            "freeform_tags": {},
            "id": "ocid1.servicegateway.oc1.eu-frankfurt-1.aaaaaaaaaw4kl7uhhr2ellplutiivggfomr6hppcjtbbxhw2ntdbrtjcokna",
            "route_table_id": null,
            "services": [
              {
                "service_id": "ocid1.service.oc1.eu-frankfurt-1.aaaaaaaa7ncsqkj6lkz36dehifizupyn6qjqsmtepsegs23yyntnsy7qrvea",
                "service_name": "All FRA Services In Oracle Services Network"
              }
            ],
            "state": "AVAILABLE",
            "time_created": "2020-09-02 16:08:14.329 +0000 UTC",
            "timeouts": null,
            "vcn_id": "ocid1.vcn.oc1.eu-frankfurt-1.amaaaaaalbfmicqa2tqfueek64h32c3blw253syh3cxr4mt4m36fig52flxq"
          },
          "private": "eyJlMmJmYjczMC1lY2FhLTExZTYtOGY4OC0zNDM2M2JjN2M0YzAiOnsiY3JlYXRlIjo5MDAwMDAwMDAwMDAsImRlbGV0ZSI6OTAwMDAwMDAwMDAwLCJ1cGRhdGUiOjkwMDAwMDAwMDAwMH19",
          "dependencies": [
            "module.dr_network.oci_core_vcn.dr_vcn"
          ]
        }
      ]
    },
    {
      "module": "module.network",
      "mode": "managed",
      "type": "oci_core_service_gateway",
      "name": "dr_service_gateway",
      "provider": "provider.oci",
      "instances": [
        {
          "schema_version": 0,
          "attributes": {
            "block_traffic": false,
            "compartment_id": "ocid1.compartment.oc1..aaaaaaaafofzhn5ni45serz4yqmweruxmxtkbhe2ie7b234u5hvfiwq6htnq",
            "defined_tags": {
              "SantaMonicaTagging.Createdby": "oracleidentitycloudservice/saul.chavez@oracle.com"
            },
            "display_name": "sgw",
            "freeform_tags": {},
            "id": "ocid1.servicegateway.oc1.uk-london-1.aaaaaaaa7qdha2htlutx7rfzol4es5ctaxzh2mndzlpbw67d6l4qfxsa3qgq",
            "route_table_id": null,
            "services": [
              {
                "service_id": "ocid1.service.oc1.uk-london-1.aaaaaaaatwg7f5mnzoapfunl66n2qkp4ormiykqk3hiwksum63gcyjk7ysla",
                "service_name": "All LHR Services In Oracle Services Network"
              }
            ],
            "state": "AVAILABLE",
            "time_created": "2020-09-02 16:08:15.159 +0000 UTC",
            "timeouts": null,
            "vcn_id": "ocid1.vcn.oc1.uk-london-1.amaaaaaalbfmicqamonlsmv4feu7zbq54vp4oqj55repoifyjzyqe2vji66q"
          },
          "private": "eyJlMmJmYjczMC1lY2FhLTExZTYtOGY4OC0zNDM2M2JjN2M0YzAiOnsiY3JlYXRlIjo5MDAwMDAwMDAwMDAsImRlbGV0ZSI6OTAwMDAwMDAwMDAwLCJ1cGRhdGUiOjkwMDAwMDAwMDAwMH19",
          "dependencies": [
            "module.network.oci_core_vcn.dr_vcn"
          ]
        }
      ]
    },
    {
      "module": "module.dr_network",
      "mode": "managed",
      "type": "oci_core_subnet",
      "name": "access_subnet",
      "provider": "provider.oci.dr",
      "instances": [
        {
          "schema_version": 0,
          "attributes": {
            "availability_domain": null,
            "cidr_block": "192.168.0.0/24",
            "compartment_id": "ocid1.compartment.oc1..aaaaaaaafofzhn5ni45serz4yqmweruxmxtkbhe2ie7b234u5hvfiwq6htnq",
            "defined_tags": {
              "SantaMonicaTagging.Createdby": "oracleidentitycloudservice/saul.chavez@oracle.com"
            },
            "dhcp_options_id": "ocid1.dhcpoptions.oc1.eu-frankfurt-1.aaaaaaaadsuh2obzkvizibj2m37qe2vcyu7wczf2vnythncrd5ou3kb2p5aq",
            "display_name": "access subnet",
            "dns_label": "access",
            "freeform_tags": {
              "Environment": "dr"
            },
            "id": "ocid1.subnet.oc1.eu-frankfurt-1.aaaaaaaakvrquzh6dzrgns56dhyvxy6vy5eym2dvfpzofhblz4w6rokytsga",
            "ipv6cidr_block": null,
            "ipv6public_cidr_block": null,
            "ipv6virtual_router_ip": null,
            "prohibit_public_ip_on_vnic": false,
            "route_table_id": "ocid1.routetable.oc1.eu-frankfurt-1.aaaaaaaaekhzkdzjuuwhsk7gevgd3jalqhjo67vhkr2me4tntgmqmopmwa7q",
            "security_list_ids": [
              "ocid1.securitylist.oc1.eu-frankfurt-1.aaaaaaaa2et4xwkgx5qjbj2i7rkcaxftv5nrdspwoe47cr3cgrhahsqmgzsq",
              "ocid1.securitylist.oc1.eu-frankfurt-1.aaaaaaaawqz2tfjgd6ubtfwo2a4nc5cxbm6ehzh2tof27yre762mpnab3akq"
            ],
            "state": "AVAILABLE",
            "subnet_domain_name": "access.drx1.oraclevcn.com",
            "time_created": "2020-09-02 16:08:16.105 +0000 UTC",
            "timeouts": null,
            "vcn_id": "ocid1.vcn.oc1.eu-frankfurt-1.amaaaaaalbfmicqa2tqfueek64h32c3blw253syh3cxr4mt4m36fig52flxq",
            "virtual_router_ip": "192.168.0.1",
            "virtual_router_mac": "00:00:17:09:19:76"
          },
          "private": "eyJlMmJmYjczMC1lY2FhLTExZTYtOGY4OC0zNDM2M2JjN2M0YzAiOnsiY3JlYXRlIjo5MDAwMDAwMDAwMDAsImRlbGV0ZSI6OTAwMDAwMDAwMDAwLCJ1cGRhdGUiOjkwMDAwMDAwMDAwMH19",
          "dependencies": [
            "module.dr_network.oci_core_internet_gateway.dr_igw",
            "module.dr_network.oci_core_route_table.public_route_table",
            "module.dr_network.oci_core_security_list.access_security_list",
            "module.dr_network.oci_core_vcn.dr_vcn"
          ]
        }
      ]
    },
    {
      "module": "module.network",
      "mode": "managed",
      "type": "oci_core_subnet",
      "name": "access_subnet",
      "provider": "provider.oci",
      "instances": [
        {
          "schema_version": 0,
          "attributes": {
            "availability_domain": null,
            "cidr_block": "10.0.0.0/24",
            "compartment_id": "ocid1.compartment.oc1..aaaaaaaafofzhn5ni45serz4yqmweruxmxtkbhe2ie7b234u5hvfiwq6htnq",
            "defined_tags": {
              "SantaMonicaTagging.Createdby": "oracleidentitycloudservice/saul.chavez@oracle.com"
            },
            "dhcp_options_id": "ocid1.dhcpoptions.oc1.uk-london-1.aaaaaaaaqnnx6ap6fdtsejh4ls36mzju3xvd7k4y5v3dubu7dwiih6sar2hq",
            "display_name": "access subnet",
            "dns_label": "access",
            "freeform_tags": {
              "Environment": "dr"
            },
            "id": "ocid1.subnet.oc1.uk-london-1.aaaaaaaa66ffr53woppucinrb33ojebjywzgkewztjgfwmrchc7ym3irbkpq",
            "ipv6cidr_block": null,
            "ipv6public_cidr_block": null,
            "ipv6virtual_router_ip": null,
            "prohibit_public_ip_on_vnic": false,
            "route_table_id": "ocid1.routetable.oc1.uk-london-1.aaaaaaaax3lnvwcbasrb45qygfjbtot7w5kkifzqyum65fuvzd5erxm46jna",
            "security_list_ids": [
              "ocid1.securitylist.oc1.uk-london-1.aaaaaaaantqfnimaxvd5newtkg3n5h3x3wclnjr42msbqckb5igunpjnsela",
              "ocid1.securitylist.oc1.uk-london-1.aaaaaaaayzfrtx5ltocofbbeaqjwqv6s5k6a2lz2sjenzsio53b5kfpqywna"
            ],
            "state": "AVAILABLE",
            "subnet_domain_name": "access.drx1.oraclevcn.com",
            "time_created": "2020-09-02 16:08:16.38 +0000 UTC",
            "timeouts": null,
            "vcn_id": "ocid1.vcn.oc1.uk-london-1.amaaaaaalbfmicqamonlsmv4feu7zbq54vp4oqj55repoifyjzyqe2vji66q",
            "virtual_router_ip": "10.0.0.1",
            "virtual_router_mac": "00:00:17:3B:12:9F"
          },
          "private": "eyJlMmJmYjczMC1lY2FhLTExZTYtOGY4OC0zNDM2M2JjN2M0YzAiOnsiY3JlYXRlIjo5MDAwMDAwMDAwMDAsImRlbGV0ZSI6OTAwMDAwMDAwMDAwLCJ1cGRhdGUiOjkwMDAwMDAwMDAwMH19",
          "dependencies": [
            "module.network.oci_core_internet_gateway.dr_igw",
            "module.network.oci_core_route_table.public_route_table",
            "module.network.oci_core_security_list.access_security_list",
            "module.network.oci_core_vcn.dr_vcn"
          ]
        }
      ]
    },
    {
      "module": "module.dr_network",
      "mode": "managed",
      "type": "oci_core_subnet",
      "name": "app_subnet",
      "provider": "provider.oci.dr",
      "instances": [
        {
          "schema_version": 0,
          "attributes": {
            "availability_domain": null,
            "cidr_block": "192.168.3.0/24",
            "compartment_id": "ocid1.compartment.oc1..aaaaaaaafofzhn5ni45serz4yqmweruxmxtkbhe2ie7b234u5hvfiwq6htnq",
            "defined_tags": {
              "SantaMonicaTagging.Createdby": "oracleidentitycloudservice/saul.chavez@oracle.com"
            },
            "dhcp_options_id": "ocid1.dhcpoptions.oc1.eu-frankfurt-1.aaaaaaaadsuh2obzkvizibj2m37qe2vcyu7wczf2vnythncrd5ou3kb2p5aq",
            "display_name": "app subnet",
            "dns_label": "app",
            "freeform_tags": {
              "Environment": "dr"
            },
            "id": "ocid1.subnet.oc1.eu-frankfurt-1.aaaaaaaayacco7bwopc73gd253hfshjqk2hoceftkrly3dfmziog32tkwpcq",
            "ipv6cidr_block": null,
            "ipv6public_cidr_block": null,
            "ipv6virtual_router_ip": null,
            "prohibit_public_ip_on_vnic": true,
            "route_table_id": "ocid1.routetable.oc1.eu-frankfurt-1.aaaaaaaaocsgzmhvlwgch2a3avz5impbvfwmcrgatlnz7rmpkfjpghuwwuya",
            "security_list_ids": [
              "ocid1.securitylist.oc1.eu-frankfurt-1.aaaaaaaa2et4xwkgx5qjbj2i7rkcaxftv5nrdspwoe47cr3cgrhahsqmgzsq",
              "ocid1.securitylist.oc1.eu-frankfurt-1.aaaaaaaai43lu4mt3uaubri2posloore3s7mdqnewrxwndvimth46376u5gq",
              "ocid1.securitylist.oc1.eu-frankfurt-1.aaaaaaaaqdjg7mjjm3rjnsh6avpvh4mfm4bmbbmlkxjqozmq6m64oaaeolka"
            ],
            "state": "AVAILABLE",
            "subnet_domain_name": "app.drx1.oraclevcn.com",
            "time_created": "2020-09-02 16:08:30.184 +0000 UTC",
            "timeouts": null,
            "vcn_id": "ocid1.vcn.oc1.eu-frankfurt-1.amaaaaaalbfmicqa2tqfueek64h32c3blw253syh3cxr4mt4m36fig52flxq",
            "virtual_router_ip": "192.168.3.1",
            "virtual_router_mac": "00:00:17:09:19:76"
          },
          "private": "eyJlMmJmYjczMC1lY2FhLTExZTYtOGY4OC0zNDM2M2JjN2M0YzAiOnsiY3JlYXRlIjo5MDAwMDAwMDAwMDAsImRlbGV0ZSI6OTAwMDAwMDAwMDAwLCJ1cGRhdGUiOjkwMDAwMDAwMDAwMH19",
          "dependencies": [
            "module.dr_network.oci_core_drg.dr_drg",
            "module.dr_network.oci_core_nat_gateway.dr_nat",
            "module.dr_network.oci_core_route_table.private_route_table",
            "module.dr_network.oci_core_security_list.dr_app_list",
            "module.dr_network.oci_core_security_list.dr_fss_list",
            "module.dr_network.oci_core_service_gateway.dr_service_gateway",
            "module.dr_network.oci_core_vcn.dr_vcn"
          ]
        }
      ]
    },
    {
      "module": "module.network",
      "mode": "managed",
      "type": "oci_core_subnet",
      "name": "app_subnet",
      "provider": "provider.oci",
      "instances": [
        {
          "schema_version": 0,
          "attributes": {
            "availability_domain": null,
            "cidr_block": "10.0.3.0/24",
            "compartment_id": "ocid1.compartment.oc1..aaaaaaaafofzhn5ni45serz4yqmweruxmxtkbhe2ie7b234u5hvfiwq6htnq",
            "defined_tags": {
              "SantaMonicaTagging.Createdby": "oracleidentitycloudservice/saul.chavez@oracle.com"
            },
            "dhcp_options_id": "ocid1.dhcpoptions.oc1.uk-london-1.aaaaaaaaqnnx6ap6fdtsejh4ls36mzju3xvd7k4y5v3dubu7dwiih6sar2hq",
            "display_name": "app subnet",
            "dns_label": "app",
            "freeform_tags": {
              "Environment": "dr"
            },
            "id": "ocid1.subnet.oc1.uk-london-1.aaaaaaaalpxspo6v3ddqo3zn2jahgk47lsjxaklvdnbliyyc5djbprwa7oaa",
            "ipv6cidr_block": null,
            "ipv6public_cidr_block": null,
            "ipv6virtual_router_ip": null,
            "prohibit_public_ip_on_vnic": true,
            "route_table_id": "ocid1.routetable.oc1.uk-london-1.aaaaaaaazvq5r5pktl4h42nhccoaoqp45u777f3hjvsymfwhdfi4wbwtjnfa",
            "security_list_ids": [
              "ocid1.securitylist.oc1.uk-london-1.aaaaaaaab5qk2uwfzrya42yka6lccrxbbcqtlllsktub3kjnantpxuwn6aqq",
              "ocid1.securitylist.oc1.uk-london-1.aaaaaaaar3izchvbu5qstmqsbka2avyyiftzfcl7zvf5vx7hnyz4vwidknvq",
              "ocid1.securitylist.oc1.uk-london-1.aaaaaaaayzfrtx5ltocofbbeaqjwqv6s5k6a2lz2sjenzsio53b5kfpqywna"
            ],
            "state": "AVAILABLE",
            "subnet_domain_name": "app.drx1.oraclevcn.com",
            "time_created": "2020-09-02 16:08:30.816 +0000 UTC",
            "timeouts": null,
            "vcn_id": "ocid1.vcn.oc1.uk-london-1.amaaaaaalbfmicqamonlsmv4feu7zbq54vp4oqj55repoifyjzyqe2vji66q",
            "virtual_router_ip": "10.0.3.1",
            "virtual_router_mac": "00:00:17:3B:12:9F"
          },
          "private": "eyJlMmJmYjczMC1lY2FhLTExZTYtOGY4OC0zNDM2M2JjN2M0YzAiOnsiY3JlYXRlIjo5MDAwMDAwMDAwMDAsImRlbGV0ZSI6OTAwMDAwMDAwMDAwLCJ1cGRhdGUiOjkwMDAwMDAwMDAwMH19",
          "dependencies": [
            "module.network.oci_core_drg.dr_drg",
            "module.network.oci_core_nat_gateway.dr_nat",
            "module.network.oci_core_route_table.private_route_table",
            "module.network.oci_core_security_list.dr_app_list",
            "module.network.oci_core_security_list.dr_fss_list",
            "module.network.oci_core_service_gateway.dr_service_gateway",
            "module.network.oci_core_vcn.dr_vcn"
          ]
        }
      ]
    },
    {
      "module": "module.dr_network",
      "mode": "managed",
      "type": "oci_core_subnet",
      "name": "db_subnet",
      "provider": "provider.oci.dr",
      "instances": [
        {
          "schema_version": 0,
          "attributes": {
            "availability_domain": null,
            "cidr_block": "192.168.4.0/24",
            "compartment_id": "ocid1.compartment.oc1..aaaaaaaafofzhn5ni45serz4yqmweruxmxtkbhe2ie7b234u5hvfiwq6htnq",
            "defined_tags": {
              "SantaMonicaTagging.Createdby": "oracleidentitycloudservice/saul.chavez@oracle.com"
            },
            "dhcp_options_id": "ocid1.dhcpoptions.oc1.eu-frankfurt-1.aaaaaaaadsuh2obzkvizibj2m37qe2vcyu7wczf2vnythncrd5ou3kb2p5aq",
            "display_name": "db subnet",
            "dns_label": "db",
            "freeform_tags": {
              "Environment": "dr"
            },
            "id": "ocid1.subnet.oc1.eu-frankfurt-1.aaaaaaaafq4vupbh7bcsnz5kyux3r3cb2vomcjkvjxhqmt5rdzxu7yl4boaq",
            "ipv6cidr_block": null,
            "ipv6public_cidr_block": null,
            "ipv6virtual_router_ip": null,
            "prohibit_public_ip_on_vnic": true,
            "route_table_id": "ocid1.routetable.oc1.eu-frankfurt-1.aaaaaaaaocsgzmhvlwgch2a3avz5impbvfwmcrgatlnz7rmpkfjpghuwwuya",
            "security_list_ids": [
              "ocid1.securitylist.oc1.eu-frankfurt-1.aaaaaaaa2et4xwkgx5qjbj2i7rkcaxftv5nrdspwoe47cr3cgrhahsqmgzsq",
              "ocid1.securitylist.oc1.eu-frankfurt-1.aaaaaaaajow5wagk5prgqcmc2s7odhcl7tmyis6tdbjyoyfklhxqxkuhtc6a"
            ],
            "state": "AVAILABLE",
            "subnet_domain_name": "db.drx1.oraclevcn.com",
            "time_created": "2020-09-02 16:08:30.764 +0000 UTC",
            "timeouts": null,
            "vcn_id": "ocid1.vcn.oc1.eu-frankfurt-1.amaaaaaalbfmicqa2tqfueek64h32c3blw253syh3cxr4mt4m36fig52flxq",
            "virtual_router_ip": "192.168.4.1",
            "virtual_router_mac": "00:00:17:09:19:76"
          },
          "private": "eyJlMmJmYjczMC1lY2FhLTExZTYtOGY4OC0zNDM2M2JjN2M0YzAiOnsiY3JlYXRlIjo5MDAwMDAwMDAwMDAsImRlbGV0ZSI6OTAwMDAwMDAwMDAwLCJ1cGRhdGUiOjkwMDAwMDAwMDAwMH19",
          "dependencies": [
            "module.dr_network.oci_core_drg.dr_drg",
            "module.dr_network.oci_core_nat_gateway.dr_nat",
            "module.dr_network.oci_core_route_table.private_route_table",
            "module.dr_network.oci_core_security_list.dr_database_sec_list",
            "module.dr_network.oci_core_service_gateway.dr_service_gateway",
            "module.dr_network.oci_core_vcn.dr_vcn"
          ]
        }
      ]
    },
    {
      "module": "module.network",
      "mode": "managed",
      "type": "oci_core_subnet",
      "name": "db_subnet",
      "provider": "provider.oci",
      "instances": [
        {
          "schema_version": 0,
          "attributes": {
            "availability_domain": null,
            "cidr_block": "10.0.4.0/24",
            "compartment_id": "ocid1.compartment.oc1..aaaaaaaafofzhn5ni45serz4yqmweruxmxtkbhe2ie7b234u5hvfiwq6htnq",
            "defined_tags": {
              "SantaMonicaTagging.Createdby": "oracleidentitycloudservice/saul.chavez@oracle.com"
            },
            "dhcp_options_id": "ocid1.dhcpoptions.oc1.uk-london-1.aaaaaaaaqnnx6ap6fdtsejh4ls36mzju3xvd7k4y5v3dubu7dwiih6sar2hq",
            "display_name": "db subnet",
            "dns_label": "db",
            "freeform_tags": {
              "Environment": "dr"
            },
            "id": "ocid1.subnet.oc1.uk-london-1.aaaaaaaaiiyxulneou54xukgjmeluu6upl3x7ras66ezfl6udageb2qygfoa",
            "ipv6cidr_block": null,
            "ipv6public_cidr_block": null,
            "ipv6virtual_router_ip": null,
            "prohibit_public_ip_on_vnic": true,
            "route_table_id": "ocid1.routetable.oc1.uk-london-1.aaaaaaaazvq5r5pktl4h42nhccoaoqp45u777f3hjvsymfwhdfi4wbwtjnfa",
            "security_list_ids": [
              "ocid1.securitylist.oc1.uk-london-1.aaaaaaaax2bp5ruolbic3fcbhspi4rbl7axt7qtmnhtwmx422cy7waulnzbq",
              "ocid1.securitylist.oc1.uk-london-1.aaaaaaaayzfrtx5ltocofbbeaqjwqv6s5k6a2lz2sjenzsio53b5kfpqywna"
            ],
            "state": "AVAILABLE",
            "subnet_domain_name": "db.drx1.oraclevcn.com",
            "time_created": "2020-09-02 16:08:30.581 +0000 UTC",
            "timeouts": null,
            "vcn_id": "ocid1.vcn.oc1.uk-london-1.amaaaaaalbfmicqamonlsmv4feu7zbq54vp4oqj55repoifyjzyqe2vji66q",
            "virtual_router_ip": "10.0.4.1",
            "virtual_router_mac": "00:00:17:3B:12:9F"
          },
          "private": "eyJlMmJmYjczMC1lY2FhLTExZTYtOGY4OC0zNDM2M2JjN2M0YzAiOnsiY3JlYXRlIjo5MDAwMDAwMDAwMDAsImRlbGV0ZSI6OTAwMDAwMDAwMDAwLCJ1cGRhdGUiOjkwMDAwMDAwMDAwMH19",
          "dependencies": [
            "module.network.oci_core_drg.dr_drg",
            "module.network.oci_core_nat_gateway.dr_nat",
            "module.network.oci_core_route_table.private_route_table",
            "module.network.oci_core_security_list.dr_database_sec_list",
            "module.network.oci_core_service_gateway.dr_service_gateway",
            "module.network.oci_core_vcn.dr_vcn"
          ]
        }
      ]
    },
    {
      "module": "module.dr_network",
      "mode": "managed",
      "type": "oci_core_subnet",
      "name": "lb_subnet",
      "provider": "provider.oci.dr",
      "instances": [
        {
          "schema_version": 0,
          "attributes": {
            "availability_domain": null,
            "cidr_block": "192.168.1.0/24",
            "compartment_id": "ocid1.compartment.oc1..aaaaaaaafofzhn5ni45serz4yqmweruxmxtkbhe2ie7b234u5hvfiwq6htnq",
            "defined_tags": {
              "SantaMonicaTagging.Createdby": "oracleidentitycloudservice/saul.chavez@oracle.com"
            },
            "dhcp_options_id": "ocid1.dhcpoptions.oc1.eu-frankfurt-1.aaaaaaaadsuh2obzkvizibj2m37qe2vcyu7wczf2vnythncrd5ou3kb2p5aq",
            "display_name": "lb subnet",
            "dns_label": "lb",
            "freeform_tags": {
              "Environment": "dr"
            },
            "id": "ocid1.subnet.oc1.eu-frankfurt-1.aaaaaaaatoksne7um5p5qzeqgqu4s7nyb7hjnrlf2ycs2xqzbsngcoasklua",
            "ipv6cidr_block": null,
            "ipv6public_cidr_block": null,
            "ipv6virtual_router_ip": null,
            "prohibit_public_ip_on_vnic": false,
            "route_table_id": "ocid1.routetable.oc1.eu-frankfurt-1.aaaaaaaaekhzkdzjuuwhsk7gevgd3jalqhjo67vhkr2me4tntgmqmopmwa7q",
            "security_list_ids": [
              "ocid1.securitylist.oc1.eu-frankfurt-1.aaaaaaaa2et4xwkgx5qjbj2i7rkcaxftv5nrdspwoe47cr3cgrhahsqmgzsq",
              "ocid1.securitylist.oc1.eu-frankfurt-1.aaaaaaaawqz2tfjgd6ubtfwo2a4nc5cxbm6ehzh2tof27yre762mpnab3akq"
            ],
            "state": "AVAILABLE",
            "subnet_domain_name": "lb.drx1.oraclevcn.com",
            "time_created": "2020-09-02 16:08:16.558 +0000 UTC",
            "timeouts": null,
            "vcn_id": "ocid1.vcn.oc1.eu-frankfurt-1.amaaaaaalbfmicqa2tqfueek64h32c3blw253syh3cxr4mt4m36fig52flxq",
            "virtual_router_ip": "192.168.1.1",
            "virtual_router_mac": "00:00:17:09:19:76"
          },
          "private": "eyJlMmJmYjczMC1lY2FhLTExZTYtOGY4OC0zNDM2M2JjN2M0YzAiOnsiY3JlYXRlIjo5MDAwMDAwMDAwMDAsImRlbGV0ZSI6OTAwMDAwMDAwMDAwLCJ1cGRhdGUiOjkwMDAwMDAwMDAwMH19",
          "dependencies": [
            "module.dr_network.oci_core_internet_gateway.dr_igw",
            "module.dr_network.oci_core_route_table.public_route_table",
            "module.dr_network.oci_core_security_list.access_security_list",
            "module.dr_network.oci_core_vcn.dr_vcn"
          ]
        }
      ]
    },
    {
      "module": "module.network",
      "mode": "managed",
      "type": "oci_core_subnet",
      "name": "lb_subnet",
      "provider": "provider.oci",
      "instances": [
        {
          "schema_version": 0,
          "attributes": {
            "availability_domain": null,
            "cidr_block": "10.0.1.0/24",
            "compartment_id": "ocid1.compartment.oc1..aaaaaaaafofzhn5ni45serz4yqmweruxmxtkbhe2ie7b234u5hvfiwq6htnq",
            "defined_tags": {
              "SantaMonicaTagging.Createdby": "oracleidentitycloudservice/saul.chavez@oracle.com"
            },
            "dhcp_options_id": "ocid1.dhcpoptions.oc1.uk-london-1.aaaaaaaaqnnx6ap6fdtsejh4ls36mzju3xvd7k4y5v3dubu7dwiih6sar2hq",
            "display_name": "lb subnet",
            "dns_label": "lb",
            "freeform_tags": {
              "Environment": "dr"
            },
            "id": "ocid1.subnet.oc1.uk-london-1.aaaaaaaaz2h737u7ot44qtka5rajntlnvgbaiw7m3lpwepm2yvqqo5apgy4q",
            "ipv6cidr_block": null,
            "ipv6public_cidr_block": null,
            "ipv6virtual_router_ip": null,
            "prohibit_public_ip_on_vnic": false,
            "route_table_id": "ocid1.routetable.oc1.uk-london-1.aaaaaaaax3lnvwcbasrb45qygfjbtot7w5kkifzqyum65fuvzd5erxm46jna",
            "security_list_ids": [
              "ocid1.securitylist.oc1.uk-london-1.aaaaaaaantqfnimaxvd5newtkg3n5h3x3wclnjr42msbqckb5igunpjnsela",
              "ocid1.securitylist.oc1.uk-london-1.aaaaaaaayzfrtx5ltocofbbeaqjwqv6s5k6a2lz2sjenzsio53b5kfpqywna"
            ],
            "state": "AVAILABLE",
            "subnet_domain_name": "lb.drx1.oraclevcn.com",
            "time_created": "2020-09-02 16:08:16.755 +0000 UTC",
            "timeouts": null,
            "vcn_id": "ocid1.vcn.oc1.uk-london-1.amaaaaaalbfmicqamonlsmv4feu7zbq54vp4oqj55repoifyjzyqe2vji66q",
            "virtual_router_ip": "10.0.1.1",
            "virtual_router_mac": "00:00:17:3B:12:9F"
          },
          "private": "eyJlMmJmYjczMC1lY2FhLTExZTYtOGY4OC0zNDM2M2JjN2M0YzAiOnsiY3JlYXRlIjo5MDAwMDAwMDAwMDAsImRlbGV0ZSI6OTAwMDAwMDAwMDAwLCJ1cGRhdGUiOjkwMDAwMDAwMDAwMH19",
          "dependencies": [
            "module.network.oci_core_internet_gateway.dr_igw",
            "module.network.oci_core_route_table.public_route_table",
            "module.network.oci_core_security_list.access_security_list",
            "module.network.oci_core_vcn.dr_vcn"
          ]
        }
      ]
    },
    {
      "module": "module.dr_network",
      "mode": "managed",
      "type": "oci_core_vcn",
      "name": "dr_vcn",
      "provider": "provider.oci.dr",
      "instances": [
        {
          "schema_version": 0,
          "attributes": {
            "cidr_block": "192.168.0.0/16",
            "compartment_id": "ocid1.compartment.oc1..aaaaaaaafofzhn5ni45serz4yqmweruxmxtkbhe2ie7b234u5hvfiwq6htnq",
            "default_dhcp_options_id": "ocid1.dhcpoptions.oc1.eu-frankfurt-1.aaaaaaaadsuh2obzkvizibj2m37qe2vcyu7wczf2vnythncrd5ou3kb2p5aq",
            "default_route_table_id": "ocid1.routetable.oc1.eu-frankfurt-1.aaaaaaaaus62mmpjcc2ssctwxv3jz54vvvrtdndcrjcrqau6nyxnulzwe2ga",
            "default_security_list_id": "ocid1.securitylist.oc1.eu-frankfurt-1.aaaaaaaa2et4xwkgx5qjbj2i7rkcaxftv5nrdspwoe47cr3cgrhahsqmgzsq",
            "defined_tags": {
              "SantaMonicaTagging.Createdby": "oracleidentitycloudservice/saul.chavez@oracle.com"
            },
            "display_name": "drx1",
            "dns_label": "drx1",
            "freeform_tags": {
              "Environment": "dr"
            },
            "id": "ocid1.vcn.oc1.eu-frankfurt-1.amaaaaaalbfmicqa2tqfueek64h32c3blw253syh3cxr4mt4m36fig52flxq",
            "ipv6cidr_block": null,
            "ipv6public_cidr_block": null,
            "is_ipv6enabled": null,
            "state": "AVAILABLE",
            "time_created": "2020-09-02 16:08:13.275 +0000 UTC",
            "timeouts": null,
            "vcn_domain_name": "drx1.oraclevcn.com"
          },
          "private": "eyJlMmJmYjczMC1lY2FhLTExZTYtOGY4OC0zNDM2M2JjN2M0YzAiOnsiY3JlYXRlIjo5MDAwMDAwMDAwMDAsImRlbGV0ZSI6OTAwMDAwMDAwMDAwLCJ1cGRhdGUiOjkwMDAwMDAwMDAwMH19"
        }
      ]
    },
    {
      "module": "module.network",
      "mode": "managed",
      "type": "oci_core_vcn",
      "name": "dr_vcn",
      "provider": "provider.oci",
      "instances": [
        {
          "schema_version": 0,
          "attributes": {
            "cidr_block": "10.0.0.0/16",
            "compartment_id": "ocid1.compartment.oc1..aaaaaaaafofzhn5ni45serz4yqmweruxmxtkbhe2ie7b234u5hvfiwq6htnq",
            "default_dhcp_options_id": "ocid1.dhcpoptions.oc1.uk-london-1.aaaaaaaaqnnx6ap6fdtsejh4ls36mzju3xvd7k4y5v3dubu7dwiih6sar2hq",
            "default_route_table_id": "ocid1.routetable.oc1.uk-london-1.aaaaaaaaytblz6gjtb2stt5lleepdteuz3hkskiu5ij3px2htnemya3yupia",
            "default_security_list_id": "ocid1.securitylist.oc1.uk-london-1.aaaaaaaayzfrtx5ltocofbbeaqjwqv6s5k6a2lz2sjenzsio53b5kfpqywna",
            "defined_tags": {
              "SantaMonicaTagging.Createdby": "oracleidentitycloudservice/saul.chavez@oracle.com"
            },
            "display_name": "drx1",
            "dns_label": "drx1",
            "freeform_tags": {
              "Environment": "dr"
            },
            "id": "ocid1.vcn.oc1.uk-london-1.amaaaaaalbfmicqamonlsmv4feu7zbq54vp4oqj55repoifyjzyqe2vji66q",
            "ipv6cidr_block": null,
            "ipv6public_cidr_block": null,
            "is_ipv6enabled": null,
            "state": "AVAILABLE",
            "time_created": "2020-09-02 16:08:13.395 +0000 UTC",
            "timeouts": null,
            "vcn_domain_name": "drx1.oraclevcn.com"
          },
          "private": "eyJlMmJmYjczMC1lY2FhLTExZTYtOGY4OC0zNDM2M2JjN2M0YzAiOnsiY3JlYXRlIjo5MDAwMDAwMDAwMDAsImRlbGV0ZSI6OTAwMDAwMDAwMDAwLCJ1cGRhdGUiOjkwMDAwMDAwMDAwMH19"
        }
      ]
    },
    {
      "module": "module.database",
      "mode": "managed",
      "type": "oci_database_data_guard_association",
      "name": "dr_data_guard_association",
      "provider": "provider.oci",
      "instances": [
        {
          "schema_version": 0,
          "attributes": {
            "apply_lag": null,
            "apply_rate": null,
            "availability_domain": "Zwzz:EU-FRANKFURT-1-AD-1",
            "backup_network_nsg_ids": null,
            "creation_type": "NewDbSystem",
            "database_admin_password": "PPassw0rd##123",
            "database_id": "ocid1.database.oc1.uk-london-1.abwgiljrnetndri4vtbywumau5smvwsluqp4x6neokm52gjghy2tg6p3xbcq",
            "delete_standby_db_home_on_delete": "true",
            "display_name": "DRDataGuardAssociationVM",
            "hostname": "ocidb",
            "id": "ocid1.dgassociation.oc1.uk-london-1.abwgiljrqc7einyjd7kr4ez56ch6vvclgtewol2jy3idrmk3ogcmgnc6swga",
            "lifecycle_details": null,
            "nsg_ids": [
              "ocid1.networksecuritygroup.oc1.eu-frankfurt-1.aaaaaaaa6qhyxe7dilzu525m7hht3ejol7ijqpspd7qomkiswpfjithx7uhq"
            ],
            "peer_data_guard_association_id": "ocid1.dgassociation.oc1.eu-frankfurt-1.abtheljrpu5x7ca5uhkdvxjefnxvayqxvovas5ra3wy6u6xxmwuwwul5wrja",
            "peer_database_id": "ocid1.database.oc1.eu-frankfurt-1.abtheljrtpsnihlhdzx5w3pfzsmsbzu3dj5fblmxjcx5pnfqchway2y4wycq",
            "peer_db_home_id": "ocid1.dbhome.oc1.eu-frankfurt-1.abtheljrrl6md2rfm3zpw2bx5rjxxipusq2hpauvfqm5ghkzgywosayxqgwq",
            "peer_db_system_id": "ocid1.dbsystem.oc1.eu-frankfurt-1.abtheljrrmpymjd2bywweh6jka4tjjwqputq7nofj5j6swocedfmcmsjj3qq",
            "peer_role": "STANDBY",
            "peer_vm_cluster_id": null,
            "protection_mode": "MAXIMUM_PERFORMANCE",
            "role": "PRIMARY",
            "shape": "VM.Standard2.2",
            "state": "AVAILABLE",
            "subnet_id": "ocid1.subnet.oc1.eu-frankfurt-1.aaaaaaaafq4vupbh7bcsnz5kyux3r3cb2vomcjkvjxhqmt5rdzxu7yl4boaq",
            "time_created": "2020-09-02 16:22:58.431 +0000 UTC",
            "timeouts": null,
            "transport_type": "ASYNC"
          },
          "private": "eyJlMmJmYjczMC1lY2FhLTExZTYtOGY4OC0zNDM2M2JjN2M0YzAiOnsiY3JlYXRlIjo3MjAwMDAwMDAwMDAwLCJkZWxldGUiOjcyMDAwMDAwMDAwMDAsInVwZGF0ZSI6NzIwMDAwMDAwMDAwMH19",
          "dependencies": [
            "module.database.oci_database_db_system.db_system",
            "module.dr_network.oci_core_drg.dr_drg",
            "module.dr_network.oci_core_nat_gateway.dr_nat",
            "module.dr_network.oci_core_network_security_group.ping_all",
            "module.dr_network.oci_core_route_table.private_route_table",
            "module.dr_network.oci_core_security_list.dr_database_sec_list",
            "module.dr_network.oci_core_service_gateway.dr_service_gateway",
            "module.dr_network.oci_core_subnet.db_subnet",
            "module.dr_network.oci_core_vcn.dr_vcn",
            "module.network.oci_core_drg.dr_drg",
            "module.network.oci_core_nat_gateway.dr_nat",
            "module.network.oci_core_network_security_group.ping_all",
            "module.network.oci_core_route_table.private_route_table",
            "module.network.oci_core_security_list.dr_database_sec_list",
            "module.network.oci_core_service_gateway.dr_service_gateway",
            "module.network.oci_core_subnet.db_subnet",
            "module.network.oci_core_vcn.dr_vcn"
          ]
        }
      ]
    },
    {
      "module": "module.database",
      "mode": "managed",
      "type": "oci_database_db_system",
      "name": "db_system",
      "provider": "provider.oci",
      "instances": [
        {
          "schema_version": 0,
          "attributes": {
            "availability_domain": "Zwzz:UK-LONDON-1-AD-1",
            "backup_network_nsg_ids": null,
            "backup_subnet_id": null,
            "cluster_name": null,
            "compartment_id": "ocid1.compartment.oc1..aaaaaaaafofzhn5ni45serz4yqmweruxmxtkbhe2ie7b234u5hvfiwq6htnq",
            "cpu_core_count": 2,
            "data_storage_percentage": 80,
            "data_storage_size_in_gb": 512,
            "database_edition": "ENTERPRISE_EDITION_EXTREME_PERFORMANCE",
            "db_home": [
              {
                "database": [
                  {
                    "admin_password": "PPassw0rd##123",
                    "backup_id": "",
                    "backup_tde_password": "",
                    "character_set": "AL32UTF8",
                    "connection_strings": [
                      {
                        "all_connection_strings": {
                          "cdbDefault": "drdb.db.drx1.oraclevcn.com:1521/drdb_lhr12w.db.drx1.oraclevcn.com",
                          "cdbIpDefault": "(DESCRIPTION=(CONNECT_TIMEOUT=5)(TRANSPORT_CONNECT_TIMEOUT=3)(RETRY_COUNT=3)(ADDRESS_LIST=(LOAD_BALANCE=on)(ADDRESS=(PROTOCOL=TCP)(HOST=10.0.4.2)(PORT=1521)))(CONNECT_DATA=(SERVICE_NAME=drdb_lhr12w.db.drx1.oraclevcn.com)))"
                        },
                        "cdb_default": "drdb.db.drx1.oraclevcn.com:1521/drdb_lhr12w.db.drx1.oraclevcn.com",
                        "cdb_ip_default": "(DESCRIPTION=(CONNECT_TIMEOUT=5)(TRANSPORT_CONNECT_TIMEOUT=3)(RETRY_COUNT=3)(ADDRESS_LIST=(LOAD_BALANCE=on)(ADDRESS=(PROTOCOL=TCP)(HOST=10.0.4.2)(PORT=1521)))(CONNECT_DATA=(SERVICE_NAME=drdb_lhr12w.db.drx1.oraclevcn.com)))"
                      }
                    ],
                    "database_id": "",
                    "db_backup_config": [
                      {
                        "auto_backup_enabled": false,
                        "auto_backup_window": "",
                        "backup_destination_details": [],
                        "recovery_window_in_days": 0
                      }
                    ],
                    "db_name": "drdb",
                    "db_unique_name": "drdb_lhr12w",
                    "db_workload": "OLTP",
                    "defined_tags": {
                      "SantaMonicaTagging.Createdby": "oracleidentitycloudservice/saul.chavez@oracle.com"
                    },
                    "freeform_tags": {},
                    "id": "ocid1.database.oc1.uk-london-1.abwgiljrnetndri4vtbywumau5smvwsluqp4x6neokm52gjghy2tg6p3xbcq",
                    "lifecycle_details": "",
                    "ncharacter_set": "AL16UTF16",
                    "pdb_name": "drpdb",
                    "state": "AVAILABLE",
                    "time_created": "2020-09-02 16:08:32.973 +0000 UTC",
                    "time_stamp_for_point_in_time_recovery": ""
                  }
                ],
                "db_home_location": "",
                "db_version": "19.8.0.0.0",
                "defined_tags": {},
                "display_name": "DRDBHome",
                "freeform_tags": {},
                "id": "ocid1.dbhome.oc1.uk-london-1.abwgiljrsttppqy7e7azjrk4khhbtcnhcklowwl35gi36cfauntzcqmwvfva",
                "last_patch_history_entry_id": "",
                "lifecycle_details": "",
                "state": "AVAILABLE",
                "time_created": "2020-09-02 16:08:32.972 +0000 UTC"
              }
            ],
            "db_system_options": [
              {
                "storage_management": "LVM"
              }
            ],
            "defined_tags": {
              "SantaMonicaTagging.Createdby": "oracleidentitycloudservice/saul.chavez@oracle.com"
            },
            "disk_redundancy": "NORMAL",
            "display_name": "DRDBSystem",
            "domain": "db.drx1.oraclevcn.com",
            "fault_domains": [
              "FAULT-DOMAIN-1"
            ],
            "freeform_tags": {},
            "hostname": "drdb",
            "id": "ocid1.dbsystem.oc1.uk-london-1.abwgiljrebo2jbroj5zdinpfupunea2r4m3bivuznfxad57kwwerjqyq5foq",
            "iorm_config_cache": [],
            "last_maintenance_run_id": null,
            "last_patch_history_entry_id": null,
            "license_model": "LICENSE_INCLUDED",
            "lifecycle_details": null,
            "listener_port": 1521,
            "maintenance_window": [],
            "maintenance_window_details": [],
            "next_maintenance_run_id": null,
            "node_count": 1,
            "nsg_ids": [
              "ocid1.networksecuritygroup.oc1.uk-london-1.aaaaaaaamkieg5vzo7icmrhuacadfn6zh3fcg4lpzn6usgjzjii2l6ysw5la"
            ],
            "reco_storage_size_in_gb": 256,
            "scan_dns_record_id": null,
            "scan_ip_ids": [],
            "shape": "VM.Standard2.2",
            "source": "NONE",
            "sparse_diskgroup": null,
            "ssh_public_keys": [
              "ssh-rsa AAAAB3NzaC1yc2EAAAADAQABAAABAQCdweEfM+0HqPP6g29wBXQdpJCPLpdI9N9P7GWTNCH2heJ6PlYA/zazMv4xSpkr4N8p0706Rs2kHPS9E7KQQiBVw5CA+UiHCZ4V4JhgMShfbWy+qi4tkJC6HXlR8bfyqUEUtF7trUWEOR7QKc2XAMbgbUmm5DDqrD0CjlyXOBl7zRxNw3e4k3bCRvkKOMS04bm0Dsv7IrpsjrMS+Snmgn1toYPQuU68F9OffucaIcWfi7oAsLw1f0tMxrvOwwRwVr7jARBM2VSbjmzMpg/ZNYicnk9zoEqi2rMCR8HxyHVXagjw5JCf5zXZ1UJ5flMnYwNO9ggq9/t/hXLxg1iI2H6f opc@aurora\n"
            ],
            "state": "AVAILABLE",
            "subnet_id": "ocid1.subnet.oc1.uk-london-1.aaaaaaaaiiyxulneou54xukgjmeluu6upl3x7ras66ezfl6udageb2qygfoa",
            "time_created": "2020-09-02 16:08:32.97 +0000 UTC",
            "time_zone": "UTC",
            "timeouts": null,
            "version": null,
            "vip_ids": []
          },
          "private": "eyJlMmJmYjczMC1lY2FhLTExZTYtOGY4OC0zNDM2M2JjN2M0YzAiOnsiY3JlYXRlIjowLCJkZWxldGUiOjcyMDAwMDAwMDAwMDAsInVwZGF0ZSI6NzIwMDAwMDAwMDAwMH19",
          "dependencies": [
            "module.network.oci_core_drg.dr_drg",
            "module.network.oci_core_nat_gateway.dr_nat",
            "module.network.oci_core_network_security_group.ping_all",
            "module.network.oci_core_route_table.private_route_table",
            "module.network.oci_core_security_list.dr_database_sec_list",
            "module.network.oci_core_service_gateway.dr_service_gateway",
            "module.network.oci_core_subnet.db_subnet",
            "module.network.oci_core_vcn.dr_vcn"
          ]
        }
      ]
    },
    {
      "module": "module.ords",
      "mode": "managed",
      "type": "oci_dns_record",
      "name": "ORDS-Record-a",
      "each": "list",
      "provider": "provider.oci",
      "instances": []
    },
    {
      "module": "module.ords",
      "mode": "managed",
      "type": "oci_dns_zone",
      "name": "ORDS-Zone",
      "each": "list",
      "provider": "provider.oci",
      "instances": []
    },
    {
      "module": "module.dr_public_lb",
      "mode": "managed",
      "type": "oci_load_balancer",
      "name": "lb1",
      "provider": "provider.oci.dr",
      "instances": [
        {
          "schema_version": 0,
          "attributes": {
            "compartment_id": "ocid1.compartment.oc1..aaaaaaaafofzhn5ni45serz4yqmweruxmxtkbhe2ie7b234u5hvfiwq6htnq",
            "defined_tags": {
              "SantaMonicaTagging.Createdby": "oracleidentitycloudservice/saul.chavez@oracle.com"
            },
            "display_name": "dr_public_lb",
            "freeform_tags": {},
            "id": "ocid1.loadbalancer.oc1.eu-frankfurt-1.aaaaaaaa2eqanbrlvz6pldwz47oc7xs7qm5tpfymwktcx3xv4nxxsbfvrccq",
            "ip_address_details": [
              {
                "ip_address": "158.101.179.65",
                "is_public": true
              }
            ],
            "ip_addresses": [
              "158.101.179.65"
            ],
            "ip_mode": "IPV4",
            "is_private": false,
            "network_security_group_ids": null,
            "shape": "100Mbps",
            "state": "ACTIVE",
            "subnet_ids": [
              "ocid1.subnet.oc1.eu-frankfurt-1.aaaaaaaatoksne7um5p5qzeqgqu4s7nyb7hjnrlf2ycs2xqzbsngcoasklua"
            ],
            "system_tags": {},
            "time_created": "2020-09-02 16:08:17.278 +0000 UTC",
            "timeouts": null
          },
          "private": "eyJlMmJmYjczMC1lY2FhLTExZTYtOGY4OC0zNDM2M2JjN2M0YzAiOnsiY3JlYXRlIjo5MDAwMDAwMDAwMDAsImRlbGV0ZSI6OTAwMDAwMDAwMDAwLCJ1cGRhdGUiOjkwMDAwMDAwMDAwMH19",
          "dependencies": [
            "module.dr_network.oci_core_internet_gateway.dr_igw",
            "module.dr_network.oci_core_route_table.public_route_table",
            "module.dr_network.oci_core_security_list.access_security_list",
            "module.dr_network.oci_core_subnet.lb_subnet",
            "module.dr_network.oci_core_vcn.dr_vcn"
          ]
        }
      ]
    },
    {
      "module": "module.public_lb",
      "mode": "managed",
      "type": "oci_load_balancer",
      "name": "lb1",
      "provider": "module.public_lb.provider.oci.destination",
      "instances": [
        {
          "schema_version": 0,
          "attributes": {
            "compartment_id": "ocid1.compartment.oc1..aaaaaaaafofzhn5ni45serz4yqmweruxmxtkbhe2ie7b234u5hvfiwq6htnq",
            "defined_tags": {
              "SantaMonicaTagging.Createdby": "oracleidentitycloudservice/saul.chavez@oracle.com"
            },
            "display_name": "dr_public_lb",
            "freeform_tags": {},
            "id": "ocid1.loadbalancer.oc1.uk-london-1.aaaaaaaav6gcpgezgc3i2dn2bb3jgk72sanvamdjtabloduaijeiw7vauwqa",
            "ip_address_details": [
              {
                "ip_address": "132.145.65.236",
                "is_public": true
              }
            ],
            "ip_addresses": [
              "132.145.65.236"
            ],
            "ip_mode": "IPV4",
            "is_private": false,
            "network_security_group_ids": null,
            "shape": "100Mbps",
            "state": "ACTIVE",
            "subnet_ids": [
              "ocid1.subnet.oc1.uk-london-1.aaaaaaaaz2h737u7ot44qtka5rajntlnvgbaiw7m3lpwepm2yvqqo5apgy4q"
            ],
            "system_tags": {},
            "time_created": "2020-09-02 16:08:17.728 +0000 UTC",
            "timeouts": null
          },
          "private": "eyJlMmJmYjczMC1lY2FhLTExZTYtOGY4OC0zNDM2M2JjN2M0YzAiOnsiY3JlYXRlIjo5MDAwMDAwMDAwMDAsImRlbGV0ZSI6OTAwMDAwMDAwMDAwLCJ1cGRhdGUiOjkwMDAwMDAwMDAwMH19",
          "dependencies": [
            "module.network.oci_core_internet_gateway.dr_igw",
            "module.network.oci_core_route_table.public_route_table",
            "module.network.oci_core_security_list.access_security_list",
            "module.network.oci_core_subnet.lb_subnet",
            "module.network.oci_core_vcn.dr_vcn"
          ]
        }
      ]
    },
    {
      "module": "module.dr_public_lb",
      "mode": "managed",
      "type": "oci_load_balancer_backend",
      "name": "lb-be1",
      "each": "list",
      "provider": "provider.oci.dr",
      "instances": []
    },
    {
      "module": "module.public_lb",
      "mode": "managed",
      "type": "oci_load_balancer_backend",
      "name": "lb-be1",
      "each": "list",
      "provider": "module.public_lb.provider.oci.destination",
      "instances": [
        {
          "index_key": 0,
          "schema_version": 0,
          "attributes": {
            "backendset_name": "lb-bes1",
            "backup": false,
            "drain": false,
            "id": "loadBalancers/ocid1.loadbalancer.oc1.uk-london-1.aaaaaaaav6gcpgezgc3i2dn2bb3jgk72sanvamdjtabloduaijeiw7vauwqa/backendSets/lb-bes1/backends/10.0.3.2:80",
            "ip_address": "10.0.3.2",
            "load_balancer_id": "ocid1.loadbalancer.oc1.uk-london-1.aaaaaaaav6gcpgezgc3i2dn2bb3jgk72sanvamdjtabloduaijeiw7vauwqa",
            "name": "10.0.3.2:80",
            "offline": false,
            "port": 80,
            "state": "SUCCEEDED",
            "timeouts": null,
            "weight": 1
          },
          "private": "eyJlMmJmYjczMC1lY2FhLTExZTYtOGY4OC0zNDM2M2JjN2M0YzAiOnsiY3JlYXRlIjo5MDAwMDAwMDAwMDAsImRlbGV0ZSI6OTAwMDAwMDAwMDAwLCJ1cGRhdGUiOjkwMDAwMDAwMDAwMH19",
          "dependencies": [
            "module.app_server_1.oci_core_instance.private_server",
            "module.bastion_instance.oci_core_instance.bastion_server",
            "module.network.oci_core_drg.dr_drg",
            "module.network.oci_core_internet_gateway.dr_igw",
            "module.network.oci_core_nat_gateway.dr_nat",
            "module.network.oci_core_network_security_group.ping_all",
            "module.network.oci_core_route_table.private_route_table",
            "module.network.oci_core_route_table.public_route_table",
            "module.network.oci_core_security_list.access_security_list",
            "module.network.oci_core_security_list.dr_app_list",
            "module.network.oci_core_security_list.dr_fss_list",
            "module.network.oci_core_service_gateway.dr_service_gateway",
            "module.network.oci_core_subnet.access_subnet",
            "module.network.oci_core_subnet.app_subnet",
            "module.network.oci_core_subnet.lb_subnet",
            "module.network.oci_core_vcn.dr_vcn",
            "module.public_lb.oci_load_balancer.lb1",
            "module.public_lb.oci_load_balancer_backend_set.lb-bes1"
          ]
        }
      ]
    },
    {
      "module": "module.dr_public_lb",
      "mode": "managed",
      "type": "oci_load_balancer_backend",
      "name": "lb-be2",
      "each": "list",
      "provider": "provider.oci.dr",
      "instances": []
    },
    {
      "module": "module.public_lb",
      "mode": "managed",
      "type": "oci_load_balancer_backend",
      "name": "lb-be2",
      "each": "list",
      "provider": "module.public_lb.provider.oci.destination",
      "instances": [
        {
          "index_key": 0,
          "schema_version": 0,
          "attributes": {
            "backendset_name": "lb-bes1",
            "backup": false,
            "drain": false,
            "id": "loadBalancers/ocid1.loadbalancer.oc1.uk-london-1.aaaaaaaav6gcpgezgc3i2dn2bb3jgk72sanvamdjtabloduaijeiw7vauwqa/backendSets/lb-bes1/backends/10.0.3.3:80",
            "ip_address": "10.0.3.3",
            "load_balancer_id": "ocid1.loadbalancer.oc1.uk-london-1.aaaaaaaav6gcpgezgc3i2dn2bb3jgk72sanvamdjtabloduaijeiw7vauwqa",
            "name": "10.0.3.3:80",
            "offline": false,
            "port": 80,
            "state": "SUCCEEDED",
            "timeouts": null,
            "weight": 1
          },
          "private": "eyJlMmJmYjczMC1lY2FhLTExZTYtOGY4OC0zNDM2M2JjN2M0YzAiOnsiY3JlYXRlIjo5MDAwMDAwMDAwMDAsImRlbGV0ZSI6OTAwMDAwMDAwMDAwLCJ1cGRhdGUiOjkwMDAwMDAwMDAwMH19",
          "dependencies": [
            "module.app_server_2.oci_core_instance.private_server",
            "module.bastion_instance.oci_core_instance.bastion_server",
            "module.network.oci_core_drg.dr_drg",
            "module.network.oci_core_internet_gateway.dr_igw",
            "module.network.oci_core_nat_gateway.dr_nat",
            "module.network.oci_core_network_security_group.ping_all",
            "module.network.oci_core_route_table.private_route_table",
            "module.network.oci_core_route_table.public_route_table",
            "module.network.oci_core_security_list.access_security_list",
            "module.network.oci_core_security_list.dr_app_list",
            "module.network.oci_core_security_list.dr_fss_list",
            "module.network.oci_core_service_gateway.dr_service_gateway",
            "module.network.oci_core_subnet.access_subnet",
            "module.network.oci_core_subnet.app_subnet",
            "module.network.oci_core_subnet.lb_subnet",
            "module.network.oci_core_vcn.dr_vcn",
            "module.public_lb.oci_load_balancer.lb1",
            "module.public_lb.oci_load_balancer_backend_set.lb-bes1"
          ]
        }
      ]
    },
    {
      "module": "module.dr_public_lb",
      "mode": "managed",
      "type": "oci_load_balancer_backend_set",
      "name": "lb-bes1",
      "provider": "provider.oci.dr",
      "instances": [
        {
          "schema_version": 0,
          "attributes": {
            "backend": [],
            "health_checker": [
              {
                "interval_ms": 30000,
                "port": 80,
                "protocol": "HTTP",
                "response_body_regex": ".*",
                "retries": 3,
                "return_code": 200,
                "timeout_in_millis": 3000,
                "url_path": "/"
              }
            ],
            "id": "loadBalancers/ocid1.loadbalancer.oc1.eu-frankfurt-1.aaaaaaaa2eqanbrlvz6pldwz47oc7xs7qm5tpfymwktcx3xv4nxxsbfvrccq/backendSets/lb-bes1",
            "lb_cookie_session_persistence_configuration": [],
            "load_balancer_id": "ocid1.loadbalancer.oc1.eu-frankfurt-1.aaaaaaaa2eqanbrlvz6pldwz47oc7xs7qm5tpfymwktcx3xv4nxxsbfvrccq",
            "name": "lb-bes1",
            "policy": "ROUND_ROBIN",
            "session_persistence_configuration": [
              {
                "cookie_name": "lb-session1",
                "disable_fallback": true
              }
            ],
            "ssl_configuration": [],
            "state": "SUCCEEDED",
            "timeouts": null
          },
          "private": "eyJlMmJmYjczMC1lY2FhLTExZTYtOGY4OC0zNDM2M2JjN2M0YzAiOnsiY3JlYXRlIjo5MDAwMDAwMDAwMDAsImRlbGV0ZSI6OTAwMDAwMDAwMDAwLCJ1cGRhdGUiOjkwMDAwMDAwMDAwMH19",
          "dependencies": [
            "module.dr_network.oci_core_internet_gateway.dr_igw",
            "module.dr_network.oci_core_route_table.public_route_table",
            "module.dr_network.oci_core_security_list.access_security_list",
            "module.dr_network.oci_core_subnet.lb_subnet",
            "module.dr_network.oci_core_vcn.dr_vcn",
            "module.dr_public_lb.oci_load_balancer.lb1"
          ]
        }
      ]
    },
    {
      "module": "module.public_lb",
      "mode": "managed",
      "type": "oci_load_balancer_backend_set",
      "name": "lb-bes1",
      "provider": "module.public_lb.provider.oci.destination",
      "instances": [
        {
          "schema_version": 0,
          "attributes": {
            "backend": [],
            "health_checker": [
              {
                "interval_ms": 30000,
                "port": 80,
                "protocol": "HTTP",
                "response_body_regex": ".*",
                "retries": 3,
                "return_code": 200,
                "timeout_in_millis": 3000,
                "url_path": "/"
              }
            ],
            "id": "loadBalancers/ocid1.loadbalancer.oc1.uk-london-1.aaaaaaaav6gcpgezgc3i2dn2bb3jgk72sanvamdjtabloduaijeiw7vauwqa/backendSets/lb-bes1",
            "lb_cookie_session_persistence_configuration": [],
            "load_balancer_id": "ocid1.loadbalancer.oc1.uk-london-1.aaaaaaaav6gcpgezgc3i2dn2bb3jgk72sanvamdjtabloduaijeiw7vauwqa",
            "name": "lb-bes1",
            "policy": "ROUND_ROBIN",
            "session_persistence_configuration": [
              {
                "cookie_name": "lb-session1",
                "disable_fallback": true
              }
            ],
            "ssl_configuration": [],
            "state": "SUCCEEDED",
            "timeouts": null
          },
          "private": "eyJlMmJmYjczMC1lY2FhLTExZTYtOGY4OC0zNDM2M2JjN2M0YzAiOnsiY3JlYXRlIjo5MDAwMDAwMDAwMDAsImRlbGV0ZSI6OTAwMDAwMDAwMDAwLCJ1cGRhdGUiOjkwMDAwMDAwMDAwMH19",
          "dependencies": [
            "module.network.oci_core_internet_gateway.dr_igw",
            "module.network.oci_core_route_table.public_route_table",
            "module.network.oci_core_security_list.access_security_list",
            "module.network.oci_core_subnet.lb_subnet",
            "module.network.oci_core_vcn.dr_vcn",
            "module.public_lb.oci_load_balancer.lb1"
          ]
        }
      ]
    },
    {
      "module": "module.dr_public_lb",
      "mode": "managed",
      "type": "oci_load_balancer_listener",
      "name": "lb-listener1",
      "provider": "provider.oci.dr",
      "instances": [
        {
          "schema_version": 0,
          "attributes": {
            "connection_configuration": [
              {
                "backend_tcp_proxy_protocol_version": 0,
                "idle_timeout_in_seconds": "15"
              }
            ],
            "default_backend_set_name": "lb-bes1",
            "hostname_names": [],
            "id": "loadBalancers/ocid1.loadbalancer.oc1.eu-frankfurt-1.aaaaaaaa2eqanbrlvz6pldwz47oc7xs7qm5tpfymwktcx3xv4nxxsbfvrccq/listeners/http",
            "load_balancer_id": "ocid1.loadbalancer.oc1.eu-frankfurt-1.aaaaaaaa2eqanbrlvz6pldwz47oc7xs7qm5tpfymwktcx3xv4nxxsbfvrccq",
            "name": "http",
            "path_route_set_name": null,
            "port": 80,
            "protocol": "HTTP",
            "rule_set_names": [],
            "ssl_configuration": [],
            "state": "SUCCEEDED",
            "timeouts": null
          },
          "private": "eyJlMmJmYjczMC1lY2FhLTExZTYtOGY4OC0zNDM2M2JjN2M0YzAiOnsiY3JlYXRlIjo5MDAwMDAwMDAwMDAsImRlbGV0ZSI6OTAwMDAwMDAwMDAwLCJ1cGRhdGUiOjkwMDAwMDAwMDAwMH19",
          "dependencies": [
            "module.dr_network.oci_core_internet_gateway.dr_igw",
            "module.dr_network.oci_core_route_table.public_route_table",
            "module.dr_network.oci_core_security_list.access_security_list",
            "module.dr_network.oci_core_subnet.lb_subnet",
            "module.dr_network.oci_core_vcn.dr_vcn",
            "module.dr_public_lb.oci_load_balancer.lb1",
            "module.dr_public_lb.oci_load_balancer_backend_set.lb-bes1"
          ]
        }
      ]
    },
    {
      "module": "module.public_lb",
      "mode": "managed",
      "type": "oci_load_balancer_listener",
      "name": "lb-listener1",
      "provider": "module.public_lb.provider.oci.destination",
      "instances": [
        {
          "schema_version": 0,
          "attributes": {
            "connection_configuration": [
              {
                "backend_tcp_proxy_protocol_version": 0,
                "idle_timeout_in_seconds": "15"
              }
            ],
            "default_backend_set_name": "lb-bes1",
            "hostname_names": [],
            "id": "loadBalancers/ocid1.loadbalancer.oc1.uk-london-1.aaaaaaaav6gcpgezgc3i2dn2bb3jgk72sanvamdjtabloduaijeiw7vauwqa/listeners/http",
            "load_balancer_id": "ocid1.loadbalancer.oc1.uk-london-1.aaaaaaaav6gcpgezgc3i2dn2bb3jgk72sanvamdjtabloduaijeiw7vauwqa",
            "name": "http",
            "path_route_set_name": null,
            "port": 80,
            "protocol": "HTTP",
            "rule_set_names": [],
            "ssl_configuration": [],
            "state": "SUCCEEDED",
            "timeouts": null
          },
          "private": "eyJlMmJmYjczMC1lY2FhLTExZTYtOGY4OC0zNDM2M2JjN2M0YzAiOnsiY3JlYXRlIjo5MDAwMDAwMDAwMDAsImRlbGV0ZSI6OTAwMDAwMDAwMDAwLCJ1cGRhdGUiOjkwMDAwMDAwMDAwMH19",
          "dependencies": [
            "module.network.oci_core_internet_gateway.dr_igw",
            "module.network.oci_core_route_table.public_route_table",
            "module.network.oci_core_security_list.access_security_list",
            "module.network.oci_core_subnet.lb_subnet",
            "module.network.oci_core_vcn.dr_vcn",
            "module.public_lb.oci_load_balancer.lb1",
            "module.public_lb.oci_load_balancer_backend_set.lb-bes1"
          ]
        }
      ]
    }
  ]
}
