{
  "version": 4,
  "terraform_version": "0.12.29",
  "serial": 229,
  "lineage": "59215b50-92e7-4531-a82b-2e436947b2a7",
  "outputs": {
    "DB_hostname": {
      "value": "drdb",
      "type": "string"
    },
    "InstancePrivateIP": {
      "value": "10.0.0.5",
      "type": "string"
    },
    "InstancePublicIP": {
      "value": "132.145.17.27",
      "type": "string"
    },
    "domain": {
      "value": "db.drx1.oraclevcn.com",
      "type": "string"
    },
    "dr_load_balancer": {
      "value": "193.122.55.221",
      "type": "string"
    },
    "drip": {
      "value": "10.0.4.2",
      "type": "string"
    },
    "primary_load_balancer": {
      "value": "132.145.66.223",
      "type": "string"
    }
  },
  "resources": [
    {
      "mode": "data",
      "type": "oci_core_images",
      "name": "DR_oraclelinux",
      "provider": "provider.oci.dr",
      "instances": [
        {
          "schema_version": 0,
          "attributes": {
            "compartment_id": "ocid1.compartment.oc1..aaaaaaaafofzhn5ni45serz4yqmweruxmxtkbhe2ie7b234u5hvfiwq6htnq",
            "display_name": null,
            "filter": [
              {
                "name": "display_name",
                "regex": true,
                "values": [
                  "^Oracle-Linux-7.8-([\\.0-9]+)-([\\.0-9-]+)$"
                ]
              }
            ],
            "id": "2020-09-02 14:41:15.647324501 +0000 UTC",
            "images": [
              {
                "agent_features": [],
                "base_image_id": "",
                "compartment_id": "",
                "create_image_allowed": true,
                "defined_tags": {},
                "display_name": "Oracle-Linux-7.8-2020.07.28-0",
                "freeform_tags": {},
                "id": "ocid1.image.oc1.eu-frankfurt-1.aaaaaaaahxue6crkdeevk75bzw63cmhh3c4uyqddcwov7mwlv7na4lkz7zla",
                "image_source_details": [],
                "instance_id": "",
                "launch_mode": "NATIVE",
                "launch_options": [
                  {
                    "boot_volume_type": "PARAVIRTUALIZED",
                    "firmware": "UEFI_64",
                    "is_consistent_volume_naming_enabled": true,
                    "is_pv_encryption_in_transit_enabled": true,
                    "network_type": "PARAVIRTUALIZED",
                    "remote_data_volume_type": "PARAVIRTUALIZED"
                  }
                ],
                "operating_system": "Oracle Linux",
                "operating_system_version": "7.8",
                "size_in_mbs": "47694",
                "state": "AVAILABLE",
                "time_created": "2020-07-29 18:00:18.164 +0000 UTC"
              },
              {
                "agent_features": [],
                "base_image_id": "",
                "compartment_id": "",
                "create_image_allowed": true,
                "defined_tags": {},
                "display_name": "Oracle-Linux-7.8-2020.06.30-0",
                "freeform_tags": {},
                "id": "ocid1.image.oc1.eu-frankfurt-1.aaaaaaaaulz7xiht632iidvdm4iezy33fofulmerq2nkllwnkjy335qkswza",
                "image_source_details": [],
                "instance_id": "",
                "launch_mode": "NATIVE",
                "launch_options": [
                  {
                    "boot_volume_type": "PARAVIRTUALIZED",
                    "firmware": "UEFI_64",
                    "is_consistent_volume_naming_enabled": true,
                    "is_pv_encryption_in_transit_enabled": true,
                    "network_type": "PARAVIRTUALIZED",
                    "remote_data_volume_type": "PARAVIRTUALIZED"
                  }
                ],
                "operating_system": "Oracle Linux",
                "operating_system_version": "7.8",
                "size_in_mbs": "47694",
                "state": "AVAILABLE",
                "time_created": "2020-06-30 23:36:10.299 +0000 UTC"
              },
              {
                "agent_features": [],
                "base_image_id": "",
                "compartment_id": "",
                "create_image_allowed": true,
                "defined_tags": {},
                "display_name": "Oracle-Linux-7.8-2020.06.09-0",
                "freeform_tags": {},
                "id": "ocid1.image.oc1.eu-frankfurt-1.aaaaaaaaoqvlhn5rykcekppqb4rddvkoz6667rho62q2teavlqemlcqvodca",
                "image_source_details": [],
                "instance_id": "",
                "launch_mode": "NATIVE",
                "launch_options": [
                  {
                    "boot_volume_type": "PARAVIRTUALIZED",
                    "firmware": "UEFI_64",
                    "is_consistent_volume_naming_enabled": true,
                    "is_pv_encryption_in_transit_enabled": true,
                    "network_type": "PARAVIRTUALIZED",
                    "remote_data_volume_type": "PARAVIRTUALIZED"
                  }
                ],
                "operating_system": "Oracle Linux",
                "operating_system_version": "7.8",
                "size_in_mbs": "47694",
                "state": "AVAILABLE",
                "time_created": "2020-06-05 23:12:52.768 +0000 UTC"
              },
              {
                "agent_features": [],
                "base_image_id": "",
                "compartment_id": "",
                "create_image_allowed": true,
                "defined_tags": {},
                "display_name": "Oracle-Linux-7.8-2020.05.26-0",
                "freeform_tags": {},
                "id": "ocid1.image.oc1.eu-frankfurt-1.aaaaaaaafjcegvwbd3qgin4unmtr5jm5gjhtcfxgnhjwodzewlja5zqm6eaq",
                "image_source_details": [],
                "instance_id": "",
                "launch_mode": "NATIVE",
                "launch_options": [
                  {
                    "boot_volume_type": "PARAVIRTUALIZED",
                    "firmware": "UEFI_64",
                    "is_consistent_volume_naming_enabled": true,
                    "is_pv_encryption_in_transit_enabled": true,
                    "network_type": "PARAVIRTUALIZED",
                    "remote_data_volume_type": "PARAVIRTUALIZED"
                  }
                ],
                "operating_system": "Oracle Linux",
                "operating_system_version": "7.8",
                "size_in_mbs": "47694",
                "state": "AVAILABLE",
                "time_created": "2020-05-28 22:56:53.846 +0000 UTC"
              },
              {
                "agent_features": [],
                "base_image_id": "",
                "compartment_id": "",
                "create_image_allowed": true,
                "defined_tags": {},
                "display_name": "Oracle-Linux-7.8-2020.04.17-0",
                "freeform_tags": {},
                "id": "ocid1.image.oc1.eu-frankfurt-1.aaaaaaaavz6p7tyrczcwd5uvq6x2wqkbwcrjjbuohbjomtzv32k5bq24rsha",
                "image_source_details": [],
                "instance_id": "",
                "launch_mode": "NATIVE",
                "launch_options": [
                  {
                    "boot_volume_type": "PARAVIRTUALIZED",
                    "firmware": "UEFI_64",
                    "is_consistent_volume_naming_enabled": true,
                    "is_pv_encryption_in_transit_enabled": true,
                    "network_type": "PARAVIRTUALIZED",
                    "remote_data_volume_type": "PARAVIRTUALIZED"
                  }
                ],
                "operating_system": "Oracle Linux",
                "operating_system_version": "7.8",
                "size_in_mbs": "47694",
                "state": "AVAILABLE",
                "time_created": "2020-04-20 23:58:59.687 +0000 UTC"
              }
            ],
            "operating_system": "Oracle Linux",
            "operating_system_version": "7.8",
            "shape": null,
            "sort_by": null,
            "sort_order": null,
            "state": null
          }
        }
      ]
    },
    {
      "mode": "data",
      "type": "oci_core_images",
      "name": "oraclelinux",
      "provider": "provider.oci",
      "instances": [
        {
          "schema_version": 0,
          "attributes": {
            "compartment_id": "ocid1.compartment.oc1..aaaaaaaafofzhn5ni45serz4yqmweruxmxtkbhe2ie7b234u5hvfiwq6htnq",
            "display_name": null,
            "filter": [
              {
                "name": "display_name",
                "regex": true,
                "values": [
                  "^Oracle-Linux-7.8-([\\.0-9]+)-([\\.0-9-]+)$"
                ]
              }
            ],
            "id": "2020-09-02 14:42:34.869463859 +0000 UTC",
            "images": [
              {
                "agent_features": [],
                "base_image_id": "",
                "compartment_id": "",
                "create_image_allowed": true,
                "defined_tags": {},
                "display_name": "Oracle-Linux-7.8-2020.07.28-0",
                "freeform_tags": {},
                "id": "ocid1.image.oc1.uk-london-1.aaaaaaaad3ykcml7uxbkl7oqxbnydtqslgg6oyz35ju5szz4lwttjxi36yua",
                "image_source_details": [],
                "instance_id": "",
                "launch_mode": "NATIVE",
                "launch_options": [
                  {
                    "boot_volume_type": "PARAVIRTUALIZED",
                    "firmware": "UEFI_64",
                    "is_consistent_volume_naming_enabled": true,
                    "is_pv_encryption_in_transit_enabled": true,
                    "network_type": "PARAVIRTUALIZED",
                    "remote_data_volume_type": "PARAVIRTUALIZED"
                  }
                ],
                "operating_system": "Oracle Linux",
                "operating_system_version": "7.8",
                "size_in_mbs": "47694",
                "state": "AVAILABLE",
                "time_created": "2020-07-29 17:55:45.174 +0000 UTC"
              },
              {
                "agent_features": [],
                "base_image_id": "",
                "compartment_id": "",
                "create_image_allowed": true,
                "defined_tags": {},
                "display_name": "Oracle-Linux-7.8-2020.06.30-0",
                "freeform_tags": {},
                "id": "ocid1.image.oc1.uk-london-1.aaaaaaaayt6ppuyj6q4dwb4pkkyy3llrhxntywewfk4ssd365d4cn22i6yxa",
                "image_source_details": [],
                "instance_id": "",
                "launch_mode": "NATIVE",
                "launch_options": [
                  {
                    "boot_volume_type": "PARAVIRTUALIZED",
                    "firmware": "UEFI_64",
                    "is_consistent_volume_naming_enabled": true,
                    "is_pv_encryption_in_transit_enabled": true,
                    "network_type": "PARAVIRTUALIZED",
                    "remote_data_volume_type": "PARAVIRTUALIZED"
                  }
                ],
                "operating_system": "Oracle Linux",
                "operating_system_version": "7.8",
                "size_in_mbs": "47694",
                "state": "AVAILABLE",
                "time_created": "2020-06-30 23:36:08.49 +0000 UTC"
              },
              {
                "agent_features": [],
                "base_image_id": "",
                "compartment_id": "",
                "create_image_allowed": true,
                "defined_tags": {},
                "display_name": "Oracle-Linux-7.8-2020.06.09-0",
                "freeform_tags": {},
                "id": "ocid1.image.oc1.uk-london-1.aaaaaaaa5aurvcnkb62nbtypjpudp5a33uwxfv7e2ixn7qfeczgrlz2itkla",
                "image_source_details": [],
                "instance_id": "",
                "launch_mode": "NATIVE",
                "launch_options": [
                  {
                    "boot_volume_type": "PARAVIRTUALIZED",
                    "firmware": "UEFI_64",
                    "is_consistent_volume_naming_enabled": true,
                    "is_pv_encryption_in_transit_enabled": true,
                    "network_type": "PARAVIRTUALIZED",
                    "remote_data_volume_type": "PARAVIRTUALIZED"
                  }
                ],
                "operating_system": "Oracle Linux",
                "operating_system_version": "7.8",
                "size_in_mbs": "47694",
                "state": "AVAILABLE",
                "time_created": "2020-06-05 23:12:56.405 +0000 UTC"
              },
              {
                "agent_features": [],
                "base_image_id": "",
                "compartment_id": "",
                "create_image_allowed": true,
                "defined_tags": {},
                "display_name": "Oracle-Linux-7.8-2020.05.26-0",
                "freeform_tags": {},
                "id": "ocid1.image.oc1.uk-london-1.aaaaaaaa4srleqj6rpvdtzvlrkz4bf6dnpunm732edde6bo6ve5ym2v43qwa",
                "image_source_details": [],
                "instance_id": "",
                "launch_mode": "NATIVE",
                "launch_options": [
                  {
                    "boot_volume_type": "PARAVIRTUALIZED",
                    "firmware": "UEFI_64",
                    "is_consistent_volume_naming_enabled": true,
                    "is_pv_encryption_in_transit_enabled": true,
                    "network_type": "PARAVIRTUALIZED",
                    "remote_data_volume_type": "PARAVIRTUALIZED"
                  }
                ],
                "operating_system": "Oracle Linux",
                "operating_system_version": "7.8",
                "size_in_mbs": "47694",
                "state": "AVAILABLE",
                "time_created": "2020-05-28 22:54:19.258 +0000 UTC"
              },
              {
                "agent_features": [],
                "base_image_id": "",
                "compartment_id": "",
                "create_image_allowed": true,
                "defined_tags": {},
                "display_name": "Oracle-Linux-7.8-2020.04.17-0",
                "freeform_tags": {},
                "id": "ocid1.image.oc1.uk-london-1.aaaaaaaaz57okycdlykwzwegouf6p4fl6leo3mf7zs2setxxbls26hctpkgq",
                "image_source_details": [],
                "instance_id": "",
                "launch_mode": "NATIVE",
                "launch_options": [
                  {
                    "boot_volume_type": "PARAVIRTUALIZED",
                    "firmware": "UEFI_64",
                    "is_consistent_volume_naming_enabled": true,
                    "is_pv_encryption_in_transit_enabled": true,
                    "network_type": "PARAVIRTUALIZED",
                    "remote_data_volume_type": "PARAVIRTUALIZED"
                  }
                ],
                "operating_system": "Oracle Linux",
                "operating_system_version": "7.8",
                "size_in_mbs": "47694",
                "state": "AVAILABLE",
                "time_created": "2020-04-20 23:58:58.715 +0000 UTC"
              }
            ],
            "operating_system": "Oracle Linux",
            "operating_system_version": "7.8",
            "shape": null,
            "sort_by": null,
            "sort_order": null,
            "state": null
          }
        }
      ]
    },
    {
      "module": "module.network",
      "mode": "data",
      "type": "oci_core_services",
      "name": "dr_services",
      "provider": "provider.oci",
      "instances": [
        {
          "schema_version": 0,
          "attributes": {
            "filter": [
              {
                "name": "name",
                "regex": true,
                "values": [
                  "All .* Services In Oracle Services Network"
                ]
              }
            ],
            "id": "2020-09-02 14:41:15.458716174 +0000 UTC",
            "services": [
              {
                "cidr_block": "all-lhr-services-in-oracle-services-network",
                "description": "All LHR Services In Oracle Services Network",
                "id": "ocid1.service.oc1.uk-london-1.aaaaaaaatwg7f5mnzoapfunl66n2qkp4ormiykqk3hiwksum63gcyjk7ysla",
                "name": "All LHR Services In Oracle Services Network"
              }
            ]
          }
        }
      ]
    },
    {
      "module": "module.dr_network",
      "mode": "data",
      "type": "oci_core_services",
      "name": "dr_services",
      "provider": "provider.oci.dr",
      "instances": [
        {
          "schema_version": 0,
          "attributes": {
            "filter": [
              {
                "name": "name",
                "regex": true,
                "values": [
                  "All .* Services In Oracle Services Network"
                ]
              }
            ],
            "id": "2020-09-02 14:41:15.709004712 +0000 UTC",
            "services": [
              {
                "cidr_block": "all-fra-services-in-oracle-services-network",
                "description": "All FRA Services In Oracle Services Network",
                "id": "ocid1.service.oc1.eu-frankfurt-1.aaaaaaaa7ncsqkj6lkz36dehifizupyn6qjqsmtepsegs23yyntnsy7qrvea",
                "name": "All FRA Services In Oracle Services Network"
              }
            ]
          }
        }
      ]
    },
    {
      "module": "module.database",
      "mode": "data",
      "type": "oci_core_vnic",
      "name": "test_node",
      "provider": "provider.oci",
      "instances": [
        {
          "schema_version": 0,
          "attributes": {
            "availability_domain": "Zwzz:UK-LONDON-1-AD-1",
            "compartment_id": "ocid1.compartment.oc1..aaaaaaaafofzhn5ni45serz4yqmweruxmxtkbhe2ie7b234u5hvfiwq6htnq",
            "defined_tags": {
              "SantaMonicaTagging.Createdby": "oracleidentitycloudservice/saul.chavez@oracle.com"
            },
            "display_name": "ocid1.dbnode.oc1.uk-london-1.abwgiljrkh3ag72jvtsprowoyziktuxtrgcw72tml2clnlbrzrbrz435yqzq",
            "freeform_tags": {},
            "hostname_label": "drdb",
            "id": "ocid1.vnic.oc1.uk-london-1.abwgiljr5hhscivudo7oeb6dhtcdimdjfx4fgjysepcsftfstgeao34vugdq",
            "is_primary": true,
            "mac_address": "02:00:17:00:F8:B3",
            "nsg_ids": [
              "ocid1.networksecuritygroup.oc1.uk-london-1.aaaaaaaal2bkopjudkzgpj3sxapr6gv4dgfvkxiymeiafyvhuhachrmulckq"
            ],
            "private_ip_address": "10.0.4.2",
            "public_ip_address": null,
            "skip_source_dest_check": false,
            "state": "AVAILABLE",
            "subnet_id": "ocid1.subnet.oc1.uk-london-1.aaaaaaaaj4ajbg2bwv77omq3e7gxum34gqa3rukrvippgku7pxgkjpwsqumq",
            "time_created": "2020-09-01 15:32:39.997 +0000 UTC",
            "vlan_id": null,
            "vnic_id": "ocid1.vnic.oc1.uk-london-1.abwgiljr5hhscivudo7oeb6dhtcdimdjfx4fgjysepcsftfstgeao34vugdq"
          }
        }
      ]
    },
    {
      "module": "module.database",
      "mode": "data",
      "type": "oci_database_databases",
      "name": "db",
      "provider": "provider.oci",
      "instances": [
        {
          "schema_version": 0,
          "attributes": {
            "compartment_id": "ocid1.compartment.oc1..aaaaaaaafofzhn5ni45serz4yqmweruxmxtkbhe2ie7b234u5hvfiwq6htnq",
            "databases": [
              {
                "character_set": "AL32UTF8",
                "compartment_id": "ocid1.compartment.oc1..aaaaaaaafofzhn5ni45serz4yqmweruxmxtkbhe2ie7b234u5hvfiwq6htnq",
                "connection_strings": [
                  {
                    "all_connection_strings": {
                      "cdbDefault": "drdb.db.drx1.oraclevcn.com:1521/drdb_lhr1xp.db.drx1.oraclevcn.com",
                      "cdbIpDefault": "(DESCRIPTION=(CONNECT_TIMEOUT=5)(TRANSPORT_CONNECT_TIMEOUT=3)(RETRY_COUNT=3)(ADDRESS_LIST=(LOAD_BALANCE=on)(ADDRESS=(PROTOCOL=TCP)(HOST=10.0.4.2)(PORT=1521)))(CONNECT_DATA=(SERVICE_NAME=drdb_lhr1xp.db.drx1.oraclevcn.com)))"
                    },
                    "cdb_default": "drdb.db.drx1.oraclevcn.com:1521/drdb_lhr1xp.db.drx1.oraclevcn.com",
                    "cdb_ip_default": "(DESCRIPTION=(CONNECT_TIMEOUT=5)(TRANSPORT_CONNECT_TIMEOUT=3)(RETRY_COUNT=3)(ADDRESS_LIST=(LOAD_BALANCE=on)(ADDRESS=(PROTOCOL=TCP)(HOST=10.0.4.2)(PORT=1521)))(CONNECT_DATA=(SERVICE_NAME=drdb_lhr1xp.db.drx1.oraclevcn.com)))"
                  }
                ],
                "database": [],
                "db_backup_config": [
                  {
                    "auto_backup_enabled": false,
                    "auto_backup_window": "",
                    "backup_destination_details": [],
                    "recovery_window_in_days": 0
                  }
                ],
                "db_home_id": "ocid1.dbhome.oc1.uk-london-1.abwgiljr5c5dpfzoo72zl5rbdgusdozxunlbzg7rcxbf4tuy5l2vnfvhwdqq",
                "db_name": "drdb",
                "db_system_id": "ocid1.dbsystem.oc1.uk-london-1.abwgiljrvxjpobstmstclz5iu23zugx42wtikkzcf5ocwizurzthgifu3i2a",
                "db_unique_name": "drdb_lhr1xp",
                "db_version": "",
                "db_workload": "OLTP",
                "defined_tags": {
                  "SantaMonicaTagging.Createdby": "oracleidentitycloudservice/saul.chavez@oracle.com"
                },
                "freeform_tags": {},
                "id": "ocid1.database.oc1.uk-london-1.abwgiljr6rbycdperprashqqjtija4wkwn2zjhryup4mhnnm4wtswcu2xwnq",
                "last_backup_timestamp": "",
                "lifecycle_details": "",
                "ncharacter_set": "AL16UTF16",
                "pdb_name": "drpdb",
                "source": "",
                "state": "AVAILABLE",
                "time_created": "2020-09-01 15:32:14.542 +0000 UTC",
                "vm_cluster_id": ""
              }
            ],
            "db_home_id": "ocid1.dbhome.oc1.uk-london-1.abwgiljr5c5dpfzoo72zl5rbdgusdozxunlbzg7rcxbf4tuy5l2vnfvhwdqq",
            "db_name": null,
            "filter": null,
            "id": "2020-09-02 14:41:18.149176847 +0000 UTC",
            "state": null,
            "system_id": null
          }
        }
      ]
    },
    {
      "module": "module.database",
      "mode": "data",
      "type": "oci_database_db_homes",
      "name": "t",
      "provider": "provider.oci",
      "instances": [
        {
          "schema_version": 0,
          "attributes": {
            "backup_id": null,
            "compartment_id": "ocid1.compartment.oc1..aaaaaaaafofzhn5ni45serz4yqmweruxmxtkbhe2ie7b234u5hvfiwq6htnq",
            "db_homes": [
              {
                "compartment_id": "ocid1.compartment.oc1..aaaaaaaafofzhn5ni45serz4yqmweruxmxtkbhe2ie7b234u5hvfiwq6htnq",
                "database": [],
                "db_home_id": "ocid1.dbhome.oc1.uk-london-1.abwgiljr5c5dpfzoo72zl5rbdgusdozxunlbzg7rcxbf4tuy5l2vnfvhwdqq",
                "db_home_location": "",
                "db_system_id": "ocid1.dbsystem.oc1.uk-london-1.abwgiljrvxjpobstmstclz5iu23zugx42wtikkzcf5ocwizurzthgifu3i2a",
                "db_version": "19.8.0.0.0",
                "defined_tags": {},
                "display_name": "DRDBHome",
                "freeform_tags": {},
                "id": "ocid1.dbhome.oc1.uk-london-1.abwgiljr5c5dpfzoo72zl5rbdgusdozxunlbzg7rcxbf4tuy5l2vnfvhwdqq",
                "last_patch_history_entry_id": "",
                "lifecycle_details": "",
                "source": "",
                "state": "AVAILABLE",
                "time_created": "2020-09-01 15:32:14.541 +0000 UTC",
                "vm_cluster_id": ""
              }
            ],
            "db_system_id": "ocid1.dbsystem.oc1.uk-london-1.abwgiljrvxjpobstmstclz5iu23zugx42wtikkzcf5ocwizurzthgifu3i2a",
            "display_name": null,
            "filter": [
              {
                "name": "display_name",
                "regex": false,
                "values": [
                  "DRDBHome"
                ]
              }
            ],
            "id": "2020-09-02 14:41:17.779746297 +0000 UTC",
            "state": null,
            "vm_cluster_id": null
          }
        }
      ]
    },
    {
      "module": "module.database",
      "mode": "data",
      "type": "oci_database_db_node",
      "name": "node_info",
      "provider": "provider.oci",
      "instances": [
        {
          "schema_version": 0,
          "attributes": {
            "additional_details": null,
            "backup_vnic_id": null,
            "db_node_id": "ocid1.dbnode.oc1.uk-london-1.abwgiljrkh3ag72jvtsprowoyziktuxtrgcw72tml2clnlbrzrbrz435yqzq",
            "db_system_id": "ocid1.dbsystem.oc1.uk-london-1.abwgiljrvxjpobstmstclz5iu23zugx42wtikkzcf5ocwizurzthgifu3i2a",
            "fault_domain": "FAULT-DOMAIN-1",
            "hostname": "drdb",
            "id": "ocid1.dbnode.oc1.uk-london-1.abwgiljrkh3ag72jvtsprowoyziktuxtrgcw72tml2clnlbrzrbrz435yqzq",
            "maintenance_type": "",
            "software_storage_size_in_gb": 200,
            "state": "AVAILABLE",
            "time_created": "2020-09-01 15:32:14.54 +0000 UTC",
            "time_maintenance_window_end": null,
            "time_maintenance_window_start": null,
            "vnic_id": "ocid1.vnic.oc1.uk-london-1.abwgiljr5hhscivudo7oeb6dhtcdimdjfx4fgjysepcsftfstgeao34vugdq"
          }
        }
      ]
    },
    {
      "module": "module.database",
      "mode": "data",
      "type": "oci_database_db_nodes",
      "name": "nodes",
      "provider": "provider.oci",
      "instances": [
        {
          "schema_version": 0,
          "attributes": {
            "compartment_id": "ocid1.compartment.oc1..aaaaaaaafofzhn5ni45serz4yqmweruxmxtkbhe2ie7b234u5hvfiwq6htnq",
            "db_nodes": [
              {
                "additional_details": "",
                "backup_vnic_id": "",
                "db_node_id": "ocid1.dbnode.oc1.uk-london-1.abwgiljrkh3ag72jvtsprowoyziktuxtrgcw72tml2clnlbrzrbrz435yqzq",
                "db_system_id": "ocid1.dbsystem.oc1.uk-london-1.abwgiljrvxjpobstmstclz5iu23zugx42wtikkzcf5ocwizurzthgifu3i2a",
                "fault_domain": "FAULT-DOMAIN-1",
                "hostname": "drdb",
                "id": "ocid1.dbnode.oc1.uk-london-1.abwgiljrkh3ag72jvtsprowoyziktuxtrgcw72tml2clnlbrzrbrz435yqzq",
                "maintenance_type": "",
                "software_storage_size_in_gb": 200,
                "state": "AVAILABLE",
                "time_created": "2020-09-01 15:32:14.54 +0000 UTC",
                "time_maintenance_window_end": "",
                "time_maintenance_window_start": "",
                "vnic_id": "ocid1.vnic.oc1.uk-london-1.abwgiljr5hhscivudo7oeb6dhtcdimdjfx4fgjysepcsftfstgeao34vugdq"
              }
            ],
            "db_system_id": "ocid1.dbsystem.oc1.uk-london-1.abwgiljrvxjpobstmstclz5iu23zugx42wtikkzcf5ocwizurzthgifu3i2a",
            "filter": [
              {
                "name": "hostname",
                "regex": false,
                "values": [
                  "drdb"
                ]
              }
            ],
            "id": "2020-09-02 14:41:17.95415789 +0000 UTC",
            "state": null,
            "vm_cluster_id": null
          }
        }
      ]
    },
    {
      "module": "module.network",
      "mode": "data",
      "type": "oci_identity_availability_domains",
      "name": "AD",
      "provider": "provider.oci",
      "instances": [
        {
          "schema_version": 0,
          "attributes": {
            "availability_domains": [
              {
                "compartment_id": "ocid1.tenancy.oc1..aaaaaaaampajwjptkttmi3cv6xt5eiwkqbkiqxuwb7kom4lomsbjfpvjuteq",
                "id": "ocid1.availabilitydomain.oc1..aaaaaaaaw2i3i53quioaywmhx56ss5plwk7bmmeg2266lo7inilhbizeroua",
                "name": "Zwzz:UK-LONDON-1-AD-1"
              },
              {
                "compartment_id": "ocid1.tenancy.oc1..aaaaaaaampajwjptkttmi3cv6xt5eiwkqbkiqxuwb7kom4lomsbjfpvjuteq",
                "id": "ocid1.availabilitydomain.oc1..aaaaaaaapjv4p3qtly2fesrig77q4tlmi3wvakeet6fskc7do2fmawz3xctq",
                "name": "Zwzz:UK-LONDON-1-AD-2"
              },
              {
                "compartment_id": "ocid1.tenancy.oc1..aaaaaaaampajwjptkttmi3cv6xt5eiwkqbkiqxuwb7kom4lomsbjfpvjuteq",
                "id": "ocid1.availabilitydomain.oc1..aaaaaaaac6kgqnl5eberztbdm2ufhpxohk7cuelajmafpqa3m6rpri4tc2yq",
                "name": "Zwzz:UK-LONDON-1-AD-3"
              }
            ],
            "compartment_id": "ocid1.tenancy.oc1..aaaaaaaampajwjptkttmi3cv6xt5eiwkqbkiqxuwb7kom4lomsbjfpvjuteq",
            "filter": null,
            "id": "2020-09-02 14:41:15.501745839 +0000 UTC"
          }
        }
      ]
    },
    {
      "module": "module.dr_network",
      "mode": "data",
      "type": "oci_identity_availability_domains",
      "name": "AD",
      "provider": "provider.oci.dr",
      "instances": [
        {
          "schema_version": 0,
          "attributes": {
            "availability_domains": [
              {
                "compartment_id": "ocid1.tenancy.oc1..aaaaaaaampajwjptkttmi3cv6xt5eiwkqbkiqxuwb7kom4lomsbjfpvjuteq",
                "id": "ocid1.availabilitydomain.oc1..aaaaaaaaiifj24st3w4j7cowuo3pmqcuqwjapjv435vtjmgh5j7q3flguwna",
                "name": "Zwzz:EU-FRANKFURT-1-AD-1"
              },
              {
                "compartment_id": "ocid1.tenancy.oc1..aaaaaaaampajwjptkttmi3cv6xt5eiwkqbkiqxuwb7kom4lomsbjfpvjuteq",
                "id": "ocid1.availabilitydomain.oc1..aaaaaaaaa2artt5wizbqvwl3rgptylx2l7jqbnyv4dygcfvlrd3dphvi3mdq",
                "name": "Zwzz:EU-FRANKFURT-1-AD-2"
              },
              {
                "compartment_id": "ocid1.tenancy.oc1..aaaaaaaampajwjptkttmi3cv6xt5eiwkqbkiqxuwb7kom4lomsbjfpvjuteq",
                "id": "ocid1.availabilitydomain.oc1..aaaaaaaalcdcbl7u6akbmkojxhrozpj2v7yavqqydkj3ytyjbt47lnoqnm2q",
                "name": "Zwzz:EU-FRANKFURT-1-AD-3"
              }
            ],
            "compartment_id": "ocid1.tenancy.oc1..aaaaaaaampajwjptkttmi3cv6xt5eiwkqbkiqxuwb7kom4lomsbjfpvjuteq",
            "filter": null,
            "id": "2020-09-02 14:41:15.729806046 +0000 UTC"
          }
        }
      ]
    },
    {
      "mode": "data",
      "type": "oci_identity_availability_domains",
      "name": "ADs",
      "provider": "provider.oci",
      "instances": [
        {
          "schema_version": 0,
          "attributes": {
            "availability_domains": [
              {
                "compartment_id": "ocid1.tenancy.oc1..aaaaaaaampajwjptkttmi3cv6xt5eiwkqbkiqxuwb7kom4lomsbjfpvjuteq",
                "id": "ocid1.availabilitydomain.oc1..aaaaaaaaw2i3i53quioaywmhx56ss5plwk7bmmeg2266lo7inilhbizeroua",
                "name": "Zwzz:UK-LONDON-1-AD-1"
              },
              {
                "compartment_id": "ocid1.tenancy.oc1..aaaaaaaampajwjptkttmi3cv6xt5eiwkqbkiqxuwb7kom4lomsbjfpvjuteq",
                "id": "ocid1.availabilitydomain.oc1..aaaaaaaapjv4p3qtly2fesrig77q4tlmi3wvakeet6fskc7do2fmawz3xctq",
                "name": "Zwzz:UK-LONDON-1-AD-2"
              },
              {
                "compartment_id": "ocid1.tenancy.oc1..aaaaaaaampajwjptkttmi3cv6xt5eiwkqbkiqxuwb7kom4lomsbjfpvjuteq",
                "id": "ocid1.availabilitydomain.oc1..aaaaaaaac6kgqnl5eberztbdm2ufhpxohk7cuelajmafpqa3m6rpri4tc2yq",
                "name": "Zwzz:UK-LONDON-1-AD-3"
              }
            ],
            "compartment_id": "ocid1.tenancy.oc1..aaaaaaaampajwjptkttmi3cv6xt5eiwkqbkiqxuwb7kom4lomsbjfpvjuteq",
            "filter": null,
            "id": "2020-09-02 14:42:34.902128847 +0000 UTC"
          }
        }
      ]
    },
    {
      "mode": "data",
      "type": "oci_identity_availability_domains",
      "name": "DR_ADs",
      "provider": "provider.oci.dr",
      "instances": [
        {
          "schema_version": 0,
          "attributes": {
            "availability_domains": [
              {
                "compartment_id": "ocid1.tenancy.oc1..aaaaaaaampajwjptkttmi3cv6xt5eiwkqbkiqxuwb7kom4lomsbjfpvjuteq",
                "id": "ocid1.availabilitydomain.oc1..aaaaaaaaiifj24st3w4j7cowuo3pmqcuqwjapjv435vtjmgh5j7q3flguwna",
                "name": "Zwzz:EU-FRANKFURT-1-AD-1"
              },
              {
                "compartment_id": "ocid1.tenancy.oc1..aaaaaaaampajwjptkttmi3cv6xt5eiwkqbkiqxuwb7kom4lomsbjfpvjuteq",
                "id": "ocid1.availabilitydomain.oc1..aaaaaaaaa2artt5wizbqvwl3rgptylx2l7jqbnyv4dygcfvlrd3dphvi3mdq",
                "name": "Zwzz:EU-FRANKFURT-1-AD-2"
              },
              {
                "compartment_id": "ocid1.tenancy.oc1..aaaaaaaampajwjptkttmi3cv6xt5eiwkqbkiqxuwb7kom4lomsbjfpvjuteq",
                "id": "ocid1.availabilitydomain.oc1..aaaaaaaalcdcbl7u6akbmkojxhrozpj2v7yavqqydkj3ytyjbt47lnoqnm2q",
                "name": "Zwzz:EU-FRANKFURT-1-AD-3"
              }
            ],
            "compartment_id": "ocid1.tenancy.oc1..aaaaaaaampajwjptkttmi3cv6xt5eiwkqbkiqxuwb7kom4lomsbjfpvjuteq",
            "filter": null,
            "id": "2020-09-02 14:41:15.919813754 +0000 UTC"
          }
        }
      ]
    },
    {
      "mode": "data",
      "type": "oci_identity_regions",
      "name": "home-region",
      "provider": "provider.oci",
      "instances": [
        {
          "schema_version": 0,
          "attributes": {
            "filter": [
              {
                "name": "key",
                "regex": false,
                "values": [
                  "IAD"
                ]
              }
            ],
            "id": "2020-09-02 14:41:15.97439743 +0000 UTC",
            "regions": [
              {
                "key": "IAD",
                "name": "us-ashburn-1"
              }
            ]
          }
        }
      ]
    },
    {
      "mode": "data",
      "type": "oci_identity_tenancy",
      "name": "tenancy",
      "provider": "provider.oci",
      "instances": [
        {
          "schema_version": 0,
          "attributes": {
            "defined_tags": {},
            "description": "orasenatdecanational01",
            "freeform_tags": {},
            "home_region_key": "IAD",
            "id": "ocid1.tenancy.oc1..aaaaaaaampajwjptkttmi3cv6xt5eiwkqbkiqxuwb7kom4lomsbjfpvjuteq",
            "name": "orasenatdecanational01",
            "tenancy_id": "ocid1.tenancy.oc1..aaaaaaaampajwjptkttmi3cv6xt5eiwkqbkiqxuwb7kom4lomsbjfpvjuteq",
            "upi_idcs_compatibility_layer_endpoint": null
          }
        }
      ]
    },
    {
      "module": "module.network",
      "mode": "managed",
      "type": "oci_core_drg",
      "name": "dr_drg",
      "provider": "provider.oci",
      "instances": [
        {
          "schema_version": 0,
          "attributes": {
            "compartment_id": "ocid1.compartment.oc1..aaaaaaaafofzhn5ni45serz4yqmweruxmxtkbhe2ie7b234u5hvfiwq6htnq",
            "defined_tags": {},
            "display_name": "drg",
            "freeform_tags": {
              "Environment": "dr"
            },
            "id": "ocid1.drg.oc1.uk-london-1.aaaaaaaak5fwuvwehw6udydh6abzcsozcwmu7dpjr6i2mcaxxzgxhnmnqbca",
            "redundancy_status": "NOT_AVAILABLE",
            "state": "AVAILABLE",
            "time_created": "2020-09-01 15:31:56.819 +0000 UTC",
            "timeouts": null
          },
          "private": "eyJlMmJmYjczMC1lY2FhLTExZTYtOGY4OC0zNDM2M2JjN2M0YzAiOnsiY3JlYXRlIjo5MDAwMDAwMDAwMDAsImRlbGV0ZSI6OTAwMDAwMDAwMDAwLCJ1cGRhdGUiOjkwMDAwMDAwMDAwMH19",
          "dependencies": [
            "module.network.oci_core_vcn.dr_vcn"
          ]
        }
      ]
    },
    {
      "module": "module.dr_network",
      "mode": "managed",
      "type": "oci_core_drg",
      "name": "dr_drg",
      "provider": "provider.oci.dr",
      "instances": [
        {
          "schema_version": 0,
          "attributes": {
            "compartment_id": "ocid1.compartment.oc1..aaaaaaaafofzhn5ni45serz4yqmweruxmxtkbhe2ie7b234u5hvfiwq6htnq",
            "defined_tags": {},
            "display_name": "drg",
            "freeform_tags": {
              "Environment": "dr"
            },
            "id": "ocid1.drg.oc1.eu-frankfurt-1.aaaaaaaahfhtctc5lszzduidkafxqkraiqokplzk3es7efmwffrdx4rzpguq",
            "redundancy_status": "NOT_AVAILABLE",
            "state": "AVAILABLE",
            "time_created": "2020-09-01 15:31:55.834 +0000 UTC",
            "timeouts": null
          },
          "private": "eyJlMmJmYjczMC1lY2FhLTExZTYtOGY4OC0zNDM2M2JjN2M0YzAiOnsiY3JlYXRlIjo5MDAwMDAwMDAwMDAsImRlbGV0ZSI6OTAwMDAwMDAwMDAwLCJ1cGRhdGUiOjkwMDAwMDAwMDAwMH19",
          "dependencies": [
            "module.dr_network.oci_core_vcn.dr_vcn"
          ]
        }
      ]
    },
    {
      "module": "module.network",
      "mode": "managed",
      "type": "oci_core_drg_attachment",
      "name": "dr_drg_attachment",
      "provider": "provider.oci",
      "instances": [
        {
          "schema_version": 0,
          "attributes": {
            "compartment_id": "ocid1.compartment.oc1..aaaaaaaafofzhn5ni45serz4yqmweruxmxtkbhe2ie7b234u5hvfiwq6htnq",
            "display_name": "drg_attachment",
            "drg_id": "ocid1.drg.oc1.uk-london-1.aaaaaaaak5fwuvwehw6udydh6abzcsozcwmu7dpjr6i2mcaxxzgxhnmnqbca",
            "id": "ocid1.drgattachment.oc1.uk-london-1.aaaaaaaa2hhtgbnmcf772wy4nvt3q4nvpfilkx3hif5aej5oaq5je2e4slnq",
            "route_table_id": null,
            "state": "ATTACHED",
            "time_created": "2020-09-01 15:32:11.576 +0000 UTC",
            "timeouts": null,
            "vcn_id": "ocid1.vcn.oc1.uk-london-1.amaaaaaalbfmicqaqvn7j4a6a52jywz5qup25me2cij2bup6vgdxsaf4tsaa"
          },
          "private": "eyJlMmJmYjczMC1lY2FhLTExZTYtOGY4OC0zNDM2M2JjN2M0YzAiOnsiY3JlYXRlIjo5MDAwMDAwMDAwMDAsImRlbGV0ZSI6OTAwMDAwMDAwMDAwLCJ1cGRhdGUiOjkwMDAwMDAwMDAwMH19",
          "dependencies": [
            "module.network.oci_core_drg.dr_drg",
            "module.network.oci_core_vcn.dr_vcn"
          ]
        }
      ]
    },
    {
      "module": "module.dr_network",
      "mode": "managed",
      "type": "oci_core_drg_attachment",
      "name": "dr_drg_attachment",
      "provider": "provider.oci.dr",
      "instances": [
        {
          "schema_version": 0,
          "attributes": {
            "compartment_id": "ocid1.compartment.oc1..aaaaaaaafofzhn5ni45serz4yqmweruxmxtkbhe2ie7b234u5hvfiwq6htnq",
            "display_name": "drg_attachment",
            "drg_id": "ocid1.drg.oc1.eu-frankfurt-1.aaaaaaaahfhtctc5lszzduidkafxqkraiqokplzk3es7efmwffrdx4rzpguq",
            "id": "ocid1.drgattachment.oc1.eu-frankfurt-1.aaaaaaaav6ty5tidx6rvteqkvu6pbue5tzzxwikftjg7uvmjkaqbtlajyiga",
            "route_table_id": null,
            "state": "ATTACHED",
            "time_created": "2020-09-01 15:32:11.016 +0000 UTC",
            "timeouts": null,
            "vcn_id": "ocid1.vcn.oc1.eu-frankfurt-1.amaaaaaalbfmicqalexelhyhsy7ryeztod6syomrc57cl7qsslxh5b7f3g7q"
          },
          "private": "eyJlMmJmYjczMC1lY2FhLTExZTYtOGY4OC0zNDM2M2JjN2M0YzAiOnsiY3JlYXRlIjo5MDAwMDAwMDAwMDAsImRlbGV0ZSI6OTAwMDAwMDAwMDAwLCJ1cGRhdGUiOjkwMDAwMDAwMDAwMH19",
          "dependencies": [
            "module.dr_network.oci_core_drg.dr_drg",
            "module.dr_network.oci_core_vcn.dr_vcn"
          ]
        }
      ]
    },
    {
      "module": "module.ords",
      "mode": "managed",
      "type": "oci_core_instance",
      "name": "ORDS-Comp-Instance",
      "provider": "provider.oci",
      "instances": [
        {
          "schema_version": 0,
          "attributes": {
            "agent_config": [
              {
                "is_management_disabled": false,
                "is_monitoring_disabled": false
              }
            ],
            "availability_config": [
              {
                "recovery_action": "RESTORE_INSTANCE"
              }
            ],
            "availability_domain": "Zwzz:UK-LONDON-1-AD-1",
            "boot_volume_id": "ocid1.bootvolume.oc1.uk-london-1.abwgiljrkfdrybnoyqyhrsc5iwjo23l3yyh7apaqlhhp2djatdecagqjrh4a",
            "compartment_id": "ocid1.compartment.oc1..aaaaaaaafofzhn5ni45serz4yqmweruxmxtkbhe2ie7b234u5hvfiwq6htnq",
            "create_vnic_details": [
              {
                "assign_public_ip": "true",
                "defined_tags": {
                  "SantaMonicaTagging.Createdby": "oracleidentitycloudservice/saul.chavez@oracle.com"
                },
                "display_name": "ORDS-Comp",
                "freeform_tags": {},
                "hostname_label": "ords-comp",
                "nsg_ids": [],
                "private_ip": "10.0.0.5",
                "skip_source_dest_check": false,
                "subnet_id": "ocid1.subnet.oc1.uk-london-1.aaaaaaaa422tsui77intqxqahkbgvovz5m25vls25s4pps543j73gthmmiaa",
                "vlan_id": ""
              }
            ],
            "dedicated_vm_host_id": null,
            "defined_tags": {
              "SantaMonicaTagging.Createdby": "oracleidentitycloudservice/saul.chavez@oracle.com"
            },
            "display_name": "ORDS-Comp",
            "extended_metadata": {},
            "fault_domain": "FAULT-DOMAIN-2",
            "freeform_tags": {},
            "hostname_label": "ords-comp",
            "id": "ocid1.instance.oc1.uk-london-1.anwgiljrlbfmicqc3zgaksk6qhy4nxcxjhq6ga6i2aor2za2hukcdymtf3sa",
            "image": "ocid1.image.oc1.uk-london-1.aaaaaaaad3ykcml7uxbkl7oqxbnydtqslgg6oyz35ju5szz4lwttjxi36yua",
            "ipxe_script": null,
            "is_pv_encryption_in_transit_enabled": null,
            "launch_mode": "NATIVE",
            "launch_options": [
              {
                "boot_volume_type": "PARAVIRTUALIZED",
                "firmware": "UEFI_64",
                "is_consistent_volume_naming_enabled": true,
                "is_pv_encryption_in_transit_enabled": false,
                "network_type": "PARAVIRTUALIZED",
                "remote_data_volume_type": "PARAVIRTUALIZED"
              }
            ],
            "metadata": {
              "ssh_authorized_keys": "ssh-rsa AAAAB3NzaC1yc2EAAAADAQABAAABAQCdweEfM+0HqPP6g29wBXQdpJCPLpdI9N9P7GWTNCH2heJ6PlYA/zazMv4xSpkr4N8p0706Rs2kHPS9E7KQQiBVw5CA+UiHCZ4V4JhgMShfbWy+qi4tkJC6HXlR8bfyqUEUtF7trUWEOR7QKc2XAMbgbUmm5DDqrD0CjlyXOBl7zRxNw3e4k3bCRvkKOMS04bm0Dsv7IrpsjrMS+Snmgn1toYPQuU68F9OffucaIcWfi7oAsLw1f0tMxrvOwwRwVr7jARBM2VSbjmzMpg/ZNYicnk9zoEqi2rMCR8HxyHVXagjw5JCf5zXZ1UJ5flMnYwNO9ggq9/t/hXLxg1iI2H6f opc@aurora\n",
              "user_data": "IyEvYmluL2Jhc2gKZWNobyAiTGF1bmNoIERhdGUgOiBgZGF0ZWAiID4gL2hvbWUvb3BjL2xhdW5jaC50eHQKZWNobyAiTGF1bmNoZWQgd2l0aCBUZXJyYWZvcm0iID4+IC9ob21lL29wYy9sYXVuY2gudHh0Cgo="
            },
            "preserve_boot_volume": null,
            "private_ip": "10.0.0.5",
            "public_ip": "132.145.17.27",
            "region": "uk-london-1",
            "shape": "VM.Standard2.2",
            "shape_config": [
              {
                "gpu_description": "",
                "gpus": 0,
                "local_disk_description": "",
                "local_disks": 0,
                "local_disks_total_size_in_gbs": 0,
                "max_vnic_attachments": 2,
                "memory_in_gbs": 30,
                "networking_bandwidth_in_gbps": 2,
                "ocpus": 2,
                "processor_description": "2.0 GHz Intel® Xeon® Platinum 8167M (Skylake)"
              }
            ],
            "source_details": [
              {
                "boot_volume_size_in_gbs": "47",
                "kms_key_id": "",
                "source_id": "ocid1.image.oc1.uk-london-1.aaaaaaaad3ykcml7uxbkl7oqxbnydtqslgg6oyz35ju5szz4lwttjxi36yua",
                "source_type": "image"
              }
            ],
            "state": "RUNNING",
            "subnet_id": "ocid1.subnet.oc1.uk-london-1.aaaaaaaa422tsui77intqxqahkbgvovz5m25vls25s4pps543j73gthmmiaa",
            "system_tags": {},
            "time_created": "2020-09-01 20:02:32.913 +0000 UTC",
            "time_maintenance_reboot_due": "",
            "timeouts": {
              "create": "60m",
              "delete": null,
              "update": null
            }
          },
          "private": "eyJlMmJmYjczMC1lY2FhLTExZTYtOGY4OC0zNDM2M2JjN2M0YzAiOnsiY3JlYXRlIjozNjAwMDAwMDAwMDAwLCJkZWxldGUiOjcyMDAwMDAwMDAwMDAsInVwZGF0ZSI6NzIwMDAwMDAwMDAwMH19",
          "dependencies": [
            "module.network.oci_core_subnet.access_subnet"
          ]
        }
      ]
    },
    {
      "module": "module.dr_bastion_instance",
      "mode": "managed",
      "type": "oci_core_instance",
      "name": "bastion_server",
      "provider": "provider.oci.dr",
      "instances": [
        {
          "schema_version": 0,
          "attributes": {
            "agent_config": [
              {
                "is_management_disabled": false,
                "is_monitoring_disabled": false
              }
            ],
            "availability_config": [
              {
                "recovery_action": "RESTORE_INSTANCE"
              }
            ],
            "availability_domain": "Zwzz:EU-FRANKFURT-1-AD-1",
            "boot_volume_id": "ocid1.bootvolume.oc1.eu-frankfurt-1.abtheljrsfy2wq6a3qi23twr6aizslbvmunuduaxk5o6li3ufuleghcqvlja",
            "compartment_id": "ocid1.compartment.oc1..aaaaaaaafofzhn5ni45serz4yqmweruxmxtkbhe2ie7b234u5hvfiwq6htnq",
            "create_vnic_details": [
              {
                "assign_public_ip": "true",
                "defined_tags": {},
                "display_name": "bastion",
                "freeform_tags": {
                  "Environment": "dr"
                },
                "hostname_label": "bastion",
                "nsg_ids": [
                  "ocid1.networksecuritygroup.oc1.eu-frankfurt-1.aaaaaaaaatvowx7a36ayvgbazzzagriq643z4kj5km6euo4hlb645wyx6rra"
                ],
                "private_ip": "192.168.0.2",
                "skip_source_dest_check": false,
                "subnet_id": "ocid1.subnet.oc1.eu-frankfurt-1.aaaaaaaaifdlufctelqkcp7vnqsinjy5bv6y7etjigym7xu3k75cqmcymi6a",
                "vlan_id": ""
              }
            ],
            "dedicated_vm_host_id": null,
            "defined_tags": {},
            "display_name": "bastion",
            "extended_metadata": {},
            "fault_domain": "FAULT-DOMAIN-1",
            "freeform_tags": {
              "Environment": "dr"
            },
            "hostname_label": "bastion",
            "id": "ocid1.instance.oc1.eu-frankfurt-1.antheljrlbfmicqcu72l7jwyeqtg7omjj7oqih3d5pw7n55e5neeadpjxjmq",
            "image": "ocid1.image.oc1.eu-frankfurt-1.aaaaaaaahxue6crkdeevk75bzw63cmhh3c4uyqddcwov7mwlv7na4lkz7zla",
            "ipxe_script": null,
            "is_pv_encryption_in_transit_enabled": null,
            "launch_mode": "NATIVE",
            "launch_options": [
              {
                "boot_volume_type": "PARAVIRTUALIZED",
                "firmware": "UEFI_64",
                "is_consistent_volume_naming_enabled": true,
                "is_pv_encryption_in_transit_enabled": false,
                "network_type": "PARAVIRTUALIZED",
                "remote_data_volume_type": "PARAVIRTUALIZED"
              }
            ],
            "metadata": {
              "ssh_authorized_keys": "ssh-rsa AAAAB3NzaC1yc2EAAAADAQABAAABAQCdweEfM+0HqPP6g29wBXQdpJCPLpdI9N9P7GWTNCH2heJ6PlYA/zazMv4xSpkr4N8p0706Rs2kHPS9E7KQQiBVw5CA+UiHCZ4V4JhgMShfbWy+qi4tkJC6HXlR8bfyqUEUtF7trUWEOR7QKc2XAMbgbUmm5DDqrD0CjlyXOBl7zRxNw3e4k3bCRvkKOMS04bm0Dsv7IrpsjrMS+Snmgn1toYPQuU68F9OffucaIcWfi7oAsLw1f0tMxrvOwwRwVr7jARBM2VSbjmzMpg/ZNYicnk9zoEqi2rMCR8HxyHVXagjw5JCf5zXZ1UJ5flMnYwNO9ggq9/t/hXLxg1iI2H6f opc@aurora\n"
            },
            "preserve_boot_volume": null,
            "private_ip": "192.168.0.2",
            "public_ip": "130.61.19.244",
            "region": "eu-frankfurt-1",
            "shape": "VM.Standard2.1",
            "shape_config": [
              {
                "gpu_description": "",
                "gpus": 0,
                "local_disk_description": "",
                "local_disks": 0,
                "local_disks_total_size_in_gbs": 0,
                "max_vnic_attachments": 2,
                "memory_in_gbs": 15,
                "networking_bandwidth_in_gbps": 1,
                "ocpus": 1,
                "processor_description": "2.0 GHz Intel® Xeon® Platinum 8167M (Skylake)"
              }
            ],
            "source_details": [
              {
                "boot_volume_size_in_gbs": "47",
                "kms_key_id": "",
                "source_id": "ocid1.image.oc1.eu-frankfurt-1.aaaaaaaahxue6crkdeevk75bzw63cmhh3c4uyqddcwov7mwlv7na4lkz7zla",
                "source_type": "image"
              }
            ],
            "state": "RUNNING",
            "subnet_id": "ocid1.subnet.oc1.eu-frankfurt-1.aaaaaaaaifdlufctelqkcp7vnqsinjy5bv6y7etjigym7xu3k75cqmcymi6a",
            "system_tags": {},
            "time_created": "2020-09-01 15:31:59.997 +0000 UTC",
            "time_maintenance_reboot_due": "",
            "timeouts": null
          },
          "private": "eyJlMmJmYjczMC1lY2FhLTExZTYtOGY4OC0zNDM2M2JjN2M0YzAiOnsiY3JlYXRlIjo3MjAwMDAwMDAwMDAwLCJkZWxldGUiOjcyMDAwMDAwMDAwMDAsInVwZGF0ZSI6NzIwMDAwMDAwMDAwMH19",
          "dependencies": [
            "module.dr_network.oci_core_internet_gateway.dr_igw",
            "module.dr_network.oci_core_network_security_group.ping_all",
            "module.dr_network.oci_core_route_table.public_route_table",
            "module.dr_network.oci_core_security_list.access_security_list",
            "module.dr_network.oci_core_subnet.access_subnet",
            "module.dr_network.oci_core_vcn.dr_vcn"
          ]
        }
      ]
    },
    {
      "module": "module.bastion_instance",
      "mode": "managed",
      "type": "oci_core_instance",
      "name": "bastion_server",
      "provider": "provider.oci",
      "instances": [
        {
          "schema_version": 0,
          "attributes": {
            "agent_config": [
              {
                "is_management_disabled": false,
                "is_monitoring_disabled": false
              }
            ],
            "availability_config": [
              {
                "recovery_action": "RESTORE_INSTANCE"
              }
            ],
            "availability_domain": "Zwzz:UK-LONDON-1-AD-1",
            "boot_volume_id": "ocid1.bootvolume.oc1.uk-london-1.abwgiljrgmliazslxs6f5kmnvn6rjjupbnklkxbpv62dnieoetisvmsxkyyq",
            "compartment_id": "ocid1.compartment.oc1..aaaaaaaafofzhn5ni45serz4yqmweruxmxtkbhe2ie7b234u5hvfiwq6htnq",
            "create_vnic_details": [
              {
                "assign_public_ip": "true",
                "defined_tags": {},
                "display_name": "bastion",
                "freeform_tags": {
                  "Environment": "dr"
                },
                "hostname_label": "bastion",
                "nsg_ids": [
                  "ocid1.networksecuritygroup.oc1.uk-london-1.aaaaaaaal2bkopjudkzgpj3sxapr6gv4dgfvkxiymeiafyvhuhachrmulckq"
                ],
                "private_ip": "10.0.0.2",
                "skip_source_dest_check": false,
                "subnet_id": "ocid1.subnet.oc1.uk-london-1.aaaaaaaa422tsui77intqxqahkbgvovz5m25vls25s4pps543j73gthmmiaa",
                "vlan_id": ""
              }
            ],
            "dedicated_vm_host_id": null,
            "defined_tags": {},
            "display_name": "bastion",
            "extended_metadata": {},
            "fault_domain": "FAULT-DOMAIN-3",
            "freeform_tags": {
              "Environment": "dr"
            },
            "hostname_label": "bastion",
            "id": "ocid1.instance.oc1.uk-london-1.anwgiljrlbfmicqcfmbxrwm6nrn4sf3klh6xm6jj6cgoyuzpwwd6c4ceo2gq",
            "image": "ocid1.image.oc1.uk-london-1.aaaaaaaad3ykcml7uxbkl7oqxbnydtqslgg6oyz35ju5szz4lwttjxi36yua",
            "ipxe_script": null,
            "is_pv_encryption_in_transit_enabled": null,
            "launch_mode": "NATIVE",
            "launch_options": [
              {
                "boot_volume_type": "PARAVIRTUALIZED",
                "firmware": "UEFI_64",
                "is_consistent_volume_naming_enabled": true,
                "is_pv_encryption_in_transit_enabled": false,
                "network_type": "PARAVIRTUALIZED",
                "remote_data_volume_type": "PARAVIRTUALIZED"
              }
            ],
            "metadata": {
              "ssh_authorized_keys": "ssh-rsa AAAAB3NzaC1yc2EAAAADAQABAAABAQCdweEfM+0HqPP6g29wBXQdpJCPLpdI9N9P7GWTNCH2heJ6PlYA/zazMv4xSpkr4N8p0706Rs2kHPS9E7KQQiBVw5CA+UiHCZ4V4JhgMShfbWy+qi4tkJC6HXlR8bfyqUEUtF7trUWEOR7QKc2XAMbgbUmm5DDqrD0CjlyXOBl7zRxNw3e4k3bCRvkKOMS04bm0Dsv7IrpsjrMS+Snmgn1toYPQuU68F9OffucaIcWfi7oAsLw1f0tMxrvOwwRwVr7jARBM2VSbjmzMpg/ZNYicnk9zoEqi2rMCR8HxyHVXagjw5JCf5zXZ1UJ5flMnYwNO9ggq9/t/hXLxg1iI2H6f opc@aurora\n"
            },
            "preserve_boot_volume": null,
            "private_ip": "10.0.0.2",
            "public_ip": "140.238.96.244",
            "region": "uk-london-1",
            "shape": "VM.Standard2.1",
            "shape_config": [
              {
                "gpu_description": "",
                "gpus": 0,
                "local_disk_description": "",
                "local_disks": 0,
                "local_disks_total_size_in_gbs": 0,
                "max_vnic_attachments": 2,
                "memory_in_gbs": 15,
                "networking_bandwidth_in_gbps": 1,
                "ocpus": 1,
                "processor_description": "2.0 GHz Intel® Xeon® Platinum 8167M (Skylake)"
              }
            ],
            "source_details": [
              {
                "boot_volume_size_in_gbs": "47",
                "kms_key_id": "",
                "source_id": "ocid1.image.oc1.uk-london-1.aaaaaaaad3ykcml7uxbkl7oqxbnydtqslgg6oyz35ju5szz4lwttjxi36yua",
                "source_type": "image"
              }
            ],
            "state": "RUNNING",
            "subnet_id": "ocid1.subnet.oc1.uk-london-1.aaaaaaaa422tsui77intqxqahkbgvovz5m25vls25s4pps543j73gthmmiaa",
            "system_tags": {},
            "time_created": "2020-09-01 15:31:59.898 +0000 UTC",
            "time_maintenance_reboot_due": "",
            "timeouts": null
          },
          "private": "eyJlMmJmYjczMC1lY2FhLTExZTYtOGY4OC0zNDM2M2JjN2M0YzAiOnsiY3JlYXRlIjo3MjAwMDAwMDAwMDAwLCJkZWxldGUiOjcyMDAwMDAwMDAwMDAsInVwZGF0ZSI6NzIwMDAwMDAwMDAwMH19",
          "dependencies": [
            "module.network.oci_core_internet_gateway.dr_igw",
            "module.network.oci_core_network_security_group.ping_all",
            "module.network.oci_core_route_table.public_route_table",
            "module.network.oci_core_security_list.access_security_list",
            "module.network.oci_core_subnet.access_subnet",
            "module.network.oci_core_vcn.dr_vcn"
          ]
        }
      ]
    },
    {
      "module": "module.app_server_2",
      "mode": "managed",
      "type": "oci_core_instance",
      "name": "private_server",
      "provider": "provider.oci",
      "instances": [
        {
          "schema_version": 0,
          "attributes": {
            "agent_config": [
              {
                "is_management_disabled": true,
                "is_monitoring_disabled": true
              }
            ],
            "availability_config": [
              {
                "recovery_action": "RESTORE_INSTANCE"
              }
            ],
            "availability_domain": "Zwzz:UK-LONDON-1-AD-1",
            "boot_volume_id": "ocid1.bootvolume.oc1.uk-london-1.abwgiljr4epce6rsq6hsi3qhnh4eqzvqip3colch4q6bi3s6hxivd732e2wa",
            "compartment_id": "ocid1.compartment.oc1..aaaaaaaafofzhn5ni45serz4yqmweruxmxtkbhe2ie7b234u5hvfiwq6htnq",
            "create_vnic_details": [
              {
                "assign_public_ip": "false",
                "defined_tags": {
                  "SantaMonicaTagging.Createdby": "oracleidentitycloudservice/saul.chavez@oracle.com"
                },
                "display_name": "app2",
                "freeform_tags": {},
                "hostname_label": "app2",
                "nsg_ids": [
                  "ocid1.networksecuritygroup.oc1.uk-london-1.aaaaaaaal2bkopjudkzgpj3sxapr6gv4dgfvkxiymeiafyvhuhachrmulckq"
                ],
                "private_ip": "10.0.3.2",
                "skip_source_dest_check": false,
                "subnet_id": "ocid1.subnet.oc1.uk-london-1.aaaaaaaao6z2yyikhyhxx2hdlg5w4e6xbz7ifpmbuvpt2te53oyzf6hegzmq",
                "vlan_id": ""
              }
            ],
            "dedicated_vm_host_id": null,
            "defined_tags": {
              "SantaMonicaTagging.Createdby": "oracleidentitycloudservice/saul.chavez@oracle.com"
            },
            "display_name": "app2",
            "extended_metadata": {},
            "fault_domain": "FAULT-DOMAIN-2",
            "freeform_tags": {},
            "hostname_label": "app2",
            "id": "ocid1.instance.oc1.uk-london-1.anwgiljrlbfmicqcwsdsdrlxdad6mebt23mlr3pbooix2vhcmrcqkrex3iga",
            "image": "ocid1.image.oc1.uk-london-1.aaaaaaaad3ykcml7uxbkl7oqxbnydtqslgg6oyz35ju5szz4lwttjxi36yua",
            "ipxe_script": null,
            "is_pv_encryption_in_transit_enabled": null,
            "launch_mode": "NATIVE",
            "launch_options": [
              {
                "boot_volume_type": "PARAVIRTUALIZED",
                "firmware": "UEFI_64",
                "is_consistent_volume_naming_enabled": true,
                "is_pv_encryption_in_transit_enabled": false,
                "network_type": "PARAVIRTUALIZED",
                "remote_data_volume_type": "PARAVIRTUALIZED"
              }
            ],
            "metadata": {
              "ssh_authorized_keys": "ssh-rsa AAAAB3NzaC1yc2EAAAADAQABAAABAQCdweEfM+0HqPP6g29wBXQdpJCPLpdI9N9P7GWTNCH2heJ6PlYA/zazMv4xSpkr4N8p0706Rs2kHPS9E7KQQiBVw5CA+UiHCZ4V4JhgMShfbWy+qi4tkJC6HXlR8bfyqUEUtF7trUWEOR7QKc2XAMbgbUmm5DDqrD0CjlyXOBl7zRxNw3e4k3bCRvkKOMS04bm0Dsv7IrpsjrMS+Snmgn1toYPQuU68F9OffucaIcWfi7oAsLw1f0tMxrvOwwRwVr7jARBM2VSbjmzMpg/ZNYicnk9zoEqi2rMCR8HxyHVXagjw5JCf5zXZ1UJ5flMnYwNO9ggq9/t/hXLxg1iI2H6f opc@aurora\n"
            },
            "preserve_boot_volume": null,
            "private_ip": "10.0.3.2",
            "public_ip": "",
            "region": "uk-london-1",
            "shape": "VM.Standard2.1",
            "shape_config": [
              {
                "gpu_description": "",
                "gpus": 0,
                "local_disk_description": "",
                "local_disks": 0,
                "local_disks_total_size_in_gbs": 0,
                "max_vnic_attachments": 2,
                "memory_in_gbs": 15,
                "networking_bandwidth_in_gbps": 1,
                "ocpus": 1,
                "processor_description": "2.0 GHz Intel® Xeon® Platinum 8167M (Skylake)"
              }
            ],
            "source_details": [
              {
                "boot_volume_size_in_gbs": "47",
                "kms_key_id": "",
                "source_id": "ocid1.image.oc1.uk-london-1.aaaaaaaad3ykcml7uxbkl7oqxbnydtqslgg6oyz35ju5szz4lwttjxi36yua",
                "source_type": "image"
              }
            ],
            "state": "RUNNING",
            "subnet_id": "ocid1.subnet.oc1.uk-london-1.aaaaaaaao6z2yyikhyhxx2hdlg5w4e6xbz7ifpmbuvpt2te53oyzf6hegzmq",
            "system_tags": {},
            "time_created": "2020-09-01 15:34:47.985 +0000 UTC",
            "time_maintenance_reboot_due": "",
            "timeouts": null
          },
          "private": "eyJlMmJmYjczMC1lY2FhLTExZTYtOGY4OC0zNDM2M2JjN2M0YzAiOnsiY3JlYXRlIjo3MjAwMDAwMDAwMDAwLCJkZWxldGUiOjcyMDAwMDAwMDAwMDAsInVwZGF0ZSI6NzIwMDAwMDAwMDAwMH19",
          "dependencies": [
            "module.bastion_instance.oci_core_instance.bastion_server",
            "module.network.oci_core_drg.dr_drg",
            "module.network.oci_core_internet_gateway.dr_igw",
            "module.network.oci_core_nat_gateway.dr_nat",
            "module.network.oci_core_network_security_group.ping_all",
            "module.network.oci_core_route_table.private_route_table",
            "module.network.oci_core_route_table.public_route_table",
            "module.network.oci_core_security_list.access_security_list",
            "module.network.oci_core_security_list.dr_app_list",
            "module.network.oci_core_security_list.dr_fss_list",
            "module.network.oci_core_service_gateway.dr_service_gateway",
            "module.network.oci_core_subnet.access_subnet",
            "module.network.oci_core_subnet.app_subnet",
            "module.network.oci_core_vcn.dr_vcn"
          ]
        }
      ]
    },
    {
      "module": "module.app_server_1",
      "mode": "managed",
      "type": "oci_core_instance",
      "name": "private_server",
      "provider": "provider.oci",
      "instances": [
        {
          "schema_version": 0,
          "attributes": {
            "agent_config": [
              {
                "is_management_disabled": true,
                "is_monitoring_disabled": true
              }
            ],
            "availability_config": [
              {
                "recovery_action": "RESTORE_INSTANCE"
              }
            ],
            "availability_domain": "Zwzz:UK-LONDON-1-AD-1",
            "boot_volume_id": "ocid1.bootvolume.oc1.uk-london-1.abwgiljrzntyrq4x3txinfqdftv3lexbqfgvxos6ymskevard7so7447vz2a",
            "compartment_id": "ocid1.compartment.oc1..aaaaaaaafofzhn5ni45serz4yqmweruxmxtkbhe2ie7b234u5hvfiwq6htnq",
            "create_vnic_details": [
              {
                "assign_public_ip": "false",
                "defined_tags": {
                  "SantaMonicaTagging.Createdby": "oracleidentitycloudservice/saul.chavez@oracle.com"
                },
                "display_name": "app1",
                "freeform_tags": {},
                "hostname_label": "app1",
                "nsg_ids": [
                  "ocid1.networksecuritygroup.oc1.uk-london-1.aaaaaaaal2bkopjudkzgpj3sxapr6gv4dgfvkxiymeiafyvhuhachrmulckq"
                ],
                "private_ip": "10.0.3.3",
                "skip_source_dest_check": false,
                "subnet_id": "ocid1.subnet.oc1.uk-london-1.aaaaaaaao6z2yyikhyhxx2hdlg5w4e6xbz7ifpmbuvpt2te53oyzf6hegzmq",
                "vlan_id": ""
              }
            ],
            "dedicated_vm_host_id": null,
            "defined_tags": {
              "SantaMonicaTagging.Createdby": "oracleidentitycloudservice/saul.chavez@oracle.com"
            },
            "display_name": "app1",
            "extended_metadata": {},
            "fault_domain": "FAULT-DOMAIN-2",
            "freeform_tags": {},
            "hostname_label": "app1",
            "id": "ocid1.instance.oc1.uk-london-1.anwgiljrlbfmicqcyacw5gsfpkx25aci5gj7zru4p4alqrsqxrezrmktywsa",
            "image": "ocid1.image.oc1.uk-london-1.aaaaaaaad3ykcml7uxbkl7oqxbnydtqslgg6oyz35ju5szz4lwttjxi36yua",
            "ipxe_script": null,
            "is_pv_encryption_in_transit_enabled": null,
            "launch_mode": "NATIVE",
            "launch_options": [
              {
                "boot_volume_type": "PARAVIRTUALIZED",
                "firmware": "UEFI_64",
                "is_consistent_volume_naming_enabled": true,
                "is_pv_encryption_in_transit_enabled": false,
                "network_type": "PARAVIRTUALIZED",
                "remote_data_volume_type": "PARAVIRTUALIZED"
              }
            ],
            "metadata": {
              "ssh_authorized_keys": "ssh-rsa AAAAB3NzaC1yc2EAAAADAQABAAABAQCdweEfM+0HqPP6g29wBXQdpJCPLpdI9N9P7GWTNCH2heJ6PlYA/zazMv4xSpkr4N8p0706Rs2kHPS9E7KQQiBVw5CA+UiHCZ4V4JhgMShfbWy+qi4tkJC6HXlR8bfyqUEUtF7trUWEOR7QKc2XAMbgbUmm5DDqrD0CjlyXOBl7zRxNw3e4k3bCRvkKOMS04bm0Dsv7IrpsjrMS+Snmgn1toYPQuU68F9OffucaIcWfi7oAsLw1f0tMxrvOwwRwVr7jARBM2VSbjmzMpg/ZNYicnk9zoEqi2rMCR8HxyHVXagjw5JCf5zXZ1UJ5flMnYwNO9ggq9/t/hXLxg1iI2H6f opc@aurora\n"
            },
            "preserve_boot_volume": null,
            "private_ip": "10.0.3.3",
            "public_ip": "",
            "region": "uk-london-1",
            "shape": "VM.Standard2.1",
            "shape_config": [
              {
                "gpu_description": "",
                "gpus": 0,
                "local_disk_description": "",
                "local_disks": 0,
                "local_disks_total_size_in_gbs": 0,
                "max_vnic_attachments": 2,
                "memory_in_gbs": 15,
                "networking_bandwidth_in_gbps": 1,
                "ocpus": 1,
                "processor_description": "2.0 GHz Intel® Xeon® Platinum 8167M (Skylake)"
              }
            ],
            "source_details": [
              {
                "boot_volume_size_in_gbs": "47",
                "kms_key_id": "",
                "source_id": "ocid1.image.oc1.uk-london-1.aaaaaaaad3ykcml7uxbkl7oqxbnydtqslgg6oyz35ju5szz4lwttjxi36yua",
                "source_type": "image"
              }
            ],
            "state": "RUNNING",
            "subnet_id": "ocid1.subnet.oc1.uk-london-1.aaaaaaaao6z2yyikhyhxx2hdlg5w4e6xbz7ifpmbuvpt2te53oyzf6hegzmq",
            "system_tags": {},
            "time_created": "2020-09-01 15:34:47.983 +0000 UTC",
            "time_maintenance_reboot_due": "",
            "timeouts": null
          },
          "private": "eyJlMmJmYjczMC1lY2FhLTExZTYtOGY4OC0zNDM2M2JjN2M0YzAiOnsiY3JlYXRlIjo3MjAwMDAwMDAwMDAwLCJkZWxldGUiOjcyMDAwMDAwMDAwMDAsInVwZGF0ZSI6NzIwMDAwMDAwMDAwMH19",
          "dependencies": [
            "module.bastion_instance.oci_core_instance.bastion_server",
            "module.network.oci_core_drg.dr_drg",
            "module.network.oci_core_internet_gateway.dr_igw",
            "module.network.oci_core_nat_gateway.dr_nat",
            "module.network.oci_core_network_security_group.ping_all",
            "module.network.oci_core_route_table.private_route_table",
            "module.network.oci_core_route_table.public_route_table",
            "module.network.oci_core_security_list.access_security_list",
            "module.network.oci_core_security_list.dr_app_list",
            "module.network.oci_core_security_list.dr_fss_list",
            "module.network.oci_core_service_gateway.dr_service_gateway",
            "module.network.oci_core_subnet.access_subnet",
            "module.network.oci_core_subnet.app_subnet",
            "module.network.oci_core_vcn.dr_vcn"
          ]
        }
      ]
    },
    {
      "module": "module.network",
      "mode": "managed",
      "type": "oci_core_internet_gateway",
      "name": "dr_igw",
      "provider": "provider.oci",
      "instances": [
        {
          "schema_version": 0,
          "attributes": {
            "compartment_id": "ocid1.compartment.oc1..aaaaaaaafofzhn5ni45serz4yqmweruxmxtkbhe2ie7b234u5hvfiwq6htnq",
            "defined_tags": {},
            "display_name": "igw",
            "enabled": true,
            "freeform_tags": {
              "Environment": "dr"
            },
            "id": "ocid1.internetgateway.oc1.uk-london-1.aaaaaaaaydwz3sjyp6jdyjmmoiwhcjryen5gcqnsfqxz5643hrv7gcxyk55a",
            "state": "AVAILABLE",
            "time_created": "2020-09-01 15:31:57.17 +0000 UTC",
            "timeouts": null,
            "vcn_id": "ocid1.vcn.oc1.uk-london-1.amaaaaaalbfmicqaqvn7j4a6a52jywz5qup25me2cij2bup6vgdxsaf4tsaa"
          },
          "private": "eyJlMmJmYjczMC1lY2FhLTExZTYtOGY4OC0zNDM2M2JjN2M0YzAiOnsiY3JlYXRlIjo5MDAwMDAwMDAwMDAsImRlbGV0ZSI6OTAwMDAwMDAwMDAwLCJ1cGRhdGUiOjkwMDAwMDAwMDAwMH19",
          "dependencies": [
            "module.network.oci_core_vcn.dr_vcn"
          ]
        }
      ]
    },
    {
      "module": "module.dr_network",
      "mode": "managed",
      "type": "oci_core_internet_gateway",
      "name": "dr_igw",
      "provider": "provider.oci.dr",
      "instances": [
        {
          "schema_version": 0,
          "attributes": {
            "compartment_id": "ocid1.compartment.oc1..aaaaaaaafofzhn5ni45serz4yqmweruxmxtkbhe2ie7b234u5hvfiwq6htnq",
            "defined_tags": {},
            "display_name": "igw",
            "enabled": true,
            "freeform_tags": {
              "Environment": "dr"
            },
            "id": "ocid1.internetgateway.oc1.eu-frankfurt-1.aaaaaaaauxsmzywabldl5o3e5dwzrgz7a7i4lfazrhjjbjhosa6xtsf5lqlq",
            "state": "AVAILABLE",
            "time_created": "2020-09-01 15:31:55.788 +0000 UTC",
            "timeouts": null,
            "vcn_id": "ocid1.vcn.oc1.eu-frankfurt-1.amaaaaaalbfmicqalexelhyhsy7ryeztod6syomrc57cl7qsslxh5b7f3g7q"
          },
          "private": "eyJlMmJmYjczMC1lY2FhLTExZTYtOGY4OC0zNDM2M2JjN2M0YzAiOnsiY3JlYXRlIjo5MDAwMDAwMDAwMDAsImRlbGV0ZSI6OTAwMDAwMDAwMDAwLCJ1cGRhdGUiOjkwMDAwMDAwMDAwMH19",
          "dependencies": [
            "module.dr_network.oci_core_vcn.dr_vcn"
          ]
        }
      ]
    },
    {
      "module": "module.network",
      "mode": "managed",
      "type": "oci_core_nat_gateway",
      "name": "dr_nat",
      "provider": "provider.oci",
      "instances": [
        {
          "schema_version": 0,
          "attributes": {
            "block_traffic": false,
            "compartment_id": "ocid1.compartment.oc1..aaaaaaaafofzhn5ni45serz4yqmweruxmxtkbhe2ie7b234u5hvfiwq6htnq",
            "defined_tags": {},
            "display_name": "nat",
            "freeform_tags": {
              "Environment": "dr"
            },
            "id": "ocid1.natgateway.oc1.uk-london-1.aaaaaaaaqwk2gblseecd7ioqbs53eeucsmjozscdfpprwbay67mhwq5pzfka",
            "nat_ip": "140.238.95.35",
            "state": "AVAILABLE",
            "time_created": "2020-09-01 15:31:57.458 +0000 UTC",
            "timeouts": null,
            "vcn_id": "ocid1.vcn.oc1.uk-london-1.amaaaaaalbfmicqaqvn7j4a6a52jywz5qup25me2cij2bup6vgdxsaf4tsaa"
          },
          "private": "eyJlMmJmYjczMC1lY2FhLTExZTYtOGY4OC0zNDM2M2JjN2M0YzAiOnsiY3JlYXRlIjo5MDAwMDAwMDAwMDAsImRlbGV0ZSI6OTAwMDAwMDAwMDAwLCJ1cGRhdGUiOjkwMDAwMDAwMDAwMH19",
          "dependencies": [
            "module.network.oci_core_vcn.dr_vcn"
          ]
        }
      ]
    },
    {
      "module": "module.dr_network",
      "mode": "managed",
      "type": "oci_core_nat_gateway",
      "name": "dr_nat",
      "provider": "provider.oci.dr",
      "instances": [
        {
          "schema_version": 0,
          "attributes": {
            "block_traffic": false,
            "compartment_id": "ocid1.compartment.oc1..aaaaaaaafofzhn5ni45serz4yqmweruxmxtkbhe2ie7b234u5hvfiwq6htnq",
            "defined_tags": {},
            "display_name": "nat",
            "freeform_tags": {
              "Environment": "dr"
            },
            "id": "ocid1.natgateway.oc1.eu-frankfurt-1.aaaaaaaas75otenpjajwqrcux7v3cv6dkfwavq3xasir7vnnep3hykgppsja",
            "nat_ip": "193.122.2.86",
            "state": "AVAILABLE",
            "time_created": "2020-09-01 15:31:56.13 +0000 UTC",
            "timeouts": null,
            "vcn_id": "ocid1.vcn.oc1.eu-frankfurt-1.amaaaaaalbfmicqalexelhyhsy7ryeztod6syomrc57cl7qsslxh5b7f3g7q"
          },
          "private": "eyJlMmJmYjczMC1lY2FhLTExZTYtOGY4OC0zNDM2M2JjN2M0YzAiOnsiY3JlYXRlIjo5MDAwMDAwMDAwMDAsImRlbGV0ZSI6OTAwMDAwMDAwMDAwLCJ1cGRhdGUiOjkwMDAwMDAwMDAwMH19",
          "dependencies": [
            "module.dr_network.oci_core_vcn.dr_vcn"
          ]
        }
      ]
    },
    {
      "module": "module.network",
      "mode": "managed",
      "type": "oci_core_network_security_group",
      "name": "ping_all",
      "provider": "provider.oci",
      "instances": [
        {
          "schema_version": 0,
          "attributes": {
            "compartment_id": "ocid1.compartment.oc1..aaaaaaaafofzhn5ni45serz4yqmweruxmxtkbhe2ie7b234u5hvfiwq6htnq",
            "defined_tags": {
              "SantaMonicaTagging.Createdby": "oracleidentitycloudservice/saul.chavez@oracle.com"
            },
            "display_name": "ping_all",
            "freeform_tags": {},
            "id": "ocid1.networksecuritygroup.oc1.uk-london-1.aaaaaaaal2bkopjudkzgpj3sxapr6gv4dgfvkxiymeiafyvhuhachrmulckq",
            "state": "AVAILABLE",
            "time_created": "2020-09-01 15:31:57.154 +0000 UTC",
            "timeouts": null,
            "vcn_id": "ocid1.vcn.oc1.uk-london-1.amaaaaaalbfmicqaqvn7j4a6a52jywz5qup25me2cij2bup6vgdxsaf4tsaa"
          },
          "private": "eyJlMmJmYjczMC1lY2FhLTExZTYtOGY4OC0zNDM2M2JjN2M0YzAiOnsiY3JlYXRlIjo5MDAwMDAwMDAwMDAsImRlbGV0ZSI6OTAwMDAwMDAwMDAwLCJ1cGRhdGUiOjkwMDAwMDAwMDAwMH19",
          "dependencies": [
            "module.network.oci_core_vcn.dr_vcn"
          ]
        }
      ]
    },
    {
      "module": "module.dr_network",
      "mode": "managed",
      "type": "oci_core_network_security_group",
      "name": "ping_all",
      "provider": "provider.oci.dr",
      "instances": [
        {
          "schema_version": 0,
          "attributes": {
            "compartment_id": "ocid1.compartment.oc1..aaaaaaaafofzhn5ni45serz4yqmweruxmxtkbhe2ie7b234u5hvfiwq6htnq",
            "defined_tags": {
              "SantaMonicaTagging.Createdby": "oracleidentitycloudservice/saul.chavez@oracle.com"
            },
            "display_name": "ping_all",
            "freeform_tags": {},
            "id": "ocid1.networksecuritygroup.oc1.eu-frankfurt-1.aaaaaaaaatvowx7a36ayvgbazzzagriq643z4kj5km6euo4hlb645wyx6rra",
            "state": "AVAILABLE",
            "time_created": "2020-09-01 15:31:55.52 +0000 UTC",
            "timeouts": null,
            "vcn_id": "ocid1.vcn.oc1.eu-frankfurt-1.amaaaaaalbfmicqalexelhyhsy7ryeztod6syomrc57cl7qsslxh5b7f3g7q"
          },
          "private": "eyJlMmJmYjczMC1lY2FhLTExZTYtOGY4OC0zNDM2M2JjN2M0YzAiOnsiY3JlYXRlIjo5MDAwMDAwMDAwMDAsImRlbGV0ZSI6OTAwMDAwMDAwMDAwLCJ1cGRhdGUiOjkwMDAwMDAwMDAwMH19",
          "dependencies": [
            "module.dr_network.oci_core_vcn.dr_vcn"
          ]
        }
      ]
    },
    {
      "module": "module.network",
      "mode": "managed",
      "type": "oci_core_network_security_group_security_rule",
      "name": "ping_all",
      "provider": "provider.oci",
      "instances": [
        {
          "schema_version": 0,
          "attributes": {
            "description": "Ping across all instances",
            "destination": null,
            "destination_type": "",
            "direction": "INGRESS",
            "icmp_options": [],
            "id": "200510",
            "is_valid": true,
            "network_security_group_id": "ocid1.networksecuritygroup.oc1.uk-london-1.aaaaaaaal2bkopjudkzgpj3sxapr6gv4dgfvkxiymeiafyvhuhachrmulckq",
            "protocol": "1",
            "source": "0.0.0.0/0",
            "source_type": "CIDR_BLOCK",
            "stateless": null,
            "tcp_options": [],
            "time_created": "2020-09-01 15:31:57.532 +0000 UTC",
            "timeouts": null,
            "udp_options": []
          },
          "private": "eyJlMmJmYjczMC1lY2FhLTExZTYtOGY4OC0zNDM2M2JjN2M0YzAiOnsiY3JlYXRlIjo5MDAwMDAwMDAwMDAsImRlbGV0ZSI6OTAwMDAwMDAwMDAwLCJ1cGRhdGUiOjkwMDAwMDAwMDAwMH19",
          "dependencies": [
            "module.network.oci_core_network_security_group.ping_all",
            "module.network.oci_core_vcn.dr_vcn"
          ]
        }
      ]
    },
    {
      "module": "module.dr_network",
      "mode": "managed",
      "type": "oci_core_network_security_group_security_rule",
      "name": "ping_all",
      "provider": "provider.oci.dr",
      "instances": [
        {
          "schema_version": 0,
          "attributes": {
            "description": "Ping across all instances",
            "destination": null,
            "destination_type": "",
            "direction": "INGRESS",
            "icmp_options": [],
            "id": "090106",
            "is_valid": true,
            "network_security_group_id": "ocid1.networksecuritygroup.oc1.eu-frankfurt-1.aaaaaaaaatvowx7a36ayvgbazzzagriq643z4kj5km6euo4hlb645wyx6rra",
            "protocol": "1",
            "source": "0.0.0.0/0",
            "source_type": "CIDR_BLOCK",
            "stateless": null,
            "tcp_options": [],
            "time_created": "2020-09-01 15:31:57.24 +0000 UTC",
            "timeouts": null,
            "udp_options": []
          },
          "private": "eyJlMmJmYjczMC1lY2FhLTExZTYtOGY4OC0zNDM2M2JjN2M0YzAiOnsiY3JlYXRlIjo5MDAwMDAwMDAwMDAsImRlbGV0ZSI6OTAwMDAwMDAwMDAwLCJ1cGRhdGUiOjkwMDAwMDAwMDAwMH19",
          "dependencies": [
            "module.dr_network.oci_core_network_security_group.ping_all",
            "module.dr_network.oci_core_vcn.dr_vcn"
          ]
        }
      ]
    },
    {
      "module": "module.dr_network",
      "mode": "managed",
      "type": "oci_core_remote_peering_connection",
      "name": "dr_remote_peering_connection",
      "each": "list",
      "provider": "provider.oci.dr",
      "instances": [
        {
          "index_key": 0,
          "schema_version": 0,
          "attributes": {
            "compartment_id": "ocid1.compartment.oc1..aaaaaaaafofzhn5ni45serz4yqmweruxmxtkbhe2ie7b234u5hvfiwq6htnq",
            "defined_tags": {
              "SantaMonicaTagging.Createdby": "oracleidentitycloudservice/saul.chavez@oracle.com"
            },
            "display_name": "remotepeeringconnection20200901153212",
            "drg_id": "ocid1.drg.oc1.eu-frankfurt-1.aaaaaaaahfhtctc5lszzduidkafxqkraiqokplzk3es7efmwffrdx4rzpguq",
            "freeform_tags": {},
            "id": "ocid1.remotepeeringconnection.oc1.eu-frankfurt-1.aaaaaaaa7ovowqkk62xahqatho5k67de5cj64cmktquuajuagcv4lzq7lbvq",
            "is_cross_tenancy_peering": false,
            "peer_id": "ocid1.remotepeeringconnection.oc1.uk-london-1.aaaaaaaaxegtelwl7oqrqk2moatdkidix7ah4xmhpey5k5ei7ekkiruoijrq",
            "peer_region_name": "uk-london-1",
            "peer_tenancy_id": "ocid1.tenancy.oc1..aaaaaaaampajwjptkttmi3cv6xt5eiwkqbkiqxuwb7kom4lomsbjfpvjuteq",
            "peering_status": "PEERED",
            "state": "AVAILABLE",
            "time_created": "2020-09-01 15:32:12.312 +0000 UTC",
            "timeouts": null
          },
          "private": "eyJlMmJmYjczMC1lY2FhLTExZTYtOGY4OC0zNDM2M2JjN2M0YzAiOnsiY3JlYXRlIjo5MDAwMDAwMDAwMDAsImRlbGV0ZSI6OTAwMDAwMDAwMDAwLCJ1cGRhdGUiOjkwMDAwMDAwMDAwMH19",
          "dependencies": [
            "module.dr_network.oci_core_drg.dr_drg",
            "module.dr_network.oci_core_drg_attachment.dr_drg_attachment",
            "module.dr_network.oci_core_vcn.dr_vcn"
          ]
        }
      ]
    },
    {
      "module": "module.network",
      "mode": "managed",
      "type": "oci_core_remote_peering_connection",
      "name": "dr_remote_peering_setup",
      "each": "list",
      "provider": "provider.oci",
      "instances": [
        {
          "index_key": 0,
          "schema_version": 0,
          "attributes": {
            "compartment_id": "ocid1.compartment.oc1..aaaaaaaafofzhn5ni45serz4yqmweruxmxtkbhe2ie7b234u5hvfiwq6htnq",
            "defined_tags": {
              "SantaMonicaTagging.Createdby": "oracleidentitycloudservice/saul.chavez@oracle.com"
            },
            "display_name": "dr_peering",
            "drg_id": "ocid1.drg.oc1.uk-london-1.aaaaaaaak5fwuvwehw6udydh6abzcsozcwmu7dpjr6i2mcaxxzgxhnmnqbca",
            "freeform_tags": {},
            "id": "ocid1.remotepeeringconnection.oc1.uk-london-1.aaaaaaaaxegtelwl7oqrqk2moatdkidix7ah4xmhpey5k5ei7ekkiruoijrq",
            "is_cross_tenancy_peering": false,
            "peer_id": "ocid1.remotepeeringconnection.oc1.eu-frankfurt-1.aaaaaaaa7ovowqkk62xahqatho5k67de5cj64cmktquuajuagcv4lzq7lbvq",
            "peer_region_name": "eu-frankfurt-1",
            "peer_tenancy_id": "ocid1.tenancy.oc1..aaaaaaaampajwjptkttmi3cv6xt5eiwkqbkiqxuwb7kom4lomsbjfpvjuteq",
            "peering_status": "PEERED",
            "state": "AVAILABLE",
            "time_created": "2020-09-01 15:32:13.777 +0000 UTC",
            "timeouts": null
          },
          "private": "eyJlMmJmYjczMC1lY2FhLTExZTYtOGY4OC0zNDM2M2JjN2M0YzAiOnsiY3JlYXRlIjo5MDAwMDAwMDAwMDAsImRlbGV0ZSI6OTAwMDAwMDAwMDAwLCJ1cGRhdGUiOjkwMDAwMDAwMDAwMH19",
          "dependencies": [
            "module.dr_network.oci_core_drg.dr_drg",
            "module.dr_network.oci_core_drg_attachment.dr_drg_attachment",
            "module.dr_network.oci_core_remote_peering_connection.dr_remote_peering_connection",
            "module.dr_network.oci_core_vcn.dr_vcn",
            "module.network.oci_core_drg.dr_drg",
            "module.network.oci_core_drg_attachment.dr_drg_attachment",
            "module.network.oci_core_vcn.dr_vcn"
          ]
        }
      ]
    },
    {
      "module": "module.network",
      "mode": "managed",
      "type": "oci_core_route_table",
      "name": "private_route_table",
      "provider": "provider.oci",
      "instances": [
        {
          "schema_version": 0,
          "attributes": {
            "compartment_id": "ocid1.compartment.oc1..aaaaaaaafofzhn5ni45serz4yqmweruxmxtkbhe2ie7b234u5hvfiwq6htnq",
            "defined_tags": {},
            "display_name": "private_rte",
            "freeform_tags": {
              "Environment": "dr"
            },
            "id": "ocid1.routetable.oc1.uk-london-1.aaaaaaaa2nbzghjzkarhl6nrsscrr3rid5kta5suzg5zolksjgtenzswpk7a",
            "route_rules": [
              {
                "cidr_block": "",
                "description": "",
                "destination": "0.0.0.0/0",
                "destination_type": "CIDR_BLOCK",
                "network_entity_id": "ocid1.natgateway.oc1.uk-london-1.aaaaaaaaqwk2gblseecd7ioqbs53eeucsmjozscdfpprwbay67mhwq5pzfka"
              },
              {
                "cidr_block": "",
                "description": "",
                "destination": "192.168.0.0/16",
                "destination_type": "CIDR_BLOCK",
                "network_entity_id": "ocid1.drg.oc1.uk-london-1.aaaaaaaak5fwuvwehw6udydh6abzcsozcwmu7dpjr6i2mcaxxzgxhnmnqbca"
              },
              {
                "cidr_block": "",
                "description": "",
                "destination": "all-lhr-services-in-oracle-services-network",
                "destination_type": "SERVICE_CIDR_BLOCK",
                "network_entity_id": "ocid1.servicegateway.oc1.uk-london-1.aaaaaaaaadjaga6bio7mpuiu6aucdjdxx3ytdgk7b2bbxgu6rjljynhhoopa"
              }
            ],
            "state": "AVAILABLE",
            "time_created": "2020-09-01 15:32:11.63 +0000 UTC",
            "timeouts": null,
            "vcn_id": "ocid1.vcn.oc1.uk-london-1.amaaaaaalbfmicqaqvn7j4a6a52jywz5qup25me2cij2bup6vgdxsaf4tsaa"
          },
          "private": "eyJlMmJmYjczMC1lY2FhLTExZTYtOGY4OC0zNDM2M2JjN2M0YzAiOnsiY3JlYXRlIjo5MDAwMDAwMDAwMDAsImRlbGV0ZSI6OTAwMDAwMDAwMDAwLCJ1cGRhdGUiOjkwMDAwMDAwMDAwMH19",
          "dependencies": [
            "module.network.oci_core_drg.dr_drg",
            "module.network.oci_core_nat_gateway.dr_nat",
            "module.network.oci_core_service_gateway.dr_service_gateway",
            "module.network.oci_core_vcn.dr_vcn"
          ]
        }
      ]
    },
    {
      "module": "module.dr_network",
      "mode": "managed",
      "type": "oci_core_route_table",
      "name": "private_route_table",
      "provider": "provider.oci.dr",
      "instances": [
        {
          "schema_version": 0,
          "attributes": {
            "compartment_id": "ocid1.compartment.oc1..aaaaaaaafofzhn5ni45serz4yqmweruxmxtkbhe2ie7b234u5hvfiwq6htnq",
            "defined_tags": {},
            "display_name": "private_rte",
            "freeform_tags": {
              "Environment": "dr"
            },
            "id": "ocid1.routetable.oc1.eu-frankfurt-1.aaaaaaaa5f2im4w64vrwccylhoaa4i27y3kb3ajqd465hitobxirylbehdiq",
            "route_rules": [
              {
                "cidr_block": "",
                "description": "",
                "destination": "0.0.0.0/0",
                "destination_type": "CIDR_BLOCK",
                "network_entity_id": "ocid1.natgateway.oc1.eu-frankfurt-1.aaaaaaaas75otenpjajwqrcux7v3cv6dkfwavq3xasir7vnnep3hykgppsja"
              },
              {
                "cidr_block": "",
                "description": "",
                "destination": "10.0.0.0/16",
                "destination_type": "CIDR_BLOCK",
                "network_entity_id": "ocid1.drg.oc1.eu-frankfurt-1.aaaaaaaahfhtctc5lszzduidkafxqkraiqokplzk3es7efmwffrdx4rzpguq"
              },
              {
                "cidr_block": "",
                "description": "",
                "destination": "all-fra-services-in-oracle-services-network",
                "destination_type": "SERVICE_CIDR_BLOCK",
                "network_entity_id": "ocid1.servicegateway.oc1.eu-frankfurt-1.aaaaaaaaecx65fkys2gmmb6k6hkgmku2ga24nwupl2ijejtslau3v3cfi3ba"
              }
            ],
            "state": "AVAILABLE",
            "time_created": "2020-09-01 15:32:11.066 +0000 UTC",
            "timeouts": null,
            "vcn_id": "ocid1.vcn.oc1.eu-frankfurt-1.amaaaaaalbfmicqalexelhyhsy7ryeztod6syomrc57cl7qsslxh5b7f3g7q"
          },
          "private": "eyJlMmJmYjczMC1lY2FhLTExZTYtOGY4OC0zNDM2M2JjN2M0YzAiOnsiY3JlYXRlIjo5MDAwMDAwMDAwMDAsImRlbGV0ZSI6OTAwMDAwMDAwMDAwLCJ1cGRhdGUiOjkwMDAwMDAwMDAwMH19",
          "dependencies": [
            "module.dr_network.oci_core_drg.dr_drg",
            "module.dr_network.oci_core_nat_gateway.dr_nat",
            "module.dr_network.oci_core_service_gateway.dr_service_gateway",
            "module.dr_network.oci_core_vcn.dr_vcn"
          ]
        }
      ]
    },
    {
      "module": "module.network",
      "mode": "managed",
      "type": "oci_core_route_table",
      "name": "public_route_table",
      "provider": "provider.oci",
      "instances": [
        {
          "schema_version": 0,
          "attributes": {
            "compartment_id": "ocid1.compartment.oc1..aaaaaaaafofzhn5ni45serz4yqmweruxmxtkbhe2ie7b234u5hvfiwq6htnq",
            "defined_tags": {},
            "display_name": "public_rte",
            "freeform_tags": {
              "Environment": "dr"
            },
            "id": "ocid1.routetable.oc1.uk-london-1.aaaaaaaa4c5k323hx5yyu7tg2z3eahf3krqkwkiei523e6ty4yxt5yzbu3oa",
            "route_rules": [
              {
                "cidr_block": "",
                "description": "",
                "destination": "0.0.0.0/0",
                "destination_type": "CIDR_BLOCK",
                "network_entity_id": "ocid1.internetgateway.oc1.uk-london-1.aaaaaaaaydwz3sjyp6jdyjmmoiwhcjryen5gcqnsfqxz5643hrv7gcxyk55a"
              }
            ],
            "state": "AVAILABLE",
            "time_created": "2020-09-01 15:31:57.586 +0000 UTC",
            "timeouts": null,
            "vcn_id": "ocid1.vcn.oc1.uk-london-1.amaaaaaalbfmicqaqvn7j4a6a52jywz5qup25me2cij2bup6vgdxsaf4tsaa"
          },
          "private": "eyJlMmJmYjczMC1lY2FhLTExZTYtOGY4OC0zNDM2M2JjN2M0YzAiOnsiY3JlYXRlIjo5MDAwMDAwMDAwMDAsImRlbGV0ZSI6OTAwMDAwMDAwMDAwLCJ1cGRhdGUiOjkwMDAwMDAwMDAwMH19",
          "dependencies": [
            "module.network.oci_core_internet_gateway.dr_igw",
            "module.network.oci_core_vcn.dr_vcn"
          ]
        }
      ]
    },
    {
      "module": "module.dr_network",
      "mode": "managed",
      "type": "oci_core_route_table",
      "name": "public_route_table",
      "provider": "provider.oci.dr",
      "instances": [
        {
          "schema_version": 0,
          "attributes": {
            "compartment_id": "ocid1.compartment.oc1..aaaaaaaafofzhn5ni45serz4yqmweruxmxtkbhe2ie7b234u5hvfiwq6htnq",
            "defined_tags": {},
            "display_name": "public_rte",
            "freeform_tags": {
              "Environment": "dr"
            },
            "id": "ocid1.routetable.oc1.eu-frankfurt-1.aaaaaaaaf7gfzsqnfiqbyw7w3lv7i7dbqegbpcacpxombhbmse2tdoll5jcq",
            "route_rules": [
              {
                "cidr_block": "",
                "description": "",
                "destination": "0.0.0.0/0",
                "destination_type": "CIDR_BLOCK",
                "network_entity_id": "ocid1.internetgateway.oc1.eu-frankfurt-1.aaaaaaaauxsmzywabldl5o3e5dwzrgz7a7i4lfazrhjjbjhosa6xtsf5lqlq"
              }
            ],
            "state": "AVAILABLE",
            "time_created": "2020-09-01 15:31:57.463 +0000 UTC",
            "timeouts": null,
            "vcn_id": "ocid1.vcn.oc1.eu-frankfurt-1.amaaaaaalbfmicqalexelhyhsy7ryeztod6syomrc57cl7qsslxh5b7f3g7q"
          },
          "private": "eyJlMmJmYjczMC1lY2FhLTExZTYtOGY4OC0zNDM2M2JjN2M0YzAiOnsiY3JlYXRlIjo5MDAwMDAwMDAwMDAsImRlbGV0ZSI6OTAwMDAwMDAwMDAwLCJ1cGRhdGUiOjkwMDAwMDAwMDAwMH19",
          "dependencies": [
            "module.dr_network.oci_core_internet_gateway.dr_igw",
            "module.dr_network.oci_core_vcn.dr_vcn"
          ]
        }
      ]
    },
    {
      "module": "module.network",
      "mode": "managed",
      "type": "oci_core_security_list",
      "name": "access_security_list",
      "provider": "provider.oci",
      "instances": [
        {
          "schema_version": 0,
          "attributes": {
            "compartment_id": "ocid1.compartment.oc1..aaaaaaaafofzhn5ni45serz4yqmweruxmxtkbhe2ie7b234u5hvfiwq6htnq",
            "defined_tags": {},
            "display_name": "access_security_list",
            "egress_security_rules": [
              {
                "description": "",
                "destination": "0.0.0.0/0",
                "destination_type": "CIDR_BLOCK",
                "icmp_options": [],
                "protocol": "6",
                "stateless": false,
                "tcp_options": [],
                "udp_options": []
              }
            ],
            "freeform_tags": {
              "Environment": "dr"
            },
            "id": "ocid1.securitylist.oc1.uk-london-1.aaaaaaaaqzv27koujap3ekrqozz2op45a65o7bxb3pcoyi7gsafcr7k7pc4a",
            "ingress_security_rules": [
              {
                "description": "",
                "icmp_options": [],
                "protocol": "1",
                "source": "0.0.0.0/0",
                "source_type": "CIDR_BLOCK",
                "stateless": false,
                "tcp_options": [],
                "udp_options": []
              },
              {
                "description": "",
                "icmp_options": [],
                "protocol": "6",
                "source": "0.0.0.0/0",
                "source_type": "CIDR_BLOCK",
                "stateless": false,
                "tcp_options": [
                  {
                    "max": 443,
                    "min": 443,
                    "source_port_range": []
                  }
                ],
                "udp_options": []
              },
              {
                "description": "",
                "icmp_options": [],
                "protocol": "6",
                "source": "0.0.0.0/0",
                "source_type": "CIDR_BLOCK",
                "stateless": false,
                "tcp_options": [
                  {
                    "max": 80,
                    "min": 80,
                    "source_port_range": []
                  }
                ],
                "udp_options": []
              }
            ],
            "state": "AVAILABLE",
            "time_created": "2020-09-01 15:31:56.097 +0000 UTC",
            "timeouts": null,
            "vcn_id": "ocid1.vcn.oc1.uk-london-1.amaaaaaalbfmicqaqvn7j4a6a52jywz5qup25me2cij2bup6vgdxsaf4tsaa"
          },
          "private": "eyJlMmJmYjczMC1lY2FhLTExZTYtOGY4OC0zNDM2M2JjN2M0YzAiOnsiY3JlYXRlIjo5MDAwMDAwMDAwMDAsImRlbGV0ZSI6OTAwMDAwMDAwMDAwLCJ1cGRhdGUiOjkwMDAwMDAwMDAwMH19",
          "dependencies": [
            "module.network.oci_core_vcn.dr_vcn"
          ]
        }
      ]
    },
    {
      "module": "module.dr_network",
      "mode": "managed",
      "type": "oci_core_security_list",
      "name": "access_security_list",
      "provider": "provider.oci.dr",
      "instances": [
        {
          "schema_version": 0,
          "attributes": {
            "compartment_id": "ocid1.compartment.oc1..aaaaaaaafofzhn5ni45serz4yqmweruxmxtkbhe2ie7b234u5hvfiwq6htnq",
            "defined_tags": {},
            "display_name": "access_security_list",
            "egress_security_rules": [
              {
                "description": "",
                "destination": "0.0.0.0/0",
                "destination_type": "CIDR_BLOCK",
                "icmp_options": [],
                "protocol": "6",
                "stateless": false,
                "tcp_options": [],
                "udp_options": []
              }
            ],
            "freeform_tags": {
              "Environment": "dr"
            },
            "id": "ocid1.securitylist.oc1.eu-frankfurt-1.aaaaaaaabopgiavwmdqh5w5yag3pilhkdqwvjyy6dsmxxzwarw7jh7fjbdra",
            "ingress_security_rules": [
              {
                "description": "",
                "icmp_options": [],
                "protocol": "1",
                "source": "0.0.0.0/0",
                "source_type": "CIDR_BLOCK",
                "stateless": false,
                "tcp_options": [],
                "udp_options": []
              },
              {
                "description": "",
                "icmp_options": [],
                "protocol": "6",
                "source": "0.0.0.0/0",
                "source_type": "CIDR_BLOCK",
                "stateless": false,
                "tcp_options": [
                  {
                    "max": 443,
                    "min": 443,
                    "source_port_range": []
                  }
                ],
                "udp_options": []
              },
              {
                "description": "",
                "icmp_options": [],
                "protocol": "6",
                "source": "0.0.0.0/0",
                "source_type": "CIDR_BLOCK",
                "stateless": false,
                "tcp_options": [
                  {
                    "max": 80,
                    "min": 80,
                    "source_port_range": []
                  }
                ],
                "udp_options": []
              }
            ],
            "state": "AVAILABLE",
            "time_created": "2020-09-01 15:31:55.87 +0000 UTC",
            "timeouts": null,
            "vcn_id": "ocid1.vcn.oc1.eu-frankfurt-1.amaaaaaalbfmicqalexelhyhsy7ryeztod6syomrc57cl7qsslxh5b7f3g7q"
          },
          "private": "eyJlMmJmYjczMC1lY2FhLTExZTYtOGY4OC0zNDM2M2JjN2M0YzAiOnsiY3JlYXRlIjo5MDAwMDAwMDAwMDAsImRlbGV0ZSI6OTAwMDAwMDAwMDAwLCJ1cGRhdGUiOjkwMDAwMDAwMDAwMH19",
          "dependencies": [
            "module.dr_network.oci_core_vcn.dr_vcn"
          ]
        }
      ]
    },
    {
      "module": "module.network",
      "mode": "managed",
      "type": "oci_core_security_list",
      "name": "dr_app_list",
      "provider": "provider.oci",
      "instances": [
        {
          "schema_version": 0,
          "attributes": {
            "compartment_id": "ocid1.compartment.oc1..aaaaaaaafofzhn5ni45serz4yqmweruxmxtkbhe2ie7b234u5hvfiwq6htnq",
            "defined_tags": {},
            "display_name": "dr_app_sec_list",
            "egress_security_rules": [
              {
                "description": "",
                "destination": "0.0.0.0/0",
                "destination_type": "CIDR_BLOCK",
                "icmp_options": [],
                "protocol": "6",
                "stateless": false,
                "tcp_options": [],
                "udp_options": []
              }
            ],
            "freeform_tags": {
              "Environment": "dr"
            },
            "id": "ocid1.securitylist.oc1.uk-london-1.aaaaaaaagb6qhcrkas3evgoklzmqer5gnxhji7mnzbafatzfkh4fkeottila",
            "ingress_security_rules": [
              {
                "description": "",
                "icmp_options": [],
                "protocol": "6",
                "source": "10.0.0.0/16",
                "source_type": "CIDR_BLOCK",
                "stateless": false,
                "tcp_options": [
                  {
                    "max": 7008,
                    "min": 7001,
                    "source_port_range": []
                  }
                ],
                "udp_options": []
              },
              {
                "description": "",
                "icmp_options": [],
                "protocol": "6",
                "source": "10.0.0.0/16",
                "source_type": "CIDR_BLOCK",
                "stateless": false,
                "tcp_options": [
                  {
                    "max": 80,
                    "min": 80,
                    "source_port_range": []
                  }
                ],
                "udp_options": []
              }
            ],
            "state": "AVAILABLE",
            "time_created": "2020-09-01 15:31:57.154 +0000 UTC",
            "timeouts": null,
            "vcn_id": "ocid1.vcn.oc1.uk-london-1.amaaaaaalbfmicqaqvn7j4a6a52jywz5qup25me2cij2bup6vgdxsaf4tsaa"
          },
          "private": "eyJlMmJmYjczMC1lY2FhLTExZTYtOGY4OC0zNDM2M2JjN2M0YzAiOnsiY3JlYXRlIjo5MDAwMDAwMDAwMDAsImRlbGV0ZSI6OTAwMDAwMDAwMDAwLCJ1cGRhdGUiOjkwMDAwMDAwMDAwMH19",
          "dependencies": [
            "module.network.oci_core_vcn.dr_vcn"
          ]
        }
      ]
    },
    {
      "module": "module.dr_network",
      "mode": "managed",
      "type": "oci_core_security_list",
      "name": "dr_app_list",
      "provider": "provider.oci.dr",
      "instances": [
        {
          "schema_version": 0,
          "attributes": {
            "compartment_id": "ocid1.compartment.oc1..aaaaaaaafofzhn5ni45serz4yqmweruxmxtkbhe2ie7b234u5hvfiwq6htnq",
            "defined_tags": {},
            "display_name": "dr_app_sec_list",
            "egress_security_rules": [
              {
                "description": "",
                "destination": "0.0.0.0/0",
                "destination_type": "CIDR_BLOCK",
                "icmp_options": [],
                "protocol": "6",
                "stateless": false,
                "tcp_options": [],
                "udp_options": []
              }
            ],
            "freeform_tags": {
              "Environment": "dr"
            },
            "id": "ocid1.securitylist.oc1.eu-frankfurt-1.aaaaaaaadyeeuebotrha2hjlfeukmo5iw66kjt2opo6qh2sjitz7rkgfdyba",
            "ingress_security_rules": [
              {
                "description": "",
                "icmp_options": [],
                "protocol": "6",
                "source": "192.168.0.0/16",
                "source_type": "CIDR_BLOCK",
                "stateless": false,
                "tcp_options": [
                  {
                    "max": 7008,
                    "min": 7001,
                    "source_port_range": []
                  }
                ],
                "udp_options": []
              },
              {
                "description": "",
                "icmp_options": [],
                "protocol": "6",
                "source": "192.168.0.0/16",
                "source_type": "CIDR_BLOCK",
                "stateless": false,
                "tcp_options": [
                  {
                    "max": 80,
                    "min": 80,
                    "source_port_range": []
                  }
                ],
                "udp_options": []
              }
            ],
            "state": "AVAILABLE",
            "time_created": "2020-09-01 15:31:55.878 +0000 UTC",
            "timeouts": null,
            "vcn_id": "ocid1.vcn.oc1.eu-frankfurt-1.amaaaaaalbfmicqalexelhyhsy7ryeztod6syomrc57cl7qsslxh5b7f3g7q"
          },
          "private": "eyJlMmJmYjczMC1lY2FhLTExZTYtOGY4OC0zNDM2M2JjN2M0YzAiOnsiY3JlYXRlIjo5MDAwMDAwMDAwMDAsImRlbGV0ZSI6OTAwMDAwMDAwMDAwLCJ1cGRhdGUiOjkwMDAwMDAwMDAwMH19",
          "dependencies": [
            "module.dr_network.oci_core_vcn.dr_vcn"
          ]
        }
      ]
    },
    {
      "module": "module.network",
      "mode": "managed",
      "type": "oci_core_security_list",
      "name": "dr_database_sec_list",
      "provider": "provider.oci",
      "instances": [
        {
          "schema_version": 0,
          "attributes": {
            "compartment_id": "ocid1.compartment.oc1..aaaaaaaafofzhn5ni45serz4yqmweruxmxtkbhe2ie7b234u5hvfiwq6htnq",
            "defined_tags": {},
            "display_name": "dr_db_sec_list",
            "egress_security_rules": [
              {
                "description": "",
                "destination": "0.0.0.0/0",
                "destination_type": "CIDR_BLOCK",
                "icmp_options": [],
                "protocol": "6",
                "stateless": false,
                "tcp_options": [],
                "udp_options": []
              }
            ],
            "freeform_tags": {
              "Environment": "dr"
            },
            "id": "ocid1.securitylist.oc1.uk-london-1.aaaaaaaaaalqpg6fien43xtb7pw5c2blesj7xv3hxixqwswcgfiy4d755olq",
            "ingress_security_rules": [
              {
                "description": "",
                "icmp_options": [],
                "protocol": "6",
                "source": "10.0.0.0/16",
                "source_type": "CIDR_BLOCK",
                "stateless": false,
                "tcp_options": [
                  {
                    "max": 1522,
                    "min": 1521,
                    "source_port_range": []
                  }
                ],
                "udp_options": []
              },
              {
                "description": "",
                "icmp_options": [],
                "protocol": "6",
                "source": "192.168.0.0/16",
                "source_type": "CIDR_BLOCK",
                "stateless": false,
                "tcp_options": [
                  {
                    "max": 1522,
                    "min": 1521,
                    "source_port_range": []
                  }
                ],
                "udp_options": []
              }
            ],
            "state": "AVAILABLE",
            "time_created": "2020-09-01 15:31:56.309 +0000 UTC",
            "timeouts": null,
            "vcn_id": "ocid1.vcn.oc1.uk-london-1.amaaaaaalbfmicqaqvn7j4a6a52jywz5qup25me2cij2bup6vgdxsaf4tsaa"
          },
          "private": "eyJlMmJmYjczMC1lY2FhLTExZTYtOGY4OC0zNDM2M2JjN2M0YzAiOnsiY3JlYXRlIjo5MDAwMDAwMDAwMDAsImRlbGV0ZSI6OTAwMDAwMDAwMDAwLCJ1cGRhdGUiOjkwMDAwMDAwMDAwMH19",
          "dependencies": [
            "module.network.oci_core_vcn.dr_vcn"
          ]
        }
      ]
    },
    {
      "module": "module.dr_network",
      "mode": "managed",
      "type": "oci_core_security_list",
      "name": "dr_database_sec_list",
      "provider": "provider.oci.dr",
      "instances": [
        {
          "schema_version": 0,
          "attributes": {
            "compartment_id": "ocid1.compartment.oc1..aaaaaaaafofzhn5ni45serz4yqmweruxmxtkbhe2ie7b234u5hvfiwq6htnq",
            "defined_tags": {},
            "display_name": "dr_db_sec_list",
            "egress_security_rules": [
              {
                "description": "",
                "destination": "0.0.0.0/0",
                "destination_type": "CIDR_BLOCK",
                "icmp_options": [],
                "protocol": "6",
                "stateless": false,
                "tcp_options": [],
                "udp_options": []
              }
            ],
            "freeform_tags": {
              "Environment": "dr"
            },
            "id": "ocid1.securitylist.oc1.eu-frankfurt-1.aaaaaaaagalhaw5god3muvxwv7qwryk5nnrl7ksst7fbintkgleyejzyq2tq",
            "ingress_security_rules": [
              {
                "description": "",
                "icmp_options": [],
                "protocol": "6",
                "source": "10.0.0.0/16",
                "source_type": "CIDR_BLOCK",
                "stateless": false,
                "tcp_options": [
                  {
                    "max": 1522,
                    "min": 1521,
                    "source_port_range": []
                  }
                ],
                "udp_options": []
              },
              {
                "description": "",
                "icmp_options": [],
                "protocol": "6",
                "source": "192.168.0.0/16",
                "source_type": "CIDR_BLOCK",
                "stateless": false,
                "tcp_options": [
                  {
                    "max": 1522,
                    "min": 1521,
                    "source_port_range": []
                  }
                ],
                "udp_options": []
              }
            ],
            "state": "AVAILABLE",
            "time_created": "2020-09-01 15:31:55.9 +0000 UTC",
            "timeouts": null,
            "vcn_id": "ocid1.vcn.oc1.eu-frankfurt-1.amaaaaaalbfmicqalexelhyhsy7ryeztod6syomrc57cl7qsslxh5b7f3g7q"
          },
          "private": "eyJlMmJmYjczMC1lY2FhLTExZTYtOGY4OC0zNDM2M2JjN2M0YzAiOnsiY3JlYXRlIjo5MDAwMDAwMDAwMDAsImRlbGV0ZSI6OTAwMDAwMDAwMDAwLCJ1cGRhdGUiOjkwMDAwMDAwMDAwMH19",
          "dependencies": [
            "module.dr_network.oci_core_vcn.dr_vcn"
          ]
        }
      ]
    },
    {
      "module": "module.network",
      "mode": "managed",
      "type": "oci_core_security_list",
      "name": "dr_fss_list",
      "provider": "provider.oci",
      "instances": [
        {
          "schema_version": 0,
          "attributes": {
            "compartment_id": "ocid1.compartment.oc1..aaaaaaaafofzhn5ni45serz4yqmweruxmxtkbhe2ie7b234u5hvfiwq6htnq",
            "defined_tags": {},
            "display_name": "dr_fss_sec_list",
            "egress_security_rules": [
              {
                "description": "",
                "destination": "10.0.0.0/16",
                "destination_type": "CIDR_BLOCK",
                "icmp_options": [],
                "protocol": "6",
                "stateless": false,
                "tcp_options": [],
                "udp_options": []
              }
            ],
            "freeform_tags": {
              "Environment": "dr"
            },
            "id": "ocid1.securitylist.oc1.uk-london-1.aaaaaaaankqqiywvkh2vscx545ztpwpjmdjhqp7nzz5tparj36xf4nspi73a",
            "ingress_security_rules": [
              {
                "description": "",
                "icmp_options": [],
                "protocol": "6",
                "source": "10.0.0.0/16",
                "source_type": "CIDR_BLOCK",
                "stateless": false,
                "tcp_options": [
                  {
                    "max": 111,
                    "min": 111,
                    "source_port_range": []
                  }
                ],
                "udp_options": []
              },
              {
                "description": "",
                "icmp_options": [],
                "protocol": "6",
                "source": "10.0.0.0/16",
                "source_type": "CIDR_BLOCK",
                "stateless": false,
                "tcp_options": [
                  {
                    "max": 2050,
                    "min": 2048,
                    "source_port_range": []
                  }
                ],
                "udp_options": []
              }
            ],
            "state": "AVAILABLE",
            "time_created": "2020-09-01 15:31:56.773 +0000 UTC",
            "timeouts": null,
            "vcn_id": "ocid1.vcn.oc1.uk-london-1.amaaaaaalbfmicqaqvn7j4a6a52jywz5qup25me2cij2bup6vgdxsaf4tsaa"
          },
          "private": "eyJlMmJmYjczMC1lY2FhLTExZTYtOGY4OC0zNDM2M2JjN2M0YzAiOnsiY3JlYXRlIjo5MDAwMDAwMDAwMDAsImRlbGV0ZSI6OTAwMDAwMDAwMDAwLCJ1cGRhdGUiOjkwMDAwMDAwMDAwMH19",
          "dependencies": [
            "module.network.oci_core_vcn.dr_vcn"
          ]
        }
      ]
    },
    {
      "module": "module.dr_network",
      "mode": "managed",
      "type": "oci_core_security_list",
      "name": "dr_fss_list",
      "provider": "provider.oci.dr",
      "instances": [
        {
          "schema_version": 0,
          "attributes": {
            "compartment_id": "ocid1.compartment.oc1..aaaaaaaafofzhn5ni45serz4yqmweruxmxtkbhe2ie7b234u5hvfiwq6htnq",
            "defined_tags": {},
            "display_name": "dr_fss_sec_list",
            "egress_security_rules": [
              {
                "description": "",
                "destination": "192.168.0.0/16",
                "destination_type": "CIDR_BLOCK",
                "icmp_options": [],
                "protocol": "6",
                "stateless": false,
                "tcp_options": [],
                "udp_options": []
              }
            ],
            "freeform_tags": {
              "Environment": "dr"
            },
            "id": "ocid1.securitylist.oc1.eu-frankfurt-1.aaaaaaaa4ptdnlfbvmsrkbiigyqwmzm2pr24l6l6lvcq5lbkmvtyz5b4bguq",
            "ingress_security_rules": [
              {
                "description": "",
                "icmp_options": [],
                "protocol": "6",
                "source": "192.168.0.0/16",
                "source_type": "CIDR_BLOCK",
                "stateless": false,
                "tcp_options": [
                  {
                    "max": 111,
                    "min": 111,
                    "source_port_range": []
                  }
                ],
                "udp_options": []
              },
              {
                "description": "",
                "icmp_options": [],
                "protocol": "6",
                "source": "192.168.0.0/16",
                "source_type": "CIDR_BLOCK",
                "stateless": false,
                "tcp_options": [
                  {
                    "max": 2050,
                    "min": 2048,
                    "source_port_range": []
                  }
                ],
                "udp_options": []
              }
            ],
            "state": "AVAILABLE",
            "time_created": "2020-09-01 15:31:55.932 +0000 UTC",
            "timeouts": null,
            "vcn_id": "ocid1.vcn.oc1.eu-frankfurt-1.amaaaaaalbfmicqalexelhyhsy7ryeztod6syomrc57cl7qsslxh5b7f3g7q"
          },
          "private": "eyJlMmJmYjczMC1lY2FhLTExZTYtOGY4OC0zNDM2M2JjN2M0YzAiOnsiY3JlYXRlIjo5MDAwMDAwMDAwMDAsImRlbGV0ZSI6OTAwMDAwMDAwMDAwLCJ1cGRhdGUiOjkwMDAwMDAwMDAwMH19",
          "dependencies": [
            "module.dr_network.oci_core_vcn.dr_vcn"
          ]
        }
      ]
    },
    {
      "module": "module.network",
      "mode": "managed",
      "type": "oci_core_security_list",
      "name": "dr_lb_security_list",
      "provider": "provider.oci",
      "instances": [
        {
          "schema_version": 0,
          "attributes": {
            "compartment_id": "ocid1.compartment.oc1..aaaaaaaafofzhn5ni45serz4yqmweruxmxtkbhe2ie7b234u5hvfiwq6htnq",
            "defined_tags": {},
            "display_name": "lb_sec_list",
            "egress_security_rules": [
              {
                "description": "",
                "destination": "0.0.0.0/0",
                "destination_type": "CIDR_BLOCK",
                "icmp_options": [],
                "protocol": "6",
                "stateless": false,
                "tcp_options": [],
                "udp_options": []
              }
            ],
            "freeform_tags": {
              "Environment": "dr"
            },
            "id": "ocid1.securitylist.oc1.uk-london-1.aaaaaaaaazsmz5z4pmgevs347nrcjtdvu2d6dca7oxcxiwwfr4vbqrrrmcvq",
            "ingress_security_rules": [
              {
                "description": "",
                "icmp_options": [],
                "protocol": "1",
                "source": "0.0.0.0/0",
                "source_type": "CIDR_BLOCK",
                "stateless": false,
                "tcp_options": [],
                "udp_options": []
              },
              {
                "description": "",
                "icmp_options": [],
                "protocol": "6",
                "source": "0.0.0.0/0",
                "source_type": "CIDR_BLOCK",
                "stateless": false,
                "tcp_options": [
                  {
                    "max": 443,
                    "min": 443,
                    "source_port_range": []
                  }
                ],
                "udp_options": []
              },
              {
                "description": "",
                "icmp_options": [],
                "protocol": "6",
                "source": "0.0.0.0/0",
                "source_type": "CIDR_BLOCK",
                "stateless": false,
                "tcp_options": [
                  {
                    "max": 80,
                    "min": 80,
                    "source_port_range": []
                  }
                ],
                "udp_options": []
              }
            ],
            "state": "AVAILABLE",
            "time_created": "2020-09-01 15:31:56.794 +0000 UTC",
            "timeouts": null,
            "vcn_id": "ocid1.vcn.oc1.uk-london-1.amaaaaaalbfmicqaqvn7j4a6a52jywz5qup25me2cij2bup6vgdxsaf4tsaa"
          },
          "private": "eyJlMmJmYjczMC1lY2FhLTExZTYtOGY4OC0zNDM2M2JjN2M0YzAiOnsiY3JlYXRlIjo5MDAwMDAwMDAwMDAsImRlbGV0ZSI6OTAwMDAwMDAwMDAwLCJ1cGRhdGUiOjkwMDAwMDAwMDAwMH19",
          "dependencies": [
            "module.network.oci_core_vcn.dr_vcn"
          ]
        }
      ]
    },
    {
      "module": "module.dr_network",
      "mode": "managed",
      "type": "oci_core_security_list",
      "name": "dr_lb_security_list",
      "provider": "provider.oci.dr",
      "instances": [
        {
          "schema_version": 0,
          "attributes": {
            "compartment_id": "ocid1.compartment.oc1..aaaaaaaafofzhn5ni45serz4yqmweruxmxtkbhe2ie7b234u5hvfiwq6htnq",
            "defined_tags": {},
            "display_name": "lb_sec_list",
            "egress_security_rules": [
              {
                "description": "",
                "destination": "0.0.0.0/0",
                "destination_type": "CIDR_BLOCK",
                "icmp_options": [],
                "protocol": "6",
                "stateless": false,
                "tcp_options": [],
                "udp_options": []
              }
            ],
            "freeform_tags": {
              "Environment": "dr"
            },
            "id": "ocid1.securitylist.oc1.eu-frankfurt-1.aaaaaaaao2yh4m6vtvdmwnlyzekcsbnsbtjv276b3z42v62vhldo6vf4gn4q",
            "ingress_security_rules": [
              {
                "description": "",
                "icmp_options": [],
                "protocol": "1",
                "source": "0.0.0.0/0",
                "source_type": "CIDR_BLOCK",
                "stateless": false,
                "tcp_options": [],
                "udp_options": []
              },
              {
                "description": "",
                "icmp_options": [],
                "protocol": "6",
                "source": "0.0.0.0/0",
                "source_type": "CIDR_BLOCK",
                "stateless": false,
                "tcp_options": [
                  {
                    "max": 443,
                    "min": 443,
                    "source_port_range": []
                  }
                ],
                "udp_options": []
              },
              {
                "description": "",
                "icmp_options": [],
                "protocol": "6",
                "source": "0.0.0.0/0",
                "source_type": "CIDR_BLOCK",
                "stateless": false,
                "tcp_options": [
                  {
                    "max": 80,
                    "min": 80,
                    "source_port_range": []
                  }
                ],
                "udp_options": []
              }
            ],
            "state": "AVAILABLE",
            "time_created": "2020-09-01 15:31:55.864 +0000 UTC",
            "timeouts": null,
            "vcn_id": "ocid1.vcn.oc1.eu-frankfurt-1.amaaaaaalbfmicqalexelhyhsy7ryeztod6syomrc57cl7qsslxh5b7f3g7q"
          },
          "private": "eyJlMmJmYjczMC1lY2FhLTExZTYtOGY4OC0zNDM2M2JjN2M0YzAiOnsiY3JlYXRlIjo5MDAwMDAwMDAwMDAsImRlbGV0ZSI6OTAwMDAwMDAwMDAwLCJ1cGRhdGUiOjkwMDAwMDAwMDAwMH19",
          "dependencies": [
            "module.dr_network.oci_core_vcn.dr_vcn"
          ]
        }
      ]
    },
    {
      "module": "module.network",
      "mode": "managed",
      "type": "oci_core_service_gateway",
      "name": "dr_service_gateway",
      "provider": "provider.oci",
      "instances": [
        {
          "schema_version": 0,
          "attributes": {
            "block_traffic": false,
            "compartment_id": "ocid1.compartment.oc1..aaaaaaaafofzhn5ni45serz4yqmweruxmxtkbhe2ie7b234u5hvfiwq6htnq",
            "defined_tags": {
              "SantaMonicaTagging.Createdby": "oracleidentitycloudservice/saul.chavez@oracle.com"
            },
            "display_name": "sgw",
            "freeform_tags": {},
            "id": "ocid1.servicegateway.oc1.uk-london-1.aaaaaaaaadjaga6bio7mpuiu6aucdjdxx3ytdgk7b2bbxgu6rjljynhhoopa",
            "route_table_id": null,
            "services": [
              {
                "service_id": "ocid1.service.oc1.uk-london-1.aaaaaaaatwg7f5mnzoapfunl66n2qkp4ormiykqk3hiwksum63gcyjk7ysla",
                "service_name": "All LHR Services In Oracle Services Network"
              }
            ],
            "state": "AVAILABLE",
            "time_created": "2020-09-01 15:31:57.054 +0000 UTC",
            "timeouts": null,
            "vcn_id": "ocid1.vcn.oc1.uk-london-1.amaaaaaalbfmicqaqvn7j4a6a52jywz5qup25me2cij2bup6vgdxsaf4tsaa"
          },
          "private": "eyJlMmJmYjczMC1lY2FhLTExZTYtOGY4OC0zNDM2M2JjN2M0YzAiOnsiY3JlYXRlIjo5MDAwMDAwMDAwMDAsImRlbGV0ZSI6OTAwMDAwMDAwMDAwLCJ1cGRhdGUiOjkwMDAwMDAwMDAwMH19",
          "dependencies": [
            "module.network.oci_core_vcn.dr_vcn"
          ]
        }
      ]
    },
    {
      "module": "module.dr_network",
      "mode": "managed",
      "type": "oci_core_service_gateway",
      "name": "dr_service_gateway",
      "provider": "provider.oci.dr",
      "instances": [
        {
          "schema_version": 0,
          "attributes": {
            "block_traffic": false,
            "compartment_id": "ocid1.compartment.oc1..aaaaaaaafofzhn5ni45serz4yqmweruxmxtkbhe2ie7b234u5hvfiwq6htnq",
            "defined_tags": {
              "SantaMonicaTagging.Createdby": "oracleidentitycloudservice/saul.chavez@oracle.com"
            },
            "display_name": "sgw",
            "freeform_tags": {},
            "id": "ocid1.servicegateway.oc1.eu-frankfurt-1.aaaaaaaaecx65fkys2gmmb6k6hkgmku2ga24nwupl2ijejtslau3v3cfi3ba",
            "route_table_id": null,
            "services": [
              {
                "service_id": "ocid1.service.oc1.eu-frankfurt-1.aaaaaaaa7ncsqkj6lkz36dehifizupyn6qjqsmtepsegs23yyntnsy7qrvea",
                "service_name": "All FRA Services In Oracle Services Network"
              }
            ],
            "state": "AVAILABLE",
            "time_created": "2020-09-01 15:31:56.307 +0000 UTC",
            "timeouts": null,
            "vcn_id": "ocid1.vcn.oc1.eu-frankfurt-1.amaaaaaalbfmicqalexelhyhsy7ryeztod6syomrc57cl7qsslxh5b7f3g7q"
          },
          "private": "eyJlMmJmYjczMC1lY2FhLTExZTYtOGY4OC0zNDM2M2JjN2M0YzAiOnsiY3JlYXRlIjo5MDAwMDAwMDAwMDAsImRlbGV0ZSI6OTAwMDAwMDAwMDAwLCJ1cGRhdGUiOjkwMDAwMDAwMDAwMH19",
          "dependencies": [
            "module.dr_network.oci_core_vcn.dr_vcn"
          ]
        }
      ]
    },
    {
      "module": "module.network",
      "mode": "managed",
      "type": "oci_core_subnet",
      "name": "access_subnet",
      "provider": "provider.oci",
      "instances": [
        {
          "schema_version": 0,
          "attributes": {
            "availability_domain": null,
            "cidr_block": "10.0.0.0/24",
            "compartment_id": "ocid1.compartment.oc1..aaaaaaaafofzhn5ni45serz4yqmweruxmxtkbhe2ie7b234u5hvfiwq6htnq",
            "defined_tags": {},
            "dhcp_options_id": "ocid1.dhcpoptions.oc1.uk-london-1.aaaaaaaapdu46ytaxa7jonufz5t7jsytcjpgsiksm7hlj546q2vjs6hjf77q",
            "display_name": "access subnet",
            "dns_label": "access",
            "freeform_tags": {
              "Environment": "dr"
            },
            "id": "ocid1.subnet.oc1.uk-london-1.aaaaaaaa422tsui77intqxqahkbgvovz5m25vls25s4pps543j73gthmmiaa",
            "ipv6cidr_block": null,
            "ipv6public_cidr_block": null,
            "ipv6virtual_router_ip": null,
            "prohibit_public_ip_on_vnic": false,
            "route_table_id": "ocid1.routetable.oc1.uk-london-1.aaaaaaaa4c5k323hx5yyu7tg2z3eahf3krqkwkiei523e6ty4yxt5yzbu3oa",
            "security_list_ids": [
              "ocid1.securitylist.oc1.uk-london-1.aaaaaaaaqzv27koujap3ekrqozz2op45a65o7bxb3pcoyi7gsafcr7k7pc4a",
              "ocid1.securitylist.oc1.uk-london-1.aaaaaaaavaki5czhj4me7ucvecw5szqcatwfvkr46k6ywncv3fgvbfodsdqq"
            ],
            "state": "AVAILABLE",
            "subnet_domain_name": "access.drx1.oraclevcn.com",
            "time_created": "2020-09-01 15:31:58.44 +0000 UTC",
            "timeouts": null,
            "vcn_id": "ocid1.vcn.oc1.uk-london-1.amaaaaaalbfmicqaqvn7j4a6a52jywz5qup25me2cij2bup6vgdxsaf4tsaa",
            "virtual_router_ip": "10.0.0.1",
            "virtual_router_mac": "00:00:17:6A:0D:4B"
          },
          "private": "eyJlMmJmYjczMC1lY2FhLTExZTYtOGY4OC0zNDM2M2JjN2M0YzAiOnsiY3JlYXRlIjo5MDAwMDAwMDAwMDAsImRlbGV0ZSI6OTAwMDAwMDAwMDAwLCJ1cGRhdGUiOjkwMDAwMDAwMDAwMH19",
          "dependencies": [
            "module.network.oci_core_internet_gateway.dr_igw",
            "module.network.oci_core_route_table.public_route_table",
            "module.network.oci_core_security_list.access_security_list",
            "module.network.oci_core_vcn.dr_vcn"
          ]
        }
      ]
    },
    {
      "module": "module.dr_network",
      "mode": "managed",
      "type": "oci_core_subnet",
      "name": "access_subnet",
      "provider": "provider.oci.dr",
      "instances": [
        {
          "schema_version": 0,
          "attributes": {
            "availability_domain": null,
            "cidr_block": "192.168.0.0/24",
            "compartment_id": "ocid1.compartment.oc1..aaaaaaaafofzhn5ni45serz4yqmweruxmxtkbhe2ie7b234u5hvfiwq6htnq",
            "defined_tags": {},
            "dhcp_options_id": "ocid1.dhcpoptions.oc1.eu-frankfurt-1.aaaaaaaautxb6vg5z2p6rvlaog55qrfzpjxcnv2nkcy3t6ucakeeacvad72q",
            "display_name": "access subnet",
            "dns_label": "access",
            "freeform_tags": {
              "Environment": "dr"
            },
            "id": "ocid1.subnet.oc1.eu-frankfurt-1.aaaaaaaaifdlufctelqkcp7vnqsinjy5bv6y7etjigym7xu3k75cqmcymi6a",
            "ipv6cidr_block": null,
            "ipv6public_cidr_block": null,
            "ipv6virtual_router_ip": null,
            "prohibit_public_ip_on_vnic": false,
            "route_table_id": "ocid1.routetable.oc1.eu-frankfurt-1.aaaaaaaaf7gfzsqnfiqbyw7w3lv7i7dbqegbpcacpxombhbmse2tdoll5jcq",
            "security_list_ids": [
              "ocid1.securitylist.oc1.eu-frankfurt-1.aaaaaaaabopgiavwmdqh5w5yag3pilhkdqwvjyy6dsmxxzwarw7jh7fjbdra",
              "ocid1.securitylist.oc1.eu-frankfurt-1.aaaaaaaajntmsegefm76gkxypqo4vvsspm66yyuosf7e4jwzygachvbybxhq"
            ],
            "state": "AVAILABLE",
            "subnet_domain_name": "access.drx1.oraclevcn.com",
            "time_created": "2020-09-01 15:31:58.396 +0000 UTC",
            "timeouts": null,
            "vcn_id": "ocid1.vcn.oc1.eu-frankfurt-1.amaaaaaalbfmicqalexelhyhsy7ryeztod6syomrc57cl7qsslxh5b7f3g7q",
            "virtual_router_ip": "192.168.0.1",
            "virtual_router_mac": "00:00:17:A6:CB:5F"
          },
          "private": "eyJlMmJmYjczMC1lY2FhLTExZTYtOGY4OC0zNDM2M2JjN2M0YzAiOnsiY3JlYXRlIjo5MDAwMDAwMDAwMDAsImRlbGV0ZSI6OTAwMDAwMDAwMDAwLCJ1cGRhdGUiOjkwMDAwMDAwMDAwMH19",
          "dependencies": [
            "module.dr_network.oci_core_internet_gateway.dr_igw",
            "module.dr_network.oci_core_route_table.public_route_table",
            "module.dr_network.oci_core_security_list.access_security_list",
            "module.dr_network.oci_core_vcn.dr_vcn"
          ]
        }
      ]
    },
    {
      "module": "module.network",
      "mode": "managed",
      "type": "oci_core_subnet",
      "name": "app_subnet",
      "provider": "provider.oci",
      "instances": [
        {
          "schema_version": 0,
          "attributes": {
            "availability_domain": null,
            "cidr_block": "10.0.3.0/24",
            "compartment_id": "ocid1.compartment.oc1..aaaaaaaafofzhn5ni45serz4yqmweruxmxtkbhe2ie7b234u5hvfiwq6htnq",
            "defined_tags": {},
            "dhcp_options_id": "ocid1.dhcpoptions.oc1.uk-london-1.aaaaaaaapdu46ytaxa7jonufz5t7jsytcjpgsiksm7hlj546q2vjs6hjf77q",
            "display_name": "app subnet",
            "dns_label": "app",
            "freeform_tags": {
              "Environment": "dr"
            },
            "id": "ocid1.subnet.oc1.uk-london-1.aaaaaaaao6z2yyikhyhxx2hdlg5w4e6xbz7ifpmbuvpt2te53oyzf6hegzmq",
            "ipv6cidr_block": null,
            "ipv6public_cidr_block": null,
            "ipv6virtual_router_ip": null,
            "prohibit_public_ip_on_vnic": true,
            "route_table_id": "ocid1.routetable.oc1.uk-london-1.aaaaaaaa2nbzghjzkarhl6nrsscrr3rid5kta5suzg5zolksjgtenzswpk7a",
            "security_list_ids": [
              "ocid1.securitylist.oc1.uk-london-1.aaaaaaaagb6qhcrkas3evgoklzmqer5gnxhji7mnzbafatzfkh4fkeottila",
              "ocid1.securitylist.oc1.uk-london-1.aaaaaaaankqqiywvkh2vscx545ztpwpjmdjhqp7nzz5tparj36xf4nspi73a",
              "ocid1.securitylist.oc1.uk-london-1.aaaaaaaavaki5czhj4me7ucvecw5szqcatwfvkr46k6ywncv3fgvbfodsdqq"
            ],
            "state": "AVAILABLE",
            "subnet_domain_name": "app.drx1.oraclevcn.com",
            "time_created": "2020-09-01 15:32:12.369 +0000 UTC",
            "timeouts": null,
            "vcn_id": "ocid1.vcn.oc1.uk-london-1.amaaaaaalbfmicqaqvn7j4a6a52jywz5qup25me2cij2bup6vgdxsaf4tsaa",
            "virtual_router_ip": "10.0.3.1",
            "virtual_router_mac": "00:00:17:6A:0D:4B"
          },
          "private": "eyJlMmJmYjczMC1lY2FhLTExZTYtOGY4OC0zNDM2M2JjN2M0YzAiOnsiY3JlYXRlIjo5MDAwMDAwMDAwMDAsImRlbGV0ZSI6OTAwMDAwMDAwMDAwLCJ1cGRhdGUiOjkwMDAwMDAwMDAwMH19",
          "dependencies": [
            "module.network.oci_core_drg.dr_drg",
            "module.network.oci_core_nat_gateway.dr_nat",
            "module.network.oci_core_route_table.private_route_table",
            "module.network.oci_core_security_list.dr_app_list",
            "module.network.oci_core_security_list.dr_fss_list",
            "module.network.oci_core_service_gateway.dr_service_gateway",
            "module.network.oci_core_vcn.dr_vcn"
          ]
        }
      ]
    },
    {
      "module": "module.dr_network",
      "mode": "managed",
      "type": "oci_core_subnet",
      "name": "app_subnet",
      "provider": "provider.oci.dr",
      "instances": [
        {
          "schema_version": 0,
          "attributes": {
            "availability_domain": null,
            "cidr_block": "192.168.3.0/24",
            "compartment_id": "ocid1.compartment.oc1..aaaaaaaafofzhn5ni45serz4yqmweruxmxtkbhe2ie7b234u5hvfiwq6htnq",
            "defined_tags": {},
            "dhcp_options_id": "ocid1.dhcpoptions.oc1.eu-frankfurt-1.aaaaaaaautxb6vg5z2p6rvlaog55qrfzpjxcnv2nkcy3t6ucakeeacvad72q",
            "display_name": "app subnet",
            "dns_label": "app",
            "freeform_tags": {
              "Environment": "dr"
            },
            "id": "ocid1.subnet.oc1.eu-frankfurt-1.aaaaaaaakymswjowdzamsnyl3ujc7mcouhluthxk65kyemnjpptneipyyqoa",
            "ipv6cidr_block": null,
            "ipv6public_cidr_block": null,
            "ipv6virtual_router_ip": null,
            "prohibit_public_ip_on_vnic": true,
            "route_table_id": "ocid1.routetable.oc1.eu-frankfurt-1.aaaaaaaa5f2im4w64vrwccylhoaa4i27y3kb3ajqd465hitobxirylbehdiq",
            "security_list_ids": [
              "ocid1.securitylist.oc1.eu-frankfurt-1.aaaaaaaa4ptdnlfbvmsrkbiigyqwmzm2pr24l6l6lvcq5lbkmvtyz5b4bguq",
              "ocid1.securitylist.oc1.eu-frankfurt-1.aaaaaaaadyeeuebotrha2hjlfeukmo5iw66kjt2opo6qh2sjitz7rkgfdyba",
              "ocid1.securitylist.oc1.eu-frankfurt-1.aaaaaaaajntmsegefm76gkxypqo4vvsspm66yyuosf7e4jwzygachvbybxhq"
            ],
            "state": "AVAILABLE",
            "subnet_domain_name": "app.drx1.oraclevcn.com",
            "time_created": "2020-09-01 15:32:13.404 +0000 UTC",
            "timeouts": null,
            "vcn_id": "ocid1.vcn.oc1.eu-frankfurt-1.amaaaaaalbfmicqalexelhyhsy7ryeztod6syomrc57cl7qsslxh5b7f3g7q",
            "virtual_router_ip": "192.168.3.1",
            "virtual_router_mac": "00:00:17:A6:CB:5F"
          },
          "private": "eyJlMmJmYjczMC1lY2FhLTExZTYtOGY4OC0zNDM2M2JjN2M0YzAiOnsiY3JlYXRlIjo5MDAwMDAwMDAwMDAsImRlbGV0ZSI6OTAwMDAwMDAwMDAwLCJ1cGRhdGUiOjkwMDAwMDAwMDAwMH19",
          "dependencies": [
            "module.dr_network.oci_core_drg.dr_drg",
            "module.dr_network.oci_core_nat_gateway.dr_nat",
            "module.dr_network.oci_core_route_table.private_route_table",
            "module.dr_network.oci_core_security_list.dr_app_list",
            "module.dr_network.oci_core_security_list.dr_fss_list",
            "module.dr_network.oci_core_service_gateway.dr_service_gateway",
            "module.dr_network.oci_core_vcn.dr_vcn"
          ]
        }
      ]
    },
    {
      "module": "module.network",
      "mode": "managed",
      "type": "oci_core_subnet",
      "name": "db_subnet",
      "provider": "provider.oci",
      "instances": [
        {
          "schema_version": 0,
          "attributes": {
            "availability_domain": null,
            "cidr_block": "10.0.4.0/24",
            "compartment_id": "ocid1.compartment.oc1..aaaaaaaafofzhn5ni45serz4yqmweruxmxtkbhe2ie7b234u5hvfiwq6htnq",
            "defined_tags": {},
            "dhcp_options_id": "ocid1.dhcpoptions.oc1.uk-london-1.aaaaaaaapdu46ytaxa7jonufz5t7jsytcjpgsiksm7hlj546q2vjs6hjf77q",
            "display_name": "db subnet",
            "dns_label": "db",
            "freeform_tags": {
              "Environment": "dr"
            },
            "id": "ocid1.subnet.oc1.uk-london-1.aaaaaaaaj4ajbg2bwv77omq3e7gxum34gqa3rukrvippgku7pxgkjpwsqumq",
            "ipv6cidr_block": null,
            "ipv6public_cidr_block": null,
            "ipv6virtual_router_ip": null,
            "prohibit_public_ip_on_vnic": true,
            "route_table_id": "ocid1.routetable.oc1.uk-london-1.aaaaaaaa2nbzghjzkarhl6nrsscrr3rid5kta5suzg5zolksjgtenzswpk7a",
            "security_list_ids": [
              "ocid1.securitylist.oc1.uk-london-1.aaaaaaaaaalqpg6fien43xtb7pw5c2blesj7xv3hxixqwswcgfiy4d755olq",
              "ocid1.securitylist.oc1.uk-london-1.aaaaaaaavaki5czhj4me7ucvecw5szqcatwfvkr46k6ywncv3fgvbfodsdqq"
            ],
            "state": "AVAILABLE",
            "subnet_domain_name": "db.drx1.oraclevcn.com",
            "time_created": "2020-09-01 15:32:12.21 +0000 UTC",
            "timeouts": null,
            "vcn_id": "ocid1.vcn.oc1.uk-london-1.amaaaaaalbfmicqaqvn7j4a6a52jywz5qup25me2cij2bup6vgdxsaf4tsaa",
            "virtual_router_ip": "10.0.4.1",
            "virtual_router_mac": "00:00:17:6A:0D:4B"
          },
          "private": "eyJlMmJmYjczMC1lY2FhLTExZTYtOGY4OC0zNDM2M2JjN2M0YzAiOnsiY3JlYXRlIjo5MDAwMDAwMDAwMDAsImRlbGV0ZSI6OTAwMDAwMDAwMDAwLCJ1cGRhdGUiOjkwMDAwMDAwMDAwMH19",
          "dependencies": [
            "module.network.oci_core_drg.dr_drg",
            "module.network.oci_core_nat_gateway.dr_nat",
            "module.network.oci_core_route_table.private_route_table",
            "module.network.oci_core_security_list.dr_database_sec_list",
            "module.network.oci_core_service_gateway.dr_service_gateway",
            "module.network.oci_core_vcn.dr_vcn"
          ]
        }
      ]
    },
    {
      "module": "module.dr_network",
      "mode": "managed",
      "type": "oci_core_subnet",
      "name": "db_subnet",
      "provider": "provider.oci.dr",
      "instances": [
        {
          "schema_version": 0,
          "attributes": {
            "availability_domain": null,
            "cidr_block": "192.168.4.0/24",
            "compartment_id": "ocid1.compartment.oc1..aaaaaaaafofzhn5ni45serz4yqmweruxmxtkbhe2ie7b234u5hvfiwq6htnq",
            "defined_tags": {},
            "dhcp_options_id": "ocid1.dhcpoptions.oc1.eu-frankfurt-1.aaaaaaaautxb6vg5z2p6rvlaog55qrfzpjxcnv2nkcy3t6ucakeeacvad72q",
            "display_name": "db subnet",
            "dns_label": "db",
            "freeform_tags": {
              "Environment": "dr"
            },
            "id": "ocid1.subnet.oc1.eu-frankfurt-1.aaaaaaaakwfje4lg5ezj2slerrzjiax6msuji4o3wzjxlu3iytzpyewh2bta",
            "ipv6cidr_block": null,
            "ipv6public_cidr_block": null,
            "ipv6virtual_router_ip": null,
            "prohibit_public_ip_on_vnic": true,
            "route_table_id": "ocid1.routetable.oc1.eu-frankfurt-1.aaaaaaaa5f2im4w64vrwccylhoaa4i27y3kb3ajqd465hitobxirylbehdiq",
            "security_list_ids": [
              "ocid1.securitylist.oc1.eu-frankfurt-1.aaaaaaaagalhaw5god3muvxwv7qwryk5nnrl7ksst7fbintkgleyejzyq2tq",
              "ocid1.securitylist.oc1.eu-frankfurt-1.aaaaaaaajntmsegefm76gkxypqo4vvsspm66yyuosf7e4jwzygachvbybxhq"
            ],
            "state": "AVAILABLE",
            "subnet_domain_name": "db.drx1.oraclevcn.com",
            "time_created": "2020-09-01 15:32:12.2 +0000 UTC",
            "timeouts": null,
            "vcn_id": "ocid1.vcn.oc1.eu-frankfurt-1.amaaaaaalbfmicqalexelhyhsy7ryeztod6syomrc57cl7qsslxh5b7f3g7q",
            "virtual_router_ip": "192.168.4.1",
            "virtual_router_mac": "00:00:17:A6:CB:5F"
          },
          "private": "eyJlMmJmYjczMC1lY2FhLTExZTYtOGY4OC0zNDM2M2JjN2M0YzAiOnsiY3JlYXRlIjo5MDAwMDAwMDAwMDAsImRlbGV0ZSI6OTAwMDAwMDAwMDAwLCJ1cGRhdGUiOjkwMDAwMDAwMDAwMH19",
          "dependencies": [
            "module.dr_network.oci_core_drg.dr_drg",
            "module.dr_network.oci_core_nat_gateway.dr_nat",
            "module.dr_network.oci_core_route_table.private_route_table",
            "module.dr_network.oci_core_security_list.dr_database_sec_list",
            "module.dr_network.oci_core_service_gateway.dr_service_gateway",
            "module.dr_network.oci_core_vcn.dr_vcn"
          ]
        }
      ]
    },
    {
      "module": "module.network",
      "mode": "managed",
      "type": "oci_core_subnet",
      "name": "lb_subnet",
      "provider": "provider.oci",
      "instances": [
        {
          "schema_version": 0,
          "attributes": {
            "availability_domain": null,
            "cidr_block": "10.0.1.0/24",
            "compartment_id": "ocid1.compartment.oc1..aaaaaaaafofzhn5ni45serz4yqmweruxmxtkbhe2ie7b234u5hvfiwq6htnq",
            "defined_tags": {},
            "dhcp_options_id": "ocid1.dhcpoptions.oc1.uk-london-1.aaaaaaaapdu46ytaxa7jonufz5t7jsytcjpgsiksm7hlj546q2vjs6hjf77q",
            "display_name": "lb subnet",
            "dns_label": "lb",
            "freeform_tags": {
              "Environment": "dr"
            },
            "id": "ocid1.subnet.oc1.uk-london-1.aaaaaaaawzkuqtwxqu3ixfyqv5zk7tyscoc46daefk3aydxplm65q5gqydea",
            "ipv6cidr_block": null,
            "ipv6public_cidr_block": null,
            "ipv6virtual_router_ip": null,
            "prohibit_public_ip_on_vnic": false,
            "route_table_id": "ocid1.routetable.oc1.uk-london-1.aaaaaaaa4c5k323hx5yyu7tg2z3eahf3krqkwkiei523e6ty4yxt5yzbu3oa",
            "security_list_ids": [
              "ocid1.securitylist.oc1.uk-london-1.aaaaaaaaqzv27koujap3ekrqozz2op45a65o7bxb3pcoyi7gsafcr7k7pc4a",
              "ocid1.securitylist.oc1.uk-london-1.aaaaaaaavaki5czhj4me7ucvecw5szqcatwfvkr46k6ywncv3fgvbfodsdqq"
            ],
            "state": "AVAILABLE",
            "subnet_domain_name": "lb.drx1.oraclevcn.com",
            "time_created": "2020-09-01 15:31:58.07 +0000 UTC",
            "timeouts": null,
            "vcn_id": "ocid1.vcn.oc1.uk-london-1.amaaaaaalbfmicqaqvn7j4a6a52jywz5qup25me2cij2bup6vgdxsaf4tsaa",
            "virtual_router_ip": "10.0.1.1",
            "virtual_router_mac": "00:00:17:6A:0D:4B"
          },
          "private": "eyJlMmJmYjczMC1lY2FhLTExZTYtOGY4OC0zNDM2M2JjN2M0YzAiOnsiY3JlYXRlIjo5MDAwMDAwMDAwMDAsImRlbGV0ZSI6OTAwMDAwMDAwMDAwLCJ1cGRhdGUiOjkwMDAwMDAwMDAwMH19",
          "dependencies": [
            "module.network.oci_core_internet_gateway.dr_igw",
            "module.network.oci_core_route_table.public_route_table",
            "module.network.oci_core_security_list.access_security_list",
            "module.network.oci_core_vcn.dr_vcn"
          ]
        }
      ]
    },
    {
      "module": "module.dr_network",
      "mode": "managed",
      "type": "oci_core_subnet",
      "name": "lb_subnet",
      "provider": "provider.oci.dr",
      "instances": [
        {
          "schema_version": 0,
          "attributes": {
            "availability_domain": null,
            "cidr_block": "192.168.1.0/24",
            "compartment_id": "ocid1.compartment.oc1..aaaaaaaafofzhn5ni45serz4yqmweruxmxtkbhe2ie7b234u5hvfiwq6htnq",
            "defined_tags": {},
            "dhcp_options_id": "ocid1.dhcpoptions.oc1.eu-frankfurt-1.aaaaaaaautxb6vg5z2p6rvlaog55qrfzpjxcnv2nkcy3t6ucakeeacvad72q",
            "display_name": "lb subnet",
            "dns_label": "lb",
            "freeform_tags": {
              "Environment": "dr"
            },
            "id": "ocid1.subnet.oc1.eu-frankfurt-1.aaaaaaaavsjnyopw4jmxlza6j3lufrnpxbni6th443vvjbvprvqqdbxp4iwq",
            "ipv6cidr_block": null,
            "ipv6public_cidr_block": null,
            "ipv6virtual_router_ip": null,
            "prohibit_public_ip_on_vnic": false,
            "route_table_id": "ocid1.routetable.oc1.eu-frankfurt-1.aaaaaaaaf7gfzsqnfiqbyw7w3lv7i7dbqegbpcacpxombhbmse2tdoll5jcq",
            "security_list_ids": [
              "ocid1.securitylist.oc1.eu-frankfurt-1.aaaaaaaabopgiavwmdqh5w5yag3pilhkdqwvjyy6dsmxxzwarw7jh7fjbdra",
              "ocid1.securitylist.oc1.eu-frankfurt-1.aaaaaaaajntmsegefm76gkxypqo4vvsspm66yyuosf7e4jwzygachvbybxhq"
            ],
            "state": "AVAILABLE",
            "subnet_domain_name": "lb.drx1.oraclevcn.com",
            "time_created": "2020-09-01 15:31:58.05 +0000 UTC",
            "timeouts": null,
            "vcn_id": "ocid1.vcn.oc1.eu-frankfurt-1.amaaaaaalbfmicqalexelhyhsy7ryeztod6syomrc57cl7qsslxh5b7f3g7q",
            "virtual_router_ip": "192.168.1.1",
            "virtual_router_mac": "00:00:17:A6:CB:5F"
          },
          "private": "eyJlMmJmYjczMC1lY2FhLTExZTYtOGY4OC0zNDM2M2JjN2M0YzAiOnsiY3JlYXRlIjo5MDAwMDAwMDAwMDAsImRlbGV0ZSI6OTAwMDAwMDAwMDAwLCJ1cGRhdGUiOjkwMDAwMDAwMDAwMH19",
          "dependencies": [
            "module.dr_network.oci_core_internet_gateway.dr_igw",
            "module.dr_network.oci_core_route_table.public_route_table",
            "module.dr_network.oci_core_security_list.access_security_list",
            "module.dr_network.oci_core_vcn.dr_vcn"
          ]
        }
      ]
    },
    {
      "module": "module.network",
      "mode": "managed",
      "type": "oci_core_vcn",
      "name": "dr_vcn",
      "provider": "provider.oci",
      "instances": [
        {
          "schema_version": 0,
          "attributes": {
            "cidr_block": "10.0.0.0/16",
            "compartment_id": "ocid1.compartment.oc1..aaaaaaaafofzhn5ni45serz4yqmweruxmxtkbhe2ie7b234u5hvfiwq6htnq",
            "default_dhcp_options_id": "ocid1.dhcpoptions.oc1.uk-london-1.aaaaaaaapdu46ytaxa7jonufz5t7jsytcjpgsiksm7hlj546q2vjs6hjf77q",
            "default_route_table_id": "ocid1.routetable.oc1.uk-london-1.aaaaaaaadzw4qbkeem7kep6vhg4znwqak2g75chh7s72qtk557cqdibdk75q",
            "default_security_list_id": "ocid1.securitylist.oc1.uk-london-1.aaaaaaaavaki5czhj4me7ucvecw5szqcatwfvkr46k6ywncv3fgvbfodsdqq",
            "defined_tags": {},
            "display_name": "drx1",
            "dns_label": "drx1",
            "freeform_tags": {
              "Environment": "dr"
            },
            "id": "ocid1.vcn.oc1.uk-london-1.amaaaaaalbfmicqaqvn7j4a6a52jywz5qup25me2cij2bup6vgdxsaf4tsaa",
            "ipv6cidr_block": null,
            "ipv6public_cidr_block": null,
            "is_ipv6enabled": null,
            "state": "AVAILABLE",
            "time_created": "2020-09-01 15:31:55.049 +0000 UTC",
            "timeouts": null,
            "vcn_domain_name": "drx1.oraclevcn.com"
          },
          "private": "eyJlMmJmYjczMC1lY2FhLTExZTYtOGY4OC0zNDM2M2JjN2M0YzAiOnsiY3JlYXRlIjo5MDAwMDAwMDAwMDAsImRlbGV0ZSI6OTAwMDAwMDAwMDAwLCJ1cGRhdGUiOjkwMDAwMDAwMDAwMH19"
        }
      ]
    },
    {
      "module": "module.dr_network",
      "mode": "managed",
      "type": "oci_core_vcn",
      "name": "dr_vcn",
      "provider": "provider.oci.dr",
      "instances": [
        {
          "schema_version": 0,
          "attributes": {
            "cidr_block": "192.168.0.0/16",
            "compartment_id": "ocid1.compartment.oc1..aaaaaaaafofzhn5ni45serz4yqmweruxmxtkbhe2ie7b234u5hvfiwq6htnq",
            "default_dhcp_options_id": "ocid1.dhcpoptions.oc1.eu-frankfurt-1.aaaaaaaautxb6vg5z2p6rvlaog55qrfzpjxcnv2nkcy3t6ucakeeacvad72q",
            "default_route_table_id": "ocid1.routetable.oc1.eu-frankfurt-1.aaaaaaaaavbdqoqvniof6m7shbjzi4mqz4srmn5fgmc4jqw4ljr2vmsnudma",
            "default_security_list_id": "ocid1.securitylist.oc1.eu-frankfurt-1.aaaaaaaajntmsegefm76gkxypqo4vvsspm66yyuosf7e4jwzygachvbybxhq",
            "defined_tags": {},
            "display_name": "drx1",
            "dns_label": "drx1",
            "freeform_tags": {
              "Environment": "dr"
            },
            "id": "ocid1.vcn.oc1.eu-frankfurt-1.amaaaaaalbfmicqalexelhyhsy7ryeztod6syomrc57cl7qsslxh5b7f3g7q",
            "ipv6cidr_block": null,
            "ipv6public_cidr_block": null,
            "is_ipv6enabled": null,
            "state": "AVAILABLE",
            "time_created": "2020-09-01 15:31:54.954 +0000 UTC",
            "timeouts": null,
            "vcn_domain_name": "drx1.oraclevcn.com"
          },
          "private": "eyJlMmJmYjczMC1lY2FhLTExZTYtOGY4OC0zNDM2M2JjN2M0YzAiOnsiY3JlYXRlIjo5MDAwMDAwMDAwMDAsImRlbGV0ZSI6OTAwMDAwMDAwMDAwLCJ1cGRhdGUiOjkwMDAwMDAwMDAwMH19"
        }
      ]
    },
    {
      "module": "module.database",
      "mode": "managed",
      "type": "oci_database_data_guard_association",
      "name": "dr_data_guard_association",
      "provider": "provider.oci",
      "instances": [
        {
          "schema_version": 0,
          "attributes": {
            "apply_lag": "8 seconds",
            "apply_rate": "5.00 KByte/s",
            "availability_domain": "Zwzz:EU-FRANKFURT-1-AD-1",
            "backup_network_nsg_ids": [],
            "creation_type": "NewDbSystem",
            "database_admin_password": "PPassw0rd##123",
            "database_id": "ocid1.database.oc1.uk-london-1.abwgiljr6rbycdperprashqqjtija4wkwn2zjhryup4mhnnm4wtswcu2xwnq",
            "delete_standby_db_home_on_delete": "true",
            "display_name": "DRDataGuardAssociationVM",
            "hostname": "ocidb",
            "id": "ocid1.dgassociation.oc1.uk-london-1.abwgiljr5phax2vo7znbjghodxhaxyuk3um5uvwzilxb4bnlittekplw2dna",
            "lifecycle_details": null,
            "nsg_ids": [
              "ocid1.networksecuritygroup.oc1.eu-frankfurt-1.aaaaaaaaatvowx7a36ayvgbazzzagriq643z4kj5km6euo4hlb645wyx6rra"
            ],
            "peer_data_guard_association_id": "ocid1.dgassociation.oc1.eu-frankfurt-1.abtheljrsattrelql6srkoz2p2an35lppljdauuyzhmzu75gtlqpcto7uofq",
            "peer_database_id": "ocid1.database.oc1.eu-frankfurt-1.abtheljrk5j7oyfaifvt7dprzqtgvgetvjucqu26wcxdomkb522g3gdvl35a",
            "peer_db_home_id": "ocid1.dbhome.oc1.eu-frankfurt-1.abtheljrb7rlztpn7xfu7zo57prgy3yk7zcakbhjt3kcej2inr46pbnb7wra",
            "peer_db_system_id": "ocid1.dbsystem.oc1.eu-frankfurt-1.abtheljrl6fw7sqcpnjifffxqaqkqtvvp6y4dux5h4ygn4eop76iequbuv3q",
            "peer_role": "STANDBY",
            "peer_vm_cluster_id": null,
            "protection_mode": "MAXIMUM_PERFORMANCE",
            "role": "PRIMARY",
            "shape": "VM.Standard2.2",
            "state": "AVAILABLE",
            "subnet_id": "ocid1.subnet.oc1.eu-frankfurt-1.aaaaaaaakwfje4lg5ezj2slerrzjiax6msuji4o3wzjxlu3iytzpyewh2bta",
            "time_created": "2020-09-01 15:46:39.428 +0000 UTC",
            "timeouts": null,
            "transport_type": "ASYNC"
          }
        }
      ]
    },
    {
      "module": "module.database",
      "mode": "managed",
      "type": "oci_database_db_system",
      "name": "db_system",
      "provider": "provider.oci",
      "instances": [
        {
          "schema_version": 0,
          "attributes": {
            "availability_domain": "Zwzz:UK-LONDON-1-AD-1",
            "backup_network_nsg_ids": null,
            "backup_subnet_id": null,
            "cluster_name": null,
            "compartment_id": "ocid1.compartment.oc1..aaaaaaaafofzhn5ni45serz4yqmweruxmxtkbhe2ie7b234u5hvfiwq6htnq",
            "cpu_core_count": 2,
            "data_storage_percentage": 80,
            "data_storage_size_in_gb": 512,
            "database_edition": "ENTERPRISE_EDITION_EXTREME_PERFORMANCE",
            "db_home": [
              {
                "database": [
                  {
                    "admin_password": "PPassw0rd##123",
                    "backup_id": "",
                    "backup_tde_password": "",
                    "character_set": "AL32UTF8",
                    "connection_strings": [
                      {
                        "all_connection_strings": {
                          "cdbDefault": "drdb.db.drx1.oraclevcn.com:1521/drdb_lhr1xp.db.drx1.oraclevcn.com",
                          "cdbIpDefault": "(DESCRIPTION=(CONNECT_TIMEOUT=5)(TRANSPORT_CONNECT_TIMEOUT=3)(RETRY_COUNT=3)(ADDRESS_LIST=(LOAD_BALANCE=on)(ADDRESS=(PROTOCOL=TCP)(HOST=10.0.4.2)(PORT=1521)))(CONNECT_DATA=(SERVICE_NAME=drdb_lhr1xp.db.drx1.oraclevcn.com)))"
                        },
                        "cdb_default": "drdb.db.drx1.oraclevcn.com:1521/drdb_lhr1xp.db.drx1.oraclevcn.com",
                        "cdb_ip_default": "(DESCRIPTION=(CONNECT_TIMEOUT=5)(TRANSPORT_CONNECT_TIMEOUT=3)(RETRY_COUNT=3)(ADDRESS_LIST=(LOAD_BALANCE=on)(ADDRESS=(PROTOCOL=TCP)(HOST=10.0.4.2)(PORT=1521)))(CONNECT_DATA=(SERVICE_NAME=drdb_lhr1xp.db.drx1.oraclevcn.com)))"
                      }
                    ],
                    "database_id": "",
                    "db_backup_config": [
                      {
                        "auto_backup_enabled": false,
                        "auto_backup_window": "",
                        "backup_destination_details": [],
                        "recovery_window_in_days": 0
                      }
                    ],
                    "db_name": "drdb",
                    "db_unique_name": "drdb_lhr1xp",
                    "db_workload": "OLTP",
                    "defined_tags": {
                      "SantaMonicaTagging.Createdby": "oracleidentitycloudservice/saul.chavez@oracle.com"
                    },
                    "freeform_tags": {},
                    "id": "ocid1.database.oc1.uk-london-1.abwgiljr6rbycdperprashqqjtija4wkwn2zjhryup4mhnnm4wtswcu2xwnq",
                    "lifecycle_details": "",
                    "ncharacter_set": "AL16UTF16",
                    "pdb_name": "drpdb",
                    "state": "AVAILABLE",
                    "time_created": "2020-09-01 15:32:14.542 +0000 UTC",
                    "time_stamp_for_point_in_time_recovery": ""
                  }
                ],
                "db_home_location": "",
                "db_version": "19.8.0.0.0",
                "defined_tags": {},
                "display_name": "DRDBHome",
                "freeform_tags": {},
                "id": "ocid1.dbhome.oc1.uk-london-1.abwgiljr5c5dpfzoo72zl5rbdgusdozxunlbzg7rcxbf4tuy5l2vnfvhwdqq",
                "last_patch_history_entry_id": "",
                "lifecycle_details": "",
                "state": "AVAILABLE",
                "time_created": "2020-09-01 15:32:14.541 +0000 UTC"
              }
            ],
            "db_system_options": [
              {
                "storage_management": "LVM"
              }
            ],
            "defined_tags": {
              "SantaMonicaTagging.Createdby": "oracleidentitycloudservice/saul.chavez@oracle.com"
            },
            "disk_redundancy": "NORMAL",
            "display_name": "DRDBSystem",
            "domain": "db.drx1.oraclevcn.com",
            "fault_domains": [
              "FAULT-DOMAIN-1"
            ],
            "freeform_tags": {},
            "hostname": "drdb",
            "id": "ocid1.dbsystem.oc1.uk-london-1.abwgiljrvxjpobstmstclz5iu23zugx42wtikkzcf5ocwizurzthgifu3i2a",
            "iorm_config_cache": [],
            "last_maintenance_run_id": null,
            "last_patch_history_entry_id": null,
            "license_model": "LICENSE_INCLUDED",
            "lifecycle_details": null,
            "listener_port": 1521,
            "maintenance_window": [],
            "maintenance_window_details": [],
            "next_maintenance_run_id": null,
            "node_count": 1,
            "nsg_ids": [
              "ocid1.networksecuritygroup.oc1.uk-london-1.aaaaaaaal2bkopjudkzgpj3sxapr6gv4dgfvkxiymeiafyvhuhachrmulckq"
            ],
            "reco_storage_size_in_gb": 256,
            "scan_dns_record_id": null,
            "scan_ip_ids": [],
            "shape": "VM.Standard2.2",
            "source": "NONE",
            "sparse_diskgroup": null,
            "ssh_public_keys": [
              "ssh-rsa AAAAB3NzaC1yc2EAAAADAQABAAABAQCdweEfM+0HqPP6g29wBXQdpJCPLpdI9N9P7GWTNCH2heJ6PlYA/zazMv4xSpkr4N8p0706Rs2kHPS9E7KQQiBVw5CA+UiHCZ4V4JhgMShfbWy+qi4tkJC6HXlR8bfyqUEUtF7trUWEOR7QKc2XAMbgbUmm5DDqrD0CjlyXOBl7zRxNw3e4k3bCRvkKOMS04bm0Dsv7IrpsjrMS+Snmgn1toYPQuU68F9OffucaIcWfi7oAsLw1f0tMxrvOwwRwVr7jARBM2VSbjmzMpg/ZNYicnk9zoEqi2rMCR8HxyHVXagjw5JCf5zXZ1UJ5flMnYwNO9ggq9/t/hXLxg1iI2H6f opc@aurora"
            ],
            "state": "AVAILABLE",
            "subnet_id": "ocid1.subnet.oc1.uk-london-1.aaaaaaaaj4ajbg2bwv77omq3e7gxum34gqa3rukrvippgku7pxgkjpwsqumq",
            "time_created": "2020-09-01 15:32:14.538 +0000 UTC",
            "time_zone": "UTC",
            "timeouts": null,
            "version": null,
            "vip_ids": []
          },
          "private": "eyJlMmJmYjczMC1lY2FhLTExZTYtOGY4OC0zNDM2M2JjN2M0YzAiOnsiY3JlYXRlIjowLCJkZWxldGUiOjcyMDAwMDAwMDAwMDAsInVwZGF0ZSI6NzIwMDAwMDAwMDAwMH19",
          "dependencies": [
            "module.network.oci_core_network_security_group.ping_all",
            "module.network.oci_core_subnet.db_subnet"
          ]
        }
      ]
    },
    {
      "module": "module.dr_public_lb",
      "mode": "managed",
      "type": "oci_load_balancer",
      "name": "lb1",
      "provider": "provider.oci.dr",
      "instances": [
        {
          "schema_version": 0,
          "attributes": {
            "compartment_id": "ocid1.compartment.oc1..aaaaaaaafofzhn5ni45serz4yqmweruxmxtkbhe2ie7b234u5hvfiwq6htnq",
            "defined_tags": {
              "SantaMonicaTagging.Createdby": "oracleidentitycloudservice/saul.chavez@oracle.com"
            },
            "display_name": "dr_public_lb",
            "freeform_tags": {},
            "id": "ocid1.loadbalancer.oc1.eu-frankfurt-1.aaaaaaaasdhctlvfo52evqh7lmahgdzf2u5b735f7af3zmvicnkgajnfbhqq",
            "ip_address_details": [
              {
                "ip_address": "193.122.55.221",
                "is_public": true
              }
            ],
            "ip_addresses": [
              "193.122.55.221"
            ],
            "ip_mode": "IPV4",
            "is_private": false,
            "network_security_group_ids": [],
            "shape": "100Mbps",
            "state": "ACTIVE",
            "subnet_ids": [
              "ocid1.subnet.oc1.eu-frankfurt-1.aaaaaaaavsjnyopw4jmxlza6j3lufrnpxbni6th443vvjbvprvqqdbxp4iwq"
            ],
            "system_tags": {},
            "time_created": "2020-09-01 15:31:58.869 +0000 UTC",
            "timeouts": null
          },
          "private": "eyJlMmJmYjczMC1lY2FhLTExZTYtOGY4OC0zNDM2M2JjN2M0YzAiOnsiY3JlYXRlIjo5MDAwMDAwMDAwMDAsImRlbGV0ZSI6OTAwMDAwMDAwMDAwLCJ1cGRhdGUiOjkwMDAwMDAwMDAwMH19",
          "dependencies": [
            "module.dr_network.oci_core_internet_gateway.dr_igw",
            "module.dr_network.oci_core_route_table.public_route_table",
            "module.dr_network.oci_core_security_list.access_security_list",
            "module.dr_network.oci_core_subnet.lb_subnet",
            "module.dr_network.oci_core_vcn.dr_vcn"
          ]
        }
      ]
    },
    {
      "module": "module.public_lb",
      "mode": "managed",
      "type": "oci_load_balancer",
      "name": "lb1",
      "provider": "module.public_lb.provider.oci.destination",
      "instances": [
        {
          "schema_version": 0,
          "attributes": {
            "compartment_id": "ocid1.compartment.oc1..aaaaaaaafofzhn5ni45serz4yqmweruxmxtkbhe2ie7b234u5hvfiwq6htnq",
            "defined_tags": {
              "SantaMonicaTagging.Createdby": "oracleidentitycloudservice/saul.chavez@oracle.com"
            },
            "display_name": "dr_public_lb",
            "freeform_tags": {},
            "id": "ocid1.loadbalancer.oc1.uk-london-1.aaaaaaaaabifoa6wz3lbbfvpzblk6ny3uwasp3jmf54qghk2ecod4e6phvcq",
            "ip_address_details": [
              {
                "ip_address": "132.145.66.223",
                "is_public": true
              }
            ],
            "ip_addresses": [
              "132.145.66.223"
            ],
            "ip_mode": "IPV4",
            "is_private": false,
            "network_security_group_ids": [],
            "shape": "100Mbps",
            "state": "ACTIVE",
            "subnet_ids": [
              "ocid1.subnet.oc1.uk-london-1.aaaaaaaawzkuqtwxqu3ixfyqv5zk7tyscoc46daefk3aydxplm65q5gqydea"
            ],
            "system_tags": {},
            "time_created": "2020-09-01 15:31:59.151 +0000 UTC",
            "timeouts": null
          },
          "private": "eyJlMmJmYjczMC1lY2FhLTExZTYtOGY4OC0zNDM2M2JjN2M0YzAiOnsiY3JlYXRlIjo5MDAwMDAwMDAwMDAsImRlbGV0ZSI6OTAwMDAwMDAwMDAwLCJ1cGRhdGUiOjkwMDAwMDAwMDAwMH19",
          "dependencies": [
            "module.network.oci_core_internet_gateway.dr_igw",
            "module.network.oci_core_route_table.public_route_table",
            "module.network.oci_core_security_list.access_security_list",
            "module.network.oci_core_subnet.lb_subnet",
            "module.network.oci_core_vcn.dr_vcn"
          ]
        }
      ]
    },
    {
      "module": "module.public_lb",
      "mode": "managed",
      "type": "oci_load_balancer_backend",
      "name": "lb-be1",
      "each": "list",
      "provider": "module.public_lb.provider.oci.destination",
      "instances": [
        {
          "index_key": 0,
          "schema_version": 0,
          "attributes": {
            "backendset_name": "lb-bes1",
            "backup": false,
            "drain": false,
            "id": "loadBalancers/ocid1.loadbalancer.oc1.uk-london-1.aaaaaaaaabifoa6wz3lbbfvpzblk6ny3uwasp3jmf54qghk2ecod4e6phvcq/backendSets/lb-bes1/backends/10.0.3.3:80",
            "ip_address": "10.0.3.3",
            "load_balancer_id": "ocid1.loadbalancer.oc1.uk-london-1.aaaaaaaaabifoa6wz3lbbfvpzblk6ny3uwasp3jmf54qghk2ecod4e6phvcq",
            "name": "10.0.3.3:80",
            "offline": false,
            "port": 80,
            "state": "SUCCEEDED",
            "timeouts": null,
            "weight": 1
          },
          "private": "eyJlMmJmYjczMC1lY2FhLTExZTYtOGY4OC0zNDM2M2JjN2M0YzAiOnsiY3JlYXRlIjo5MDAwMDAwMDAwMDAsImRlbGV0ZSI6OTAwMDAwMDAwMDAwLCJ1cGRhdGUiOjkwMDAwMDAwMDAwMH19",
          "dependencies": [
            "module.app_server_1.oci_core_instance.private_server",
            "module.bastion_instance.oci_core_instance.bastion_server",
            "module.network.oci_core_drg.dr_drg",
            "module.network.oci_core_internet_gateway.dr_igw",
            "module.network.oci_core_nat_gateway.dr_nat",
            "module.network.oci_core_network_security_group.ping_all",
            "module.network.oci_core_route_table.private_route_table",
            "module.network.oci_core_route_table.public_route_table",
            "module.network.oci_core_security_list.access_security_list",
            "module.network.oci_core_security_list.dr_app_list",
            "module.network.oci_core_security_list.dr_fss_list",
            "module.network.oci_core_service_gateway.dr_service_gateway",
            "module.network.oci_core_subnet.access_subnet",
            "module.network.oci_core_subnet.app_subnet",
            "module.network.oci_core_subnet.lb_subnet",
            "module.network.oci_core_vcn.dr_vcn",
            "module.public_lb.oci_load_balancer.lb1",
            "module.public_lb.oci_load_balancer_backend_set.lb-bes1"
          ]
        }
      ]
    },
    {
      "module": "module.public_lb",
      "mode": "managed",
      "type": "oci_load_balancer_backend",
      "name": "lb-be2",
      "each": "list",
      "provider": "module.public_lb.provider.oci.destination",
      "instances": [
        {
          "index_key": 0,
          "schema_version": 0,
          "attributes": {
            "backendset_name": "lb-bes1",
            "backup": false,
            "drain": false,
            "id": "loadBalancers/ocid1.loadbalancer.oc1.uk-london-1.aaaaaaaaabifoa6wz3lbbfvpzblk6ny3uwasp3jmf54qghk2ecod4e6phvcq/backendSets/lb-bes1/backends/10.0.3.2:80",
            "ip_address": "10.0.3.2",
            "load_balancer_id": "ocid1.loadbalancer.oc1.uk-london-1.aaaaaaaaabifoa6wz3lbbfvpzblk6ny3uwasp3jmf54qghk2ecod4e6phvcq",
            "name": "10.0.3.2:80",
            "offline": false,
            "port": 80,
            "state": "SUCCEEDED",
            "timeouts": null,
            "weight": 1
          },
          "private": "eyJlMmJmYjczMC1lY2FhLTExZTYtOGY4OC0zNDM2M2JjN2M0YzAiOnsiY3JlYXRlIjo5MDAwMDAwMDAwMDAsImRlbGV0ZSI6OTAwMDAwMDAwMDAwLCJ1cGRhdGUiOjkwMDAwMDAwMDAwMH19",
          "dependencies": [
            "module.app_server_2.oci_core_instance.private_server",
            "module.bastion_instance.oci_core_instance.bastion_server",
            "module.network.oci_core_drg.dr_drg",
            "module.network.oci_core_internet_gateway.dr_igw",
            "module.network.oci_core_nat_gateway.dr_nat",
            "module.network.oci_core_network_security_group.ping_all",
            "module.network.oci_core_route_table.private_route_table",
            "module.network.oci_core_route_table.public_route_table",
            "module.network.oci_core_security_list.access_security_list",
            "module.network.oci_core_security_list.dr_app_list",
            "module.network.oci_core_security_list.dr_fss_list",
            "module.network.oci_core_service_gateway.dr_service_gateway",
            "module.network.oci_core_subnet.access_subnet",
            "module.network.oci_core_subnet.app_subnet",
            "module.network.oci_core_subnet.lb_subnet",
            "module.network.oci_core_vcn.dr_vcn",
            "module.public_lb.oci_load_balancer.lb1",
            "module.public_lb.oci_load_balancer_backend_set.lb-bes1"
          ]
        }
      ]
    },
    {
      "module": "module.dr_public_lb",
      "mode": "managed",
      "type": "oci_load_balancer_backend_set",
      "name": "lb-bes1",
      "provider": "provider.oci.dr",
      "instances": [
        {
          "schema_version": 0,
          "attributes": {
            "backend": [],
            "health_checker": [
              {
                "interval_ms": 30000,
                "port": 80,
                "protocol": "HTTP",
                "response_body_regex": ".*",
                "retries": 3,
                "return_code": 200,
                "timeout_in_millis": 3000,
                "url_path": "/"
              }
            ],
            "id": "loadBalancers/ocid1.loadbalancer.oc1.eu-frankfurt-1.aaaaaaaasdhctlvfo52evqh7lmahgdzf2u5b735f7af3zmvicnkgajnfbhqq/backendSets/lb-bes1",
            "lb_cookie_session_persistence_configuration": [],
            "load_balancer_id": "ocid1.loadbalancer.oc1.eu-frankfurt-1.aaaaaaaasdhctlvfo52evqh7lmahgdzf2u5b735f7af3zmvicnkgajnfbhqq",
            "name": "lb-bes1",
            "policy": "ROUND_ROBIN",
            "session_persistence_configuration": [
              {
                "cookie_name": "lb-session1",
                "disable_fallback": true
              }
            ],
            "ssl_configuration": [],
            "state": "SUCCEEDED",
            "timeouts": null
          },
          "private": "eyJlMmJmYjczMC1lY2FhLTExZTYtOGY4OC0zNDM2M2JjN2M0YzAiOnsiY3JlYXRlIjo5MDAwMDAwMDAwMDAsImRlbGV0ZSI6OTAwMDAwMDAwMDAwLCJ1cGRhdGUiOjkwMDAwMDAwMDAwMH19",
          "dependencies": [
            "module.dr_network.oci_core_internet_gateway.dr_igw",
            "module.dr_network.oci_core_route_table.public_route_table",
            "module.dr_network.oci_core_security_list.access_security_list",
            "module.dr_network.oci_core_subnet.lb_subnet",
            "module.dr_network.oci_core_vcn.dr_vcn",
            "module.dr_public_lb.oci_load_balancer.lb1"
          ]
        }
      ]
    },
    {
      "module": "module.public_lb",
      "mode": "managed",
      "type": "oci_load_balancer_backend_set",
      "name": "lb-bes1",
      "provider": "module.public_lb.provider.oci.destination",
      "instances": [
        {
          "schema_version": 0,
          "attributes": {
            "backend": [
              {
                "backup": false,
                "drain": false,
                "ip_address": "10.0.3.2",
                "name": "10.0.3.2:80",
                "offline": false,
                "port": 80,
                "weight": 1
              },
              {
                "backup": false,
                "drain": false,
                "ip_address": "10.0.3.3",
                "name": "10.0.3.3:80",
                "offline": false,
                "port": 80,
                "weight": 1
              }
            ],
            "health_checker": [
              {
                "interval_ms": 30000,
                "port": 80,
                "protocol": "HTTP",
                "response_body_regex": ".*",
                "retries": 3,
                "return_code": 200,
                "timeout_in_millis": 3000,
                "url_path": "/"
              }
            ],
            "id": "loadBalancers/ocid1.loadbalancer.oc1.uk-london-1.aaaaaaaaabifoa6wz3lbbfvpzblk6ny3uwasp3jmf54qghk2ecod4e6phvcq/backendSets/lb-bes1",
            "lb_cookie_session_persistence_configuration": [],
            "load_balancer_id": "ocid1.loadbalancer.oc1.uk-london-1.aaaaaaaaabifoa6wz3lbbfvpzblk6ny3uwasp3jmf54qghk2ecod4e6phvcq",
            "name": "lb-bes1",
            "policy": "ROUND_ROBIN",
            "session_persistence_configuration": [
              {
                "cookie_name": "lb-session1",
                "disable_fallback": true
              }
            ],
            "ssl_configuration": [],
            "state": "SUCCEEDED",
            "timeouts": null
          },
          "private": "eyJlMmJmYjczMC1lY2FhLTExZTYtOGY4OC0zNDM2M2JjN2M0YzAiOnsiY3JlYXRlIjo5MDAwMDAwMDAwMDAsImRlbGV0ZSI6OTAwMDAwMDAwMDAwLCJ1cGRhdGUiOjkwMDAwMDAwMDAwMH19",
          "dependencies": [
            "module.network.oci_core_internet_gateway.dr_igw",
            "module.network.oci_core_route_table.public_route_table",
            "module.network.oci_core_security_list.access_security_list",
            "module.network.oci_core_subnet.lb_subnet",
            "module.network.oci_core_vcn.dr_vcn",
            "module.public_lb.oci_load_balancer.lb1"
          ]
        }
      ]
    },
    {
      "module": "module.dr_public_lb",
      "mode": "managed",
      "type": "oci_load_balancer_listener",
      "name": "lb-listener1",
      "provider": "provider.oci.dr",
      "instances": [
        {
          "schema_version": 0,
          "attributes": {
            "connection_configuration": [
              {
                "backend_tcp_proxy_protocol_version": 0,
                "idle_timeout_in_seconds": "15"
              }
            ],
            "default_backend_set_name": "lb-bes1",
            "hostname_names": [],
            "id": "loadBalancers/ocid1.loadbalancer.oc1.eu-frankfurt-1.aaaaaaaasdhctlvfo52evqh7lmahgdzf2u5b735f7af3zmvicnkgajnfbhqq/listeners/http",
            "load_balancer_id": "ocid1.loadbalancer.oc1.eu-frankfurt-1.aaaaaaaasdhctlvfo52evqh7lmahgdzf2u5b735f7af3zmvicnkgajnfbhqq",
            "name": "http",
            "path_route_set_name": null,
            "port": 80,
            "protocol": "HTTP",
            "rule_set_names": [],
            "ssl_configuration": [],
            "state": "SUCCEEDED",
            "timeouts": null
          },
          "private": "eyJlMmJmYjczMC1lY2FhLTExZTYtOGY4OC0zNDM2M2JjN2M0YzAiOnsiY3JlYXRlIjo5MDAwMDAwMDAwMDAsImRlbGV0ZSI6OTAwMDAwMDAwMDAwLCJ1cGRhdGUiOjkwMDAwMDAwMDAwMH19",
          "dependencies": [
            "module.dr_network.oci_core_internet_gateway.dr_igw",
            "module.dr_network.oci_core_route_table.public_route_table",
            "module.dr_network.oci_core_security_list.access_security_list",
            "module.dr_network.oci_core_subnet.lb_subnet",
            "module.dr_network.oci_core_vcn.dr_vcn",
            "module.dr_public_lb.oci_load_balancer.lb1",
            "module.dr_public_lb.oci_load_balancer_backend_set.lb-bes1"
          ]
        }
      ]
    },
    {
      "module": "module.public_lb",
      "mode": "managed",
      "type": "oci_load_balancer_listener",
      "name": "lb-listener1",
      "provider": "module.public_lb.provider.oci.destination",
      "instances": [
        {
          "schema_version": 0,
          "attributes": {
            "connection_configuration": [
              {
                "backend_tcp_proxy_protocol_version": 0,
                "idle_timeout_in_seconds": "15"
              }
            ],
            "default_backend_set_name": "lb-bes1",
            "hostname_names": [],
            "id": "loadBalancers/ocid1.loadbalancer.oc1.uk-london-1.aaaaaaaaabifoa6wz3lbbfvpzblk6ny3uwasp3jmf54qghk2ecod4e6phvcq/listeners/http",
            "load_balancer_id": "ocid1.loadbalancer.oc1.uk-london-1.aaaaaaaaabifoa6wz3lbbfvpzblk6ny3uwasp3jmf54qghk2ecod4e6phvcq",
            "name": "http",
            "path_route_set_name": null,
            "port": 80,
            "protocol": "HTTP",
            "rule_set_names": [],
            "ssl_configuration": [],
            "state": "SUCCEEDED",
            "timeouts": null
          },
          "private": "eyJlMmJmYjczMC1lY2FhLTExZTYtOGY4OC0zNDM2M2JjN2M0YzAiOnsiY3JlYXRlIjo5MDAwMDAwMDAwMDAsImRlbGV0ZSI6OTAwMDAwMDAwMDAwLCJ1cGRhdGUiOjkwMDAwMDAwMDAwMH19",
          "dependencies": [
            "module.network.oci_core_internet_gateway.dr_igw",
            "module.network.oci_core_route_table.public_route_table",
            "module.network.oci_core_security_list.access_security_list",
            "module.network.oci_core_subnet.lb_subnet",
            "module.network.oci_core_vcn.dr_vcn",
            "module.public_lb.oci_load_balancer.lb1",
            "module.public_lb.oci_load_balancer_backend_set.lb-bes1"
          ]
        }
      ]
    }
  ]
}
